PODS:
  - Action (5.0.0):
    - RxCocoa (~> 6.0)
    - RxSwift (~> 6.0)
  - Alamofire (5.6.2)
  - ColorizeSwift (1.2.0)
  - Differentiator (5.0.0)
  - Kingfisher (7.4.1)
  - MJRefresh (3.7.5)
  - Moya (15.0.0):
    - Moya/Core (= 15.0.0)
  - Moya/Core (15.0.0):
    - Alamofire (~> 5.0)
  - NVActivityIndicatorView (5.1.1):
    - NVActivityIndicatorView/Base (= 5.1.1)
  - NVActivityIndicatorView/Base (5.1.1)
  - ObjcExceptionBridging (1.0.1):
    - ObjcExceptionBridging/ObjcExceptionBridging (= 1.0.1)
  - ObjcExceptionBridging/ObjcExceptionBridging (1.0.1)
  - ProgressHUD (13.6)
  - R.swift (6.1.0):
    - R.swift.Library (~> 5.3.0)
  - R.swift.Library (5.3.0)
  - Realm (10.32.1):
    - Realm/Headers (= 10.32.1)
  - Realm/Headers (10.32.1)
  - RealmSwift (10.32.1):
    - Realm (= 10.32.1)
  - RxCocoa (6.5.0):
    - RxRelay (= 6.5.0)
    - RxSwift (= 6.5.0)
  - RxDataSources (5.0.0):
    - Differentiator (~> 5.0)
    - RxCocoa (~> 6.0)
    - RxSwift (~> 6.0)
  - RxMJ (0.5.1):
    - MJRefresh
    - RxCocoa (>= 4.5.0)
  - RxRealm (5.0.4):
    - Realm (~> 10.21)
    - RealmSwift (~> 10.21)
    - RxCocoa (~> 6.1)
    - RxSwift (~> 6.1)
  - RxRelay (6.5.0):
    - RxSwift (= 6.5.0)
  - RxSwift (6.5.0)
  - RxSwiftExt (6.0.1):
    - RxSwiftExt/Core (= 6.0.1)
    - RxSwiftExt/RxCocoa (= 6.0.1)
  - RxSwiftExt/Core (6.0.1):
    - RxSwift (~> 6.0)
  - RxSwiftExt/RxCocoa (6.0.1):
    - RxCocoa (~> 6.0)
    - RxSwiftExt/Core
  - SideMenu (6.5.0)
  - SwifterSwift (5.2.0):
    - SwifterSwift/AppKit (= 5.2.0)
    - SwifterSwift/CoreAnimation (= 5.2.0)
    - SwifterSwift/CoreGraphics (= 5.2.0)
    - SwifterSwift/CoreLocation (= 5.2.0)
    - SwifterSwift/Dispatch (= 5.2.0)
    - SwifterSwift/Foundation (= 5.2.0)
    - SwifterSwift/MapKit (= 5.2.0)
    - SwifterSwift/SceneKit (= 5.2.0)
    - SwifterSwift/SpriteKit (= 5.2.0)
    - SwifterSwift/StoreKit (= 5.2.0)
    - SwifterSwift/SwiftStdlib (= 5.2.0)
    - SwifterSwift/UIKit (= 5.2.0)
  - SwifterSwift/AppKit (5.2.0)
  - SwifterSwift/CoreAnimation (5.2.0)
  - SwifterSwift/CoreGraphics (5.2.0)
  - SwifterSwift/CoreLocation (5.2.0)
  - SwifterSwift/Dispatch (5.2.0)
  - SwifterSwift/Foundation (5.2.0)
  - SwifterSwift/MapKit (5.2.0)
  - SwifterSwift/SceneKit (5.2.0)
  - SwifterSwift/SpriteKit (5.2.0)
  - SwifterSwift/StoreKit (5.2.0)
  - SwifterSwift/SwiftStdlib (5.2.0)
  - SwifterSwift/UIKit (5.2.0)
  - SwiftLint (0.48.0)
  - SwiftPrettyPrint (1.2.0):
    - ColorizeSwift
  - SwiftyJSON (5.0.1)
  - Swinject (2.8.2)
  - Willow (6.0.0)
  - XCGLogger (7.0.1):
    - XCGLogger/Core (= 7.0.1)
  - XCGLogger/Core (7.0.1):
    - ObjcExceptionBridging

DEPENDENCIES:
  - Action
  - Kingfisher
  - MJRefresh
  - Moya
  - NVActivityIndicatorView
  - ProgressHUD
  - R.swift
  - RealmSwift
  - RxDataSources
  - RxMJ
  - RxRealm
  - RxSwift
  - RxSwiftExt
  - SideMenu
  - SwifterSwift
  - SwiftLint
  - SwiftPrettyPrint
  - SwiftyJSON
  - Swinject
  - Willow
  - XCGLogger

SPEC REPOS:
  trunk:
    - Action
    - Alamofire
    - ColorizeSwift
    - Differentiator
    - Kingfisher
    - MJRefresh
    - Moya
    - NVActivityIndicatorView
    - ObjcExceptionBridging
    - ProgressHUD
    - R.swift
    - R.swift.Library
    - Realm
    - RealmSwift
    - RxCocoa
    - RxDataSources
    - RxMJ
    - RxRealm
    - RxRelay
    - RxSwift
    - RxSwiftExt
    - SideMenu
    - SwifterSwift
    - SwiftLint
    - SwiftPrettyPrint
    - SwiftyJSON
    - Swinject
    - Willow
    - XCGLogger

SPEC CHECKSUMS:
  Action: 47f1825511907b4fcd79dd7a7db9526c20f78018
  Alamofire: d368e1ff8a298e6dde360e35a3e68e6c610e7204
  ColorizeSwift: 4eef354dce7335d7747a0ccacf78afe2b589a1be
  Differentiator: e8497ceab83c1b10ca233716d547b9af21b9344d
  Kingfisher: cd762a593a61b2fbecf7645c00f9a801a3ebfc9c
  MJRefresh: fdf5e979eb406a0341468932d1dfc8b7f9fce961
  Moya: 138f0573e53411fb3dc17016add0b748dfbd78ee
  NVActivityIndicatorView: 1f6c5687f1171810aa27a3296814dc2d7dec3667
  ObjcExceptionBridging: c30e00eb3700467e695faeea30e26e18bd445001
  ProgressHUD: 4bdaa0d2ddf676b23324b199f9facffb5c3a1620
  R.swift: ec98ff71c4ab2f6fd01dd077e5afd15e63a4834c
  R.swift.Library: 0fc583cb55a99e28901299cc451614cad1161962
  Realm: fd821b81e5479be497cc5bca2e020f707d8323eb
  RealmSwift: 8635e4cc524790916d72b0ffa51c1a91f4ec9668
  RxCocoa: 94f817b71c07517321eb4f9ad299112ca8af743b
  RxDataSources: aa47cc1ed6c500fa0dfecac5c979b723542d79cf
  RxMJ: 3fbf23c21d53c248b8da4d9de40ba650050bb4ae
  RxRealm: 666c8785327fe2fff972a3093b35dc7055c1ca38
  RxRelay: 1de1523e604c72b6c68feadedd1af3b1b4d0ecbd
  RxSwift: 5710a9e6b17f3c3d6e40d6e559b9fa1e813b2ef8
  RxSwiftExt: d61c4b9b06e0a448041b1c659e0f1b5c5a035afc
  SideMenu: f583187d21c5b1dd04c72002be544b555a2627a2
  SwifterSwift: 334181863c416882d97b7a60c05054d9e4d799e2
  SwiftLint: 284cea64b6187c5d6bd83e9a548a64104d546447
  SwiftPrettyPrint: feca848b6aba4de9201e38f73184e9e5ac09da55
  SwiftyJSON: 2f33a42c6fbc52764d96f13368585094bfd8aa5e
  Swinject: b4a11b31992e8668308dc594ba1cb9b3164a37ab
  Willow: 8efe9bd7bb99b06fe017566848492748b763a0ac
  XCGLogger: 1943831ef907df55108b0b18657953f868de973b

PODFILE CHECKSUM: d83cacff02d4de7db4d20743b0bde4aa8c5bf4a5

COCOAPODS: 1.11.3
