PODS:
  - Action (5.0.0):
    - RxCocoa (~> 6.0)
    - RxSwift (~> 6.0)
  - Alamofire (5.6.4)
  - ColorizeSwift (1.2.0)
  - Data (0.1.0):
    - Extension
    - Services
  - Design (0.1.1):
    - Extension
    - FontBlaster
    - MJRefresh
    - PopupDialog
    - RxDataSources
    - SideMenu
  - Differentiator (5.0.0)
  - Domain (0.1.0):
    - Data
    - Design
    - Extension
    - MJRefresh
    - PopupDialog
    - RxDataSources
    - Services
    - SideMenu
    - Swinject
  - DynamicBlurView (4.1.0)
  - Extension (0.1.1):
    - Action
    - SVProgressHUD
  - FontBlaster (5.3.0)
  - Kingfisher (7.5.0)
  - MJRefresh (3.7.5)
  - Moya (15.0.0):
    - Moya/Core (= 15.0.0)
  - Moya/Core (15.0.0):
    - Alamofire (~> 5.0)
  - Nimble (10.0.0)
  - ObjcExceptionBridging (1.0.1):
    - ObjcExceptionBridging/ObjcExceptionBridging (= 1.0.1)
  - ObjcExceptionBridging/ObjcExceptionBridging (1.0.1)
  - PopupDialog (1.1.1):
    - DynamicBlurView (~> 4.0)
  - Quick (2.2.0)
  - RxCocoa (6.5.0):
    - RxRelay (= 6.5.0)
    - RxSwift (= 6.5.0)
  - RxDataSources (5.0.0):
    - Differentiator (~> 5.0)
    - RxCocoa (~> 6.0)
    - RxSwift (~> 6.0)
  - RxRelay (6.5.0):
    - RxSwift (= 6.5.0)
  - RxSwift (6.5.0)
  - RxTest (6.5.0):
    - RxSwift (= 6.5.0)
  - Services (0.1.1):
    - Design
    - Extension
    - Kingfisher (~> 7.0)
    - Moya (~> 15.0)
    - SwiftPrettyPrint
    - SwiftyJSON (~> 4.0)
    - XCGLogger
  - SideMenu (6.5.0)
  - SVProgressHUD (2.2.5)
  - SwiftLint (0.50.3)
  - SwiftPrettyPrint (1.2.0):
    - ColorizeSwift
  - SwiftyJSON (4.3.0)
  - Swinject (2.8.2)
  - XCGLogger (7.0.1):
    - XCGLogger/Core (= 7.0.1)
  - XCGLogger/Core (7.0.1):
    - ObjcExceptionBridging

DEPENDENCIES:
  - Data (from `./Data`)
  - Design (from `./Design`)
  - Domain (from `./Domain`)
  - Extension (from `./Extension`)
  - Nimble (= 10.0.0)
  - Quick (= 2.2.0)
  - RxSwift (= 6.5.0)
  - RxTest (= 6.5.0)
  - Services (from `./Services`)
  - SwiftLint

SPEC REPOS:
  trunk:
    - Action
    - Alamofire
    - ColorizeSwift
    - Differentiator
    - DynamicBlurView
    - FontBlaster
    - Kingfisher
    - MJRefresh
    - Moya
    - Nimble
    - ObjcExceptionBridging
    - PopupDialog
    - Quick
    - RxCocoa
    - RxDataSources
    - RxRelay
    - RxSwift
    - RxTest
    - SideMenu
    - SVProgressHUD
    - SwiftLint
    - SwiftPrettyPrint
    - SwiftyJSON
    - Swinject
    - XCGLogger

EXTERNAL SOURCES:
  Data:
    :path: "./Data"
  Design:
    :path: "./Design"
  Domain:
    :path: "./Domain"
  Extension:
    :path: "./Extension"
  Services:
    :path: "./Services"

SPEC CHECKSUMS:
  Action: 47f1825511907b4fcd79dd7a7db9526c20f78018
  Alamofire: 4e95d97098eacb88856099c4fc79b526a299e48c
  ColorizeSwift: 4eef354dce7335d7747a0ccacf78afe2b589a1be
  Data: 88dd0c1a70668010f0387ed96d12b45e2aeea461
  Design: 136ac0178ee296becb051eaa4d1c1fc04acc87d6
  Differentiator: e8497ceab83c1b10ca233716d547b9af21b9344d
  Domain: 3e3731ff4fc8728a43cb8fe78c2c23f79b927c66
  DynamicBlurView: 58e18fae80bb614e34681a4486870e7d257b62e8
  Extension: 05cdf78e61b0f36317af19dbf4a5e29c4cd86c6e
  FontBlaster: 941f89d735a29e1c7d24e7a90d3e16939ef1609a
  Kingfisher: b9c2a4a4af2990a768445c277359b27bde287d71
  MJRefresh: fdf5e979eb406a0341468932d1dfc8b7f9fce961
  Moya: 138f0573e53411fb3dc17016add0b748dfbd78ee
  Nimble: 5316ef81a170ce87baf72dd961f22f89a602ff84
  ObjcExceptionBridging: c30e00eb3700467e695faeea30e26e18bd445001
  PopupDialog: 720c92befd8bc23c13442254945213db5612f149
  Quick: 7fb19e13be07b5dfb3b90d4f9824c855a11af40e
  RxCocoa: 94f817b71c07517321eb4f9ad299112ca8af743b
  RxDataSources: aa47cc1ed6c500fa0dfecac5c979b723542d79cf
  RxRelay: 1de1523e604c72b6c68feadedd1af3b1b4d0ecbd
  RxSwift: 5710a9e6b17f3c3d6e40d6e559b9fa1e813b2ef8
  RxTest: eb2d23adefc5a5ebf5779c7792fa3edfe6ebcc17
  Services: 5ce984d8b5d63c1c43f7a8068c8dba58e377ce2b
  SideMenu: f583187d21c5b1dd04c72002be544b555a2627a2
  SVProgressHUD: 1428aafac632c1f86f62aa4243ec12008d7a51d6
  SwiftLint: 77f7cb2b9bb81ab4a12fcc86448ba3f11afa50c6
  SwiftPrettyPrint: feca848b6aba4de9201e38f73184e9e5ac09da55
  SwiftyJSON: 6faa0040f8b59dead0ee07436cbf76b73c08fd08
  Swinject: b4a11b31992e8668308dc594ba1cb9b3164a37ab
  XCGLogger: 1943831ef907df55108b0b18657953f868de973b

PODFILE CHECKSUM: 3d483b0f23f3d767dec30e0def22e804e6f0ab22

COCOAPODS: 1.11.3
