// !$*UTF8*$!
{
	archiveVersion = 1;
	classes = {
	};
	objectVersion = 55;
	objects = {

/* Begin PBXBuildFile section */
		1FDE09D66A294E71D1ABFDF8 /* Pods_TheMovieDBSwiftTests.framework in Frameworks */ = {isa = PBXBuildFile; fileRef = AE20518767891ADF84D2FEDB /* Pods_TheMovieDBSwiftTests.framework */; };
		87B3E14DA535EB0CB1770C88 /* Pods_TheMovieDBSwift_TheMovieDBSwiftUITests.framework in Frameworks */ = {isa = PBXBuildFile; fileRef = 37AC03D307B246C0DFB8C26B /* Pods_TheMovieDBSwift_TheMovieDBSwiftUITests.framework */; };
		DC28BCE828E1952C000D4FF0 /* ResponseParser.swift in Sources */ = {isa = PBXBuildFile; fileRef = DC28BCE728E1952C000D4FF0 /* ResponseParser.swift */; };
		DC28BCEE28E559DC000D4FF0 /* Respository.swift in Sources */ = {isa = PBXBuildFile; fileRef = DC28BCED28E559DC000D4FF0 /* Respository.swift */; };
		DC28BCF028E55A15000D4FF0 /* DataSource.swift in Sources */ = {isa = PBXBuildFile; fileRef = DC28BCEF28E55A15000D4FF0 /* DataSource.swift */; };
		DC28BCF328E55BA9000D4FF0 /* UserPreferencesStorage.swift in Sources */ = {isa = PBXBuildFile; fileRef = DC28BCF228E55BA9000D4FF0 /* UserPreferencesStorage.swift */; };
		DC54870128FE45F9005106B0 /* CoordinatorType.swift in Sources */ = {isa = PBXBuildFile; fileRef = DC54870028FE45F9005106B0 /* CoordinatorType.swift */; };
		DC54870828FE538F005106B0 /* DrawerMenuCoordinator.swift in Sources */ = {isa = PBXBuildFile; fileRef = DC54870428FE538F005106B0 /* DrawerMenuCoordinator.swift */; };
		DC54870928FE538F005106B0 /* DrawerMenuViewModel.swift in Sources */ = {isa = PBXBuildFile; fileRef = DC54870528FE538F005106B0 /* DrawerMenuViewModel.swift */; };
		DC54870D28FE53E4005106B0 /* SideMenu in Frameworks */ = {isa = PBXBuildFile; productRef = DC54870C28FE53E4005106B0 /* SideMenu */; };
		DC54870F28FE5425005106B0 /* DrawerMenuScreen.swift in Sources */ = {isa = PBXBuildFile; fileRef = DC54870E28FE5425005106B0 /* DrawerMenuScreen.swift */; };
		DC54871128FE9972005106B0 /* DrawerMenuViewModelType.swift in Sources */ = {isa = PBXBuildFile; fileRef = DC54871028FE9972005106B0 /* DrawerMenuViewModelType.swift */; };
		DC54871428FEA6EB005106B0 /* DrawerMenuViewController.swift in Sources */ = {isa = PBXBuildFile; fileRef = DC54871228FEA6EB005106B0 /* DrawerMenuViewController.swift */; };
		DC54871528FEA6EB005106B0 /* DrawerMenuViewController.xib in Resources */ = {isa = PBXBuildFile; fileRef = DC54871328FEA6EB005106B0 /* DrawerMenuViewController.xib */; };
		DC54871928FEAA48005106B0 /* DrawerMenuCell.swift in Sources */ = {isa = PBXBuildFile; fileRef = DC54871728FEAA48005106B0 /* DrawerMenuCell.swift */; };
		DC54871A28FEAA48005106B0 /* DrawerMenuCell.xib in Resources */ = {isa = PBXBuildFile; fileRef = DC54871828FEAA48005106B0 /* DrawerMenuCell.xib */; };
		DC54871E28FF8FC5005106B0 /* DashboardViewController.swift in Sources */ = {isa = PBXBuildFile; fileRef = DC54871C28FF8FC5005106B0 /* DashboardViewController.swift */; };
		DC54871F28FF8FC5005106B0 /* DashboardViewController.xib in Resources */ = {isa = PBXBuildFile; fileRef = DC54871D28FF8FC5005106B0 /* DashboardViewController.xib */; };
		DC54872128FF8FD0005106B0 /* DashboardCoordinator.swift in Sources */ = {isa = PBXBuildFile; fileRef = DC54872028FF8FCF005106B0 /* DashboardCoordinator.swift */; };
		DC54872428FF8FFE005106B0 /* DashboardViewModel.swift in Sources */ = {isa = PBXBuildFile; fileRef = DC54872328FF8FFE005106B0 /* DashboardViewModel.swift */; };
		DC54872528FF8FFE005106B0 /* DashboardViewModelType.swift in Sources */ = {isa = PBXBuildFile; fileRef = DC54872228FF8FFE005106B0 /* DashboardViewModelType.swift */; };
		DC54872728FF90AE005106B0 /* Movie.swift in Sources */ = {isa = PBXBuildFile; fileRef = DC54872628FF90AE005106B0 /* Movie.swift */; };
		DC54872928FFF6EB005106B0 /* ViewControllerWithSideMenu.swift in Sources */ = {isa = PBXBuildFile; fileRef = DC54872828FFF6EB005106B0 /* ViewControllerWithSideMenu.swift */; };
		DC6E408428B75CAD00429771 /* SceneDelegate.swift in Sources */ = {isa = PBXBuildFile; fileRef = DC6E408328B75CAD00429771 /* SceneDelegate.swift */; };
		DC6E409928B75CAE00429771 /* TheMovieDBSwiftTests.swift in Sources */ = {isa = PBXBuildFile; fileRef = DC6E409828B75CAE00429771 /* TheMovieDBSwiftTests.swift */; };
		DC6E40A328B75CAE00429771 /* TheMovieDBSwiftUITests.swift in Sources */ = {isa = PBXBuildFile; fileRef = DC6E40A228B75CAE00429771 /* TheMovieDBSwiftUITests.swift */; };
		DC6E40A528B75CAE00429771 /* TheMovieDBSwiftUITestsLaunchTests.swift in Sources */ = {isa = PBXBuildFile; fileRef = DC6E40A428B75CAE00429771 /* TheMovieDBSwiftUITestsLaunchTests.swift */; };
		DC6E413D28B8638800429771 /* Localizable.strings in Resources */ = {isa = PBXBuildFile; fileRef = DC6E40C128B8638700429771 /* Localizable.strings */; };
		DC6E413F28B8638800429771 /* Assets.xcassets in Resources */ = {isa = PBXBuildFile; fileRef = DC6E40C628B8638700429771 /* Assets.xcassets */; };
		DC6E414528B8638800429771 /* CredentialObject.swift in Sources */ = {isa = PBXBuildFile; fileRef = DC6E40D128B8638700429771 /* CredentialObject.swift */; };
		DC6E414B28B8638800429771 /* ConnectionError.swift in Sources */ = {isa = PBXBuildFile; fileRef = DC6E40DA28B8638700429771 /* ConnectionError.swift */; };
		DC6E414E28B8638800429771 /* AppAppearance.swift in Sources */ = {isa = PBXBuildFile; fileRef = DC6E40DF28B8638700429771 /* AppAppearance.swift */; };
		DC6E414F28B8638800429771 /* AppConfigurations.swift in Sources */ = {isa = PBXBuildFile; fileRef = DC6E40E028B8638700429771 /* AppConfigurations.swift */; };
		DC6E415228B8638800429771 /* AppDelegate.swift in Sources */ = {isa = PBXBuildFile; fileRef = DC6E40E428B8638700429771 /* AppDelegate.swift */; };
		DC6E417028B8638800429771 /* LoginViewModel.swift in Sources */ = {isa = PBXBuildFile; fileRef = DC6E412228B8638700429771 /* LoginViewModel.swift */; };
		DC6E417128B8638800429771 /* LoginViewController.swift in Sources */ = {isa = PBXBuildFile; fileRef = DC6E412328B8638700429771 /* LoginViewController.swift */; };
		DC6E418528B87FA000429771 /* ServiceFacade.swift in Sources */ = {isa = PBXBuildFile; fileRef = DC6E418428B87FA000429771 /* ServiceFacade.swift */; };
		DC6E418828B87FFB00429771 /* Swinject in Frameworks */ = {isa = PBXBuildFile; productRef = DC6E418728B87FFB00429771 /* Swinject */; };
		DC6E419528B8862F00429771 /* LoginViewController.xib in Resources */ = {isa = PBXBuildFile; fileRef = DC6E419328B8862F00429771 /* LoginViewController.xib */; };
		DC6E41A328B8AD6D00429771 /* SwifterSwift in Frameworks */ = {isa = PBXBuildFile; productRef = DC6E41A228B8AD6D00429771 /* SwifterSwift */; };
		DC6E41A728B8B51B00429771 /* AuthUseCaseType.swift in Sources */ = {isa = PBXBuildFile; fileRef = DC6E41A628B8B51B00429771 /* AuthUseCaseType.swift */; };
		DC6E41A928B8B6CE00429771 /* CommonError.swift in Sources */ = {isa = PBXBuildFile; fileRef = DC6E41A828B8B6CE00429771 /* CommonError.swift */; };
		DC6E41AA28B8BE1A00429771 /* Pods_TheMovieDBSwift.framework in Frameworks */ = {isa = PBXBuildFile; fileRef = 16138EC1972AD3B841A7C3AB /* Pods_TheMovieDBSwift.framework */; };
		DC6E41AB28B8BE1A00429771 /* Pods_TheMovieDBSwift.framework in Embed Frameworks */ = {isa = PBXBuildFile; fileRef = 16138EC1972AD3B841A7C3AB /* Pods_TheMovieDBSwift.framework */; settings = {ATTRIBUTES = (CodeSignOnCopy, RemoveHeadersOnCopy, ); }; };
		DC6E41AF28B8BF7C00429771 /* RxCocoa in Frameworks */ = {isa = PBXBuildFile; productRef = DC6E41AE28B8BF7C00429771 /* RxCocoa */; };
		DC6E41B128B8BF7C00429771 /* RxRelay in Frameworks */ = {isa = PBXBuildFile; productRef = DC6E41B028B8BF7C00429771 /* RxRelay */; };
		DC6E41B328B8BF7C00429771 /* RxSwift in Frameworks */ = {isa = PBXBuildFile; productRef = DC6E41B228B8BF7C00429771 /* RxSwift */; };
		DC6E41B728B8C7BE00429771 /* Launch Screen.storyboard in Resources */ = {isa = PBXBuildFile; fileRef = DC6E41B628B8C7BE00429771 /* Launch Screen.storyboard */; };
		DC833E3F28F3D8C40028DAFA /* LoginViewModelType.swift in Sources */ = {isa = PBXBuildFile; fileRef = DC833E3E28F3D8C40028DAFA /* LoginViewModelType.swift */; };
		DC833E4128F3F5C90028DAFA /* ViewModelType.swift in Sources */ = {isa = PBXBuildFile; fileRef = DC833E4028F3F5C90028DAFA /* ViewModelType.swift */; };
		DC833E4428F52A990028DAFA /* Action in Frameworks */ = {isa = PBXBuildFile; productRef = DC833E4328F52A990028DAFA /* Action */; };
		DC833E4628F52AC50028DAFA /* ActionResult.swift in Sources */ = {isa = PBXBuildFile; fileRef = DC833E4528F52AC50028DAFA /* ActionResult.swift */; };
		DC833E4C28F52C650028DAFA /* AuthRepositotyType.swift in Sources */ = {isa = PBXBuildFile; fileRef = DC833E4B28F52C650028DAFA /* AuthRepositotyType.swift */; };
		DC833E5028F52CC40028DAFA /* AuthRequest.swift in Sources */ = {isa = PBXBuildFile; fileRef = DC833E4F28F52CC40028DAFA /* AuthRequest.swift */; };
		DC833E5428F52D880028DAFA /* AuthResponse.swift in Sources */ = {isa = PBXBuildFile; fileRef = DC833E5328F52D880028DAFA /* AuthResponse.swift */; };
		DC833E5628F52EA30028DAFA /* AuthRepository.swift in Sources */ = {isa = PBXBuildFile; fileRef = DC833E5528F52EA30028DAFA /* AuthRepository.swift */; };
		DC833E5928F5521B0028DAFA /* AuthTranslator.swift in Sources */ = {isa = PBXBuildFile; fileRef = DC833E5828F5521B0028DAFA /* AuthTranslator.swift */; };
		DC833E5C28F557170028DAFA /* Credential.swift in Sources */ = {isa = PBXBuildFile; fileRef = DC833E5B28F557170028DAFA /* Credential.swift */; };
		DC833E5E28F567580028DAFA /* Optional+Ex.swift in Sources */ = {isa = PBXBuildFile; fileRef = DC833E5D28F567580028DAFA /* Optional+Ex.swift */; };
		DC833E6128F569BE0028DAFA /* ObjcExceptionBridging in Frameworks */ = {isa = PBXBuildFile; productRef = DC833E6028F569BE0028DAFA /* ObjcExceptionBridging */; };
		DC833E6328F569BE0028DAFA /* XCGLogger in Frameworks */ = {isa = PBXBuildFile; productRef = DC833E6228F569BE0028DAFA /* XCGLogger */; };
		DC833E6528F56CE50028DAFA /* NSObject+Ex.swift in Sources */ = {isa = PBXBuildFile; fileRef = DC833E6428F56CE50028DAFA /* NSObject+Ex.swift */; };
		DC85BC1528BCBAA300187748 /* Realm in Frameworks */ = {isa = PBXBuildFile; productRef = DC85BC1428BCBAA300187748 /* Realm */; };
		DC85BC1728BCBAA300187748 /* RealmSwift in Frameworks */ = {isa = PBXBuildFile; productRef = DC85BC1628BCBAA300187748 /* RealmSwift */; };
		DC85BC1C28BCBDAE00187748 /* RealmPersistantStorage.swift in Sources */ = {isa = PBXBuildFile; fileRef = DC85BC1B28BCBDAE00187748 /* RealmPersistantStorage.swift */; };
		DC88488228EFE7A3006698A1 /* Willow in Frameworks */ = {isa = PBXBuildFile; productRef = DC88488128EFE7A3006698A1 /* Willow */; };
		DC88488528EFE7B7006698A1 /* Logger.swift in Sources */ = {isa = PBXBuildFile; fileRef = DC88488428EFE7B7006698A1 /* Logger.swift */; };
		DCA7DA7228DAFA8F0013996C /* NSObject-Rx in Frameworks */ = {isa = PBXBuildFile; productRef = DCA7DA7128DAFA8F0013996C /* NSObject-Rx */; };
		DCA7DA7528DC0D410013996C /* BaseViewModel.swift in Sources */ = {isa = PBXBuildFile; fileRef = DCA7DA7428DC0D410013996C /* BaseViewModel.swift */; };
		DCA7DA7728DC52B70013996C /* BaseViewController.swift in Sources */ = {isa = PBXBuildFile; fileRef = DCA7DA7628DC52B70013996C /* BaseViewController.swift */; };
		DCA7DA7B28DD52B00013996C /* NetworkError.swift in Sources */ = {isa = PBXBuildFile; fileRef = DCA7DA7A28DD52B00013996C /* NetworkError.swift */; };
		DCA7DA7D28DD54680013996C /* ReamlError.swift in Sources */ = {isa = PBXBuildFile; fileRef = DCA7DA7C28DD54680013996C /* ReamlError.swift */; };
		DCAE4C3828D06C8100301B2C /* ErrorTracker.swift in Sources */ = {isa = PBXBuildFile; fileRef = DCAE4C3728D06C8100301B2C /* ErrorTracker.swift */; };
		DCAE4C3B28D0779300301B2C /* ActivityIndicator.swift in Sources */ = {isa = PBXBuildFile; fileRef = DCAE4C3A28D0779300301B2C /* ActivityIndicator.swift */; };
		DCB16F0028F96670001686C1 /* BaseCoordinator.swift in Sources */ = {isa = PBXBuildFile; fileRef = DCB16EFF28F96670001686C1 /* BaseCoordinator.swift */; };
		DCB16F0228F966CF001686C1 /* LoginCoordinator.swift in Sources */ = {isa = PBXBuildFile; fileRef = DCB16F0128F966CF001686C1 /* LoginCoordinator.swift */; };
		DCB16F0428F966E8001686C1 /* AppCoordinator.swift in Sources */ = {isa = PBXBuildFile; fileRef = DCB16F0328F966E8001686C1 /* AppCoordinator.swift */; };
		DCB246EB28CB17D400873CF2 /* AuthUseCase.swift in Sources */ = {isa = PBXBuildFile; fileRef = DCB246EA28CB17D400873CF2 /* AuthUseCase.swift */; };
		DCB246EF28CB19E800873CF2 /* RxSwift+Ex.swift in Sources */ = {isa = PBXBuildFile; fileRef = DCB246EE28CB19E800873CF2 /* RxSwift+Ex.swift */; };
		DCB246F128CB1BB000873CF2 /* PersistantStorage.swift in Sources */ = {isa = PBXBuildFile; fileRef = DCB246F028CB1BB000873CF2 /* PersistantStorage.swift */; };
		DCCFEC8A28BC5CED00019DBB /* CredentialRespostitory.swift in Sources */ = {isa = PBXBuildFile; fileRef = DCCFEC8928BC5CED00019DBB /* CredentialRespostitory.swift */; };
		DCCFEC8F28BC661600019DBB /* API.swift in Sources */ = {isa = PBXBuildFile; fileRef = DCCFEC8E28BC661600019DBB /* API.swift */; };
		DCCFEC9228BC67DB00019DBB /* Networking.swift in Sources */ = {isa = PBXBuildFile; fileRef = DCCFEC9128BC67DB00019DBB /* Networking.swift */; };
		DCCFEC9528BC699900019DBB /* Moya in Frameworks */ = {isa = PBXBuildFile; productRef = DCCFEC9428BC699900019DBB /* Moya */; };
		DCCFEC9728BC699900019DBB /* ReactiveMoya in Frameworks */ = {isa = PBXBuildFile; productRef = DCCFEC9628BC699900019DBB /* ReactiveMoya */; };
		DCCFEC9928BC699900019DBB /* RxMoya in Frameworks */ = {isa = PBXBuildFile; productRef = DCCFEC9828BC699900019DBB /* RxMoya */; };
		DCCFEC9B28BCA54200019DBB /* CredentialRemoteDataSource.swift in Sources */ = {isa = PBXBuildFile; fileRef = DCCFEC9A28BCA54200019DBB /* CredentialRemoteDataSource.swift */; };
		DCCFEC9D28BCA55000019DBB /* CredentialLocalDataSource.swift in Sources */ = {isa = PBXBuildFile; fileRef = DCCFEC9C28BCA55000019DBB /* CredentialLocalDataSource.swift */; };
		DCD7857D28F65CBE008E36B2 /* UIViewControler+Rx.swift in Sources */ = {isa = PBXBuildFile; fileRef = DCD7857C28F65CBE008E36B2 /* UIViewControler+Rx.swift */; };
		DCD7858028F66066008E36B2 /* ProgressHUD in Frameworks */ = {isa = PBXBuildFile; productRef = DCD7857F28F66066008E36B2 /* ProgressHUD */; };
		DCEFA4EE28E159EF00869D4E /* RxRealm in Frameworks */ = {isa = PBXBuildFile; productRef = DCEFA4ED28E159EF00869D4E /* RxRealm */; };
/* End PBXBuildFile section */

/* Begin PBXContainerItemProxy section */
		DC6E409528B75CAE00429771 /* PBXContainerItemProxy */ = {
			isa = PBXContainerItemProxy;
			containerPortal = DC6E407628B75CAD00429771 /* Project object */;
			proxyType = 1;
			remoteGlobalIDString = DC6E407D28B75CAD00429771;
			remoteInfo = TheMovieDBSwift;
		};
		DC6E409F28B75CAE00429771 /* PBXContainerItemProxy */ = {
			isa = PBXContainerItemProxy;
			containerPortal = DC6E407628B75CAD00429771 /* Project object */;
			proxyType = 1;
			remoteGlobalIDString = DC6E407D28B75CAD00429771;
			remoteInfo = TheMovieDBSwift;
		};
/* End PBXContainerItemProxy section */

/* Begin PBXCopyFilesBuildPhase section */
		DC6E41AC28B8BE1A00429771 /* Embed Frameworks */ = {
			isa = PBXCopyFilesBuildPhase;
			buildActionMask = 2147483647;
			dstPath = "";
			dstSubfolderSpec = 10;
			files = (
				DC6E41AB28B8BE1A00429771 /* Pods_TheMovieDBSwift.framework in Embed Frameworks */,
			);
			name = "Embed Frameworks";
			runOnlyForDeploymentPostprocessing = 0;
		};
/* End PBXCopyFilesBuildPhase section */

/* Begin PBXFileReference section */
		16138EC1972AD3B841A7C3AB /* Pods_TheMovieDBSwift.framework */ = {isa = PBXFileReference; explicitFileType = wrapper.framework; includeInIndex = 0; path = Pods_TheMovieDBSwift.framework; sourceTree = BUILT_PRODUCTS_DIR; };
		37AC03D307B246C0DFB8C26B /* Pods_TheMovieDBSwift_TheMovieDBSwiftUITests.framework */ = {isa = PBXFileReference; explicitFileType = wrapper.framework; includeInIndex = 0; path = Pods_TheMovieDBSwift_TheMovieDBSwiftUITests.framework; sourceTree = BUILT_PRODUCTS_DIR; };
		57C13912713BC8DF4FFAB7C8 /* Pods-TheMovieDBSwiftTests.release.xcconfig */ = {isa = PBXFileReference; includeInIndex = 1; lastKnownFileType = text.xcconfig; name = "Pods-TheMovieDBSwiftTests.release.xcconfig"; path = "Target Support Files/Pods-TheMovieDBSwiftTests/Pods-TheMovieDBSwiftTests.release.xcconfig"; sourceTree = "<group>"; };
		76B8E483D9709460957740A4 /* Pods-TheMovieDBSwift-TheMovieDBSwiftUITests.debug.xcconfig */ = {isa = PBXFileReference; includeInIndex = 1; lastKnownFileType = text.xcconfig; name = "Pods-TheMovieDBSwift-TheMovieDBSwiftUITests.debug.xcconfig"; path = "Target Support Files/Pods-TheMovieDBSwift-TheMovieDBSwiftUITests/Pods-TheMovieDBSwift-TheMovieDBSwiftUITests.debug.xcconfig"; sourceTree = "<group>"; };
		A60EC7B6325425CB1BDE3881 /* Pods-TheMovieDBSwift.release.xcconfig */ = {isa = PBXFileReference; includeInIndex = 1; lastKnownFileType = text.xcconfig; name = "Pods-TheMovieDBSwift.release.xcconfig"; path = "Target Support Files/Pods-TheMovieDBSwift/Pods-TheMovieDBSwift.release.xcconfig"; sourceTree = "<group>"; };
		AE20518767891ADF84D2FEDB /* Pods_TheMovieDBSwiftTests.framework */ = {isa = PBXFileReference; explicitFileType = wrapper.framework; includeInIndex = 0; path = Pods_TheMovieDBSwiftTests.framework; sourceTree = BUILT_PRODUCTS_DIR; };
		D8759C38EFF84C944041C508 /* Pods-TheMovieDBSwift-TheMovieDBSwiftUITests.release.xcconfig */ = {isa = PBXFileReference; includeInIndex = 1; lastKnownFileType = text.xcconfig; name = "Pods-TheMovieDBSwift-TheMovieDBSwiftUITests.release.xcconfig"; path = "Target Support Files/Pods-TheMovieDBSwift-TheMovieDBSwiftUITests/Pods-TheMovieDBSwift-TheMovieDBSwiftUITests.release.xcconfig"; sourceTree = "<group>"; };
		DC28BCE328E15AF2000D4FF0 /* RxSwiftExt.framework */ = {isa = PBXFileReference; explicitFileType = wrapper.framework; path = RxSwiftExt.framework; sourceTree = BUILT_PRODUCTS_DIR; };
		DC28BCE728E1952C000D4FF0 /* ResponseParser.swift */ = {isa = PBXFileReference; lastKnownFileType = sourcecode.swift; path = ResponseParser.swift; sourceTree = "<group>"; };
		DC28BCED28E559DC000D4FF0 /* Respository.swift */ = {isa = PBXFileReference; lastKnownFileType = sourcecode.swift; path = Respository.swift; sourceTree = "<group>"; };
		DC28BCEF28E55A15000D4FF0 /* DataSource.swift */ = {isa = PBXFileReference; lastKnownFileType = sourcecode.swift; path = DataSource.swift; sourceTree = "<group>"; };
		DC28BCF228E55BA9000D4FF0 /* UserPreferencesStorage.swift */ = {isa = PBXFileReference; lastKnownFileType = sourcecode.swift; path = UserPreferencesStorage.swift; sourceTree = "<group>"; };
		DC54870028FE45F9005106B0 /* CoordinatorType.swift */ = {isa = PBXFileReference; lastKnownFileType = sourcecode.swift; path = CoordinatorType.swift; sourceTree = "<group>"; };
		DC54870428FE538F005106B0 /* DrawerMenuCoordinator.swift */ = {isa = PBXFileReference; fileEncoding = 4; lastKnownFileType = sourcecode.swift; path = DrawerMenuCoordinator.swift; sourceTree = "<group>"; };
		DC54870528FE538F005106B0 /* DrawerMenuViewModel.swift */ = {isa = PBXFileReference; fileEncoding = 4; lastKnownFileType = sourcecode.swift; path = DrawerMenuViewModel.swift; sourceTree = "<group>"; };
		DC54870E28FE5425005106B0 /* DrawerMenuScreen.swift */ = {isa = PBXFileReference; lastKnownFileType = sourcecode.swift; path = DrawerMenuScreen.swift; sourceTree = "<group>"; };
		DC54871028FE9972005106B0 /* DrawerMenuViewModelType.swift */ = {isa = PBXFileReference; lastKnownFileType = sourcecode.swift; path = DrawerMenuViewModelType.swift; sourceTree = "<group>"; };
		DC54871228FEA6EB005106B0 /* DrawerMenuViewController.swift */ = {isa = PBXFileReference; lastKnownFileType = sourcecode.swift; path = DrawerMenuViewController.swift; sourceTree = "<group>"; };
		DC54871328FEA6EB005106B0 /* DrawerMenuViewController.xib */ = {isa = PBXFileReference; lastKnownFileType = file.xib; path = DrawerMenuViewController.xib; sourceTree = "<group>"; };
		DC54871728FEAA48005106B0 /* DrawerMenuCell.swift */ = {isa = PBXFileReference; lastKnownFileType = sourcecode.swift; path = DrawerMenuCell.swift; sourceTree = "<group>"; };
		DC54871828FEAA48005106B0 /* DrawerMenuCell.xib */ = {isa = PBXFileReference; lastKnownFileType = file.xib; path = DrawerMenuCell.xib; sourceTree = "<group>"; };
		DC54871C28FF8FC5005106B0 /* DashboardViewController.swift */ = {isa = PBXFileReference; lastKnownFileType = sourcecode.swift; path = DashboardViewController.swift; sourceTree = "<group>"; };
		DC54871D28FF8FC5005106B0 /* DashboardViewController.xib */ = {isa = PBXFileReference; lastKnownFileType = file.xib; path = DashboardViewController.xib; sourceTree = "<group>"; };
		DC54872028FF8FCF005106B0 /* DashboardCoordinator.swift */ = {isa = PBXFileReference; lastKnownFileType = sourcecode.swift; path = DashboardCoordinator.swift; sourceTree = "<group>"; };
		DC54872228FF8FFE005106B0 /* DashboardViewModelType.swift */ = {isa = PBXFileReference; lastKnownFileType = sourcecode.swift; path = DashboardViewModelType.swift; sourceTree = "<group>"; };
		DC54872328FF8FFE005106B0 /* DashboardViewModel.swift */ = {isa = PBXFileReference; lastKnownFileType = sourcecode.swift; path = DashboardViewModel.swift; sourceTree = "<group>"; };
		DC54872628FF90AE005106B0 /* Movie.swift */ = {isa = PBXFileReference; lastKnownFileType = sourcecode.swift; path = Movie.swift; sourceTree = "<group>"; };
		DC54872828FFF6EB005106B0 /* ViewControllerWithSideMenu.swift */ = {isa = PBXFileReference; lastKnownFileType = sourcecode.swift; path = ViewControllerWithSideMenu.swift; sourceTree = "<group>"; };
		DC6E407E28B75CAD00429771 /* TheMovieDBSwift.app */ = {isa = PBXFileReference; explicitFileType = wrapper.application; includeInIndex = 0; path = TheMovieDBSwift.app; sourceTree = BUILT_PRODUCTS_DIR; };
		DC6E408328B75CAD00429771 /* SceneDelegate.swift */ = {isa = PBXFileReference; lastKnownFileType = sourcecode.swift; path = SceneDelegate.swift; sourceTree = "<group>"; };
		DC6E409428B75CAE00429771 /* TheMovieDBSwiftTests.xctest */ = {isa = PBXFileReference; explicitFileType = wrapper.cfbundle; includeInIndex = 0; path = TheMovieDBSwiftTests.xctest; sourceTree = BUILT_PRODUCTS_DIR; };
		DC6E409828B75CAE00429771 /* TheMovieDBSwiftTests.swift */ = {isa = PBXFileReference; lastKnownFileType = sourcecode.swift; path = TheMovieDBSwiftTests.swift; sourceTree = "<group>"; };
		DC6E409E28B75CAE00429771 /* TheMovieDBSwiftUITests.xctest */ = {isa = PBXFileReference; explicitFileType = wrapper.cfbundle; includeInIndex = 0; path = TheMovieDBSwiftUITests.xctest; sourceTree = BUILT_PRODUCTS_DIR; };
		DC6E40A228B75CAE00429771 /* TheMovieDBSwiftUITests.swift */ = {isa = PBXFileReference; lastKnownFileType = sourcecode.swift; path = TheMovieDBSwiftUITests.swift; sourceTree = "<group>"; };
		DC6E40A428B75CAE00429771 /* TheMovieDBSwiftUITestsLaunchTests.swift */ = {isa = PBXFileReference; lastKnownFileType = sourcecode.swift; path = TheMovieDBSwiftUITestsLaunchTests.swift; sourceTree = "<group>"; };
		DC6E40C228B8638700429771 /* en */ = {isa = PBXFileReference; lastKnownFileType = text.plist.strings; name = en; path = en.lproj/Localizable.strings; sourceTree = "<group>"; };
		DC6E40C528B8638700429771 /* es */ = {isa = PBXFileReference; lastKnownFileType = text.plist.strings; name = es; path = es.lproj/Localizable.strings; sourceTree = "<group>"; };
		DC6E40C628B8638700429771 /* Assets.xcassets */ = {isa = PBXFileReference; lastKnownFileType = folder.assetcatalog; path = Assets.xcassets; sourceTree = "<group>"; };
		DC6E40C928B8638700429771 /* Info.plist */ = {isa = PBXFileReference; fileEncoding = 4; lastKnownFileType = text.plist.xml; path = Info.plist; sourceTree = "<group>"; };
		DC6E40D128B8638700429771 /* CredentialObject.swift */ = {isa = PBXFileReference; fileEncoding = 4; lastKnownFileType = sourcecode.swift; path = CredentialObject.swift; sourceTree = "<group>"; };
		DC6E40DA28B8638700429771 /* ConnectionError.swift */ = {isa = PBXFileReference; fileEncoding = 4; lastKnownFileType = sourcecode.swift; path = ConnectionError.swift; sourceTree = "<group>"; };
		DC6E40DF28B8638700429771 /* AppAppearance.swift */ = {isa = PBXFileReference; fileEncoding = 4; lastKnownFileType = sourcecode.swift; path = AppAppearance.swift; sourceTree = "<group>"; };
		DC6E40E028B8638700429771 /* AppConfigurations.swift */ = {isa = PBXFileReference; fileEncoding = 4; lastKnownFileType = sourcecode.swift; path = AppConfigurations.swift; sourceTree = "<group>"; };
		DC6E40E428B8638700429771 /* AppDelegate.swift */ = {isa = PBXFileReference; fileEncoding = 4; lastKnownFileType = sourcecode.swift; path = AppDelegate.swift; sourceTree = "<group>"; };
		DC6E412228B8638700429771 /* LoginViewModel.swift */ = {isa = PBXFileReference; fileEncoding = 4; lastKnownFileType = sourcecode.swift; path = LoginViewModel.swift; sourceTree = "<group>"; };
		DC6E412328B8638700429771 /* LoginViewController.swift */ = {isa = PBXFileReference; fileEncoding = 4; lastKnownFileType = sourcecode.swift; path = LoginViewController.swift; sourceTree = "<group>"; };
		DC6E418428B87FA000429771 /* ServiceFacade.swift */ = {isa = PBXFileReference; lastKnownFileType = sourcecode.swift; path = ServiceFacade.swift; sourceTree = "<group>"; };
		DC6E419328B8862F00429771 /* LoginViewController.xib */ = {isa = PBXFileReference; lastKnownFileType = file.xib; path = LoginViewController.xib; sourceTree = "<group>"; };
		DC6E41A628B8B51B00429771 /* AuthUseCaseType.swift */ = {isa = PBXFileReference; lastKnownFileType = sourcecode.swift; path = AuthUseCaseType.swift; sourceTree = "<group>"; };
		DC6E41A828B8B6CE00429771 /* CommonError.swift */ = {isa = PBXFileReference; lastKnownFileType = sourcecode.swift; path = CommonError.swift; sourceTree = "<group>"; };
		DC6E41B628B8C7BE00429771 /* Launch Screen.storyboard */ = {isa = PBXFileReference; lastKnownFileType = file.storyboard; path = "Launch Screen.storyboard"; sourceTree = "<group>"; };
		DC833E3E28F3D8C40028DAFA /* LoginViewModelType.swift */ = {isa = PBXFileReference; lastKnownFileType = sourcecode.swift; path = LoginViewModelType.swift; sourceTree = "<group>"; };
		DC833E4028F3F5C90028DAFA /* ViewModelType.swift */ = {isa = PBXFileReference; lastKnownFileType = sourcecode.swift; path = ViewModelType.swift; sourceTree = "<group>"; };
		DC833E4528F52AC50028DAFA /* ActionResult.swift */ = {isa = PBXFileReference; lastKnownFileType = sourcecode.swift; path = ActionResult.swift; sourceTree = "<group>"; };
		DC833E4B28F52C650028DAFA /* AuthRepositotyType.swift */ = {isa = PBXFileReference; lastKnownFileType = sourcecode.swift; path = AuthRepositotyType.swift; sourceTree = "<group>"; };
		DC833E4F28F52CC40028DAFA /* AuthRequest.swift */ = {isa = PBXFileReference; lastKnownFileType = sourcecode.swift; path = AuthRequest.swift; sourceTree = "<group>"; };
		DC833E5328F52D880028DAFA /* AuthResponse.swift */ = {isa = PBXFileReference; lastKnownFileType = sourcecode.swift; path = AuthResponse.swift; sourceTree = "<group>"; };
		DC833E5528F52EA30028DAFA /* AuthRepository.swift */ = {isa = PBXFileReference; lastKnownFileType = sourcecode.swift; path = AuthRepository.swift; sourceTree = "<group>"; };
		DC833E5828F5521B0028DAFA /* AuthTranslator.swift */ = {isa = PBXFileReference; lastKnownFileType = sourcecode.swift; path = AuthTranslator.swift; sourceTree = "<group>"; };
		DC833E5B28F557170028DAFA /* Credential.swift */ = {isa = PBXFileReference; lastKnownFileType = sourcecode.swift; path = Credential.swift; sourceTree = "<group>"; };
		DC833E5D28F567580028DAFA /* Optional+Ex.swift */ = {isa = PBXFileReference; lastKnownFileType = sourcecode.swift; path = "Optional+Ex.swift"; sourceTree = "<group>"; };
		DC833E6428F56CE50028DAFA /* NSObject+Ex.swift */ = {isa = PBXFileReference; lastKnownFileType = sourcecode.swift; path = "NSObject+Ex.swift"; sourceTree = "<group>"; };
		DC85BC1B28BCBDAE00187748 /* RealmPersistantStorage.swift */ = {isa = PBXFileReference; lastKnownFileType = sourcecode.swift; path = RealmPersistantStorage.swift; sourceTree = "<group>"; };
		DC88488428EFE7B7006698A1 /* Logger.swift */ = {isa = PBXFileReference; lastKnownFileType = sourcecode.swift; path = Logger.swift; sourceTree = "<group>"; };
		DCA7DA7428DC0D410013996C /* BaseViewModel.swift */ = {isa = PBXFileReference; lastKnownFileType = sourcecode.swift; path = BaseViewModel.swift; sourceTree = "<group>"; };
		DCA7DA7628DC52B70013996C /* BaseViewController.swift */ = {isa = PBXFileReference; lastKnownFileType = sourcecode.swift; path = BaseViewController.swift; sourceTree = "<group>"; };
		DCA7DA7A28DD52B00013996C /* NetworkError.swift */ = {isa = PBXFileReference; lastKnownFileType = sourcecode.swift; path = NetworkError.swift; sourceTree = "<group>"; };
		DCA7DA7C28DD54680013996C /* ReamlError.swift */ = {isa = PBXFileReference; lastKnownFileType = sourcecode.swift; path = ReamlError.swift; sourceTree = "<group>"; };
		DCAE4C3728D06C8100301B2C /* ErrorTracker.swift */ = {isa = PBXFileReference; lastKnownFileType = sourcecode.swift; path = ErrorTracker.swift; sourceTree = "<group>"; };
		DCAE4C3A28D0779300301B2C /* ActivityIndicator.swift */ = {isa = PBXFileReference; lastKnownFileType = sourcecode.swift; path = ActivityIndicator.swift; sourceTree = "<group>"; };
		DCB16EFF28F96670001686C1 /* BaseCoordinator.swift */ = {isa = PBXFileReference; lastKnownFileType = sourcecode.swift; path = BaseCoordinator.swift; sourceTree = "<group>"; };
		DCB16F0128F966CF001686C1 /* LoginCoordinator.swift */ = {isa = PBXFileReference; lastKnownFileType = sourcecode.swift; path = LoginCoordinator.swift; sourceTree = "<group>"; };
		DCB16F0328F966E8001686C1 /* AppCoordinator.swift */ = {isa = PBXFileReference; lastKnownFileType = sourcecode.swift; path = AppCoordinator.swift; sourceTree = "<group>"; };
		DCB246EA28CB17D400873CF2 /* AuthUseCase.swift */ = {isa = PBXFileReference; lastKnownFileType = sourcecode.swift; path = AuthUseCase.swift; sourceTree = "<group>"; };
		DCB246EE28CB19E800873CF2 /* RxSwift+Ex.swift */ = {isa = PBXFileReference; lastKnownFileType = sourcecode.swift; path = "RxSwift+Ex.swift"; sourceTree = "<group>"; };
		DCB246F028CB1BB000873CF2 /* PersistantStorage.swift */ = {isa = PBXFileReference; lastKnownFileType = sourcecode.swift; path = PersistantStorage.swift; sourceTree = "<group>"; };
		DCCFEC8928BC5CED00019DBB /* CredentialRespostitory.swift */ = {isa = PBXFileReference; lastKnownFileType = sourcecode.swift; path = CredentialRespostitory.swift; sourceTree = "<group>"; };
		DCCFEC8E28BC661600019DBB /* API.swift */ = {isa = PBXFileReference; lastKnownFileType = sourcecode.swift; path = API.swift; sourceTree = "<group>"; };
		DCCFEC9128BC67DB00019DBB /* Networking.swift */ = {isa = PBXFileReference; lastKnownFileType = sourcecode.swift; path = Networking.swift; sourceTree = "<group>"; };
		DCCFEC9A28BCA54200019DBB /* CredentialRemoteDataSource.swift */ = {isa = PBXFileReference; lastKnownFileType = sourcecode.swift; path = CredentialRemoteDataSource.swift; sourceTree = "<group>"; };
		DCCFEC9C28BCA55000019DBB /* CredentialLocalDataSource.swift */ = {isa = PBXFileReference; lastKnownFileType = sourcecode.swift; path = CredentialLocalDataSource.swift; sourceTree = "<group>"; };
		DCD7857C28F65CBE008E36B2 /* UIViewControler+Rx.swift */ = {isa = PBXFileReference; lastKnownFileType = sourcecode.swift; path = "UIViewControler+Rx.swift"; sourceTree = "<group>"; };
		E005B624649F319FF18DFC72 /* Pods-TheMovieDBSwiftTests.debug.xcconfig */ = {isa = PBXFileReference; includeInIndex = 1; lastKnownFileType = text.xcconfig; name = "Pods-TheMovieDBSwiftTests.debug.xcconfig"; path = "Target Support Files/Pods-TheMovieDBSwiftTests/Pods-TheMovieDBSwiftTests.debug.xcconfig"; sourceTree = "<group>"; };
		EA223B7B760B29FA7E81A720 /* Pods-TheMovieDBSwift.debug.xcconfig */ = {isa = PBXFileReference; includeInIndex = 1; lastKnownFileType = text.xcconfig; name = "Pods-TheMovieDBSwift.debug.xcconfig"; path = "Target Support Files/Pods-TheMovieDBSwift/Pods-TheMovieDBSwift.debug.xcconfig"; sourceTree = "<group>"; };
/* End PBXFileReference section */

/* Begin PBXFrameworksBuildPhase section */
		DC6E407B28B75CAD00429771 /* Frameworks */ = {
			isa = PBXFrameworksBuildPhase;
			buildActionMask = 2147483647;
			files = (
				DC88488228EFE7A3006698A1 /* Willow in Frameworks */,
				DC6E41B328B8BF7C00429771 /* RxSwift in Frameworks */,
				DC6E41B128B8BF7C00429771 /* RxRelay in Frameworks */,
				DCD7858028F66066008E36B2 /* ProgressHUD in Frameworks */,
				DC6E41AA28B8BE1A00429771 /* Pods_TheMovieDBSwift.framework in Frameworks */,
				DC6E41A328B8AD6D00429771 /* SwifterSwift in Frameworks */,
				DC833E6328F569BE0028DAFA /* XCGLogger in Frameworks */,
				DC833E4428F52A990028DAFA /* Action in Frameworks */,
				DC85BC1528BCBAA300187748 /* Realm in Frameworks */,
				DC6E41AF28B8BF7C00429771 /* RxCocoa in Frameworks */,
				DC833E6128F569BE0028DAFA /* ObjcExceptionBridging in Frameworks */,
				DCCFEC9728BC699900019DBB /* ReactiveMoya in Frameworks */,
				DCCFEC9928BC699900019DBB /* RxMoya in Frameworks */,
				DC85BC1728BCBAA300187748 /* RealmSwift in Frameworks */,
				DC54870D28FE53E4005106B0 /* SideMenu in Frameworks */,
				DCCFEC9528BC699900019DBB /* Moya in Frameworks */,
				DCEFA4EE28E159EF00869D4E /* RxRealm in Frameworks */,
				DCA7DA7228DAFA8F0013996C /* NSObject-Rx in Frameworks */,
				DC6E418828B87FFB00429771 /* Swinject in Frameworks */,
			);
			runOnlyForDeploymentPostprocessing = 0;
		};
		DC6E409128B75CAE00429771 /* Frameworks */ = {
			isa = PBXFrameworksBuildPhase;
			buildActionMask = 2147483647;
			files = (
				1FDE09D66A294E71D1ABFDF8 /* Pods_TheMovieDBSwiftTests.framework in Frameworks */,
			);
			runOnlyForDeploymentPostprocessing = 0;
		};
		DC6E409B28B75CAE00429771 /* Frameworks */ = {
			isa = PBXFrameworksBuildPhase;
			buildActionMask = 2147483647;
			files = (
				87B3E14DA535EB0CB1770C88 /* Pods_TheMovieDBSwift_TheMovieDBSwiftUITests.framework in Frameworks */,
			);
			runOnlyForDeploymentPostprocessing = 0;
		};
/* End PBXFrameworksBuildPhase section */

/* Begin PBXGroup section */
		1F177A669DA3317DE4D40527 /* Pods */ = {
			isa = PBXGroup;
			children = (
				EA223B7B760B29FA7E81A720 /* Pods-TheMovieDBSwift.debug.xcconfig */,
				A60EC7B6325425CB1BDE3881 /* Pods-TheMovieDBSwift.release.xcconfig */,
				76B8E483D9709460957740A4 /* Pods-TheMovieDBSwift-TheMovieDBSwiftUITests.debug.xcconfig */,
				D8759C38EFF84C944041C508 /* Pods-TheMovieDBSwift-TheMovieDBSwiftUITests.release.xcconfig */,
				E005B624649F319FF18DFC72 /* Pods-TheMovieDBSwiftTests.debug.xcconfig */,
				57C13912713BC8DF4FFAB7C8 /* Pods-TheMovieDBSwiftTests.release.xcconfig */,
			);
			path = Pods;
			sourceTree = "<group>";
		};
		415183FCEE5DD2AF4F48FD69 /* Frameworks */ = {
			isa = PBXGroup;
			children = (
				DC28BCE328E15AF2000D4FF0 /* RxSwiftExt.framework */,
				16138EC1972AD3B841A7C3AB /* Pods_TheMovieDBSwift.framework */,
				37AC03D307B246C0DFB8C26B /* Pods_TheMovieDBSwift_TheMovieDBSwiftUITests.framework */,
				AE20518767891ADF84D2FEDB /* Pods_TheMovieDBSwiftTests.framework */,
			);
			name = Frameworks;
			sourceTree = "<group>";
		};
		DC28BCE628E1950F000D4FF0 /* ReponseParser */ = {
			isa = PBXGroup;
			children = (
				DC28BCE728E1952C000D4FF0 /* ResponseParser.swift */,
			);
			path = ReponseParser;
			sourceTree = "<group>";
		};
		DC28BCEC28E559CC000D4FF0 /* Respository */ = {
			isa = PBXGroup;
			children = (
				DC28BCED28E559DC000D4FF0 /* Respository.swift */,
				DC28BCEF28E55A15000D4FF0 /* DataSource.swift */,
			);
			path = Respository;
			sourceTree = "<group>";
		};
		DC28BCF128E55B1E000D4FF0 /* UserPreferencesStorage */ = {
			isa = PBXGroup;
			children = (
				DC28BCF228E55BA9000D4FF0 /* UserPreferencesStorage.swift */,
			);
			path = UserPreferencesStorage;
			sourceTree = "<group>";
		};
		DC5486FD28FD3F21005106B0 /* Coordinator */ = {
			isa = PBXGroup;
			children = (
				DC54870028FE45F9005106B0 /* CoordinatorType.swift */,
				DCB16EFF28F96670001686C1 /* BaseCoordinator.swift */,
			);
			path = Coordinator;
			sourceTree = "<group>";
		};
		DC54870228FE538F005106B0 /* DrawerMenu */ = {
			isa = PBXGroup;
			children = (
				DC54871628FEAA21005106B0 /* DrawerMenuCell */,
				DC54870428FE538F005106B0 /* DrawerMenuCoordinator.swift */,
				DC54871228FEA6EB005106B0 /* DrawerMenuViewController.swift */,
				DC54871328FEA6EB005106B0 /* DrawerMenuViewController.xib */,
				DC54871028FE9972005106B0 /* DrawerMenuViewModelType.swift */,
				DC54870528FE538F005106B0 /* DrawerMenuViewModel.swift */,
			);
			name = DrawerMenu;
			path = TheMovieDBSwift/Presentation/DrawerMenu;
			sourceTree = SOURCE_ROOT;
		};
		DC54871628FEAA21005106B0 /* DrawerMenuCell */ = {
			isa = PBXGroup;
			children = (
				DC54871728FEAA48005106B0 /* DrawerMenuCell.swift */,
				DC54871828FEAA48005106B0 /* DrawerMenuCell.xib */,
			);
			path = DrawerMenuCell;
			sourceTree = "<group>";
		};
		DC54871B28FF8FAA005106B0 /* Dashboard */ = {
			isa = PBXGroup;
			children = (
				DC54872028FF8FCF005106B0 /* DashboardCoordinator.swift */,
				DC54872228FF8FFE005106B0 /* DashboardViewModelType.swift */,
				DC54872328FF8FFE005106B0 /* DashboardViewModel.swift */,
				DC54871C28FF8FC5005106B0 /* DashboardViewController.swift */,
				DC54871D28FF8FC5005106B0 /* DashboardViewController.xib */,
			);
			path = Dashboard;
			sourceTree = "<group>";
		};
		DC6E407528B75CAD00429771 = {
			isa = PBXGroup;
			children = (
				DC6E408028B75CAD00429771 /* TheMovieDBSwift */,
				DC6E409728B75CAE00429771 /* TheMovieDBSwiftTests */,
				DC6E40A128B75CAE00429771 /* TheMovieDBSwiftUITests */,
				DC6E407F28B75CAD00429771 /* Products */,
				1F177A669DA3317DE4D40527 /* Pods */,
				415183FCEE5DD2AF4F48FD69 /* Frameworks */,
			);
			sourceTree = "<group>";
		};
		DC6E407F28B75CAD00429771 /* Products */ = {
			isa = PBXGroup;
			children = (
				DC6E407E28B75CAD00429771 /* TheMovieDBSwift.app */,
				DC6E409428B75CAE00429771 /* TheMovieDBSwiftTests.xctest */,
				DC6E409E28B75CAE00429771 /* TheMovieDBSwiftUITests.xctest */,
			);
			name = Products;
			sourceTree = "<group>";
		};
		DC6E408028B75CAD00429771 /* TheMovieDBSwift */ = {
			isa = PBXGroup;
			children = (
				DC6E40DD28B8638700429771 /* Application */,
				DC6E418328B87F3500429771 /* Services */,
				DC6E40CA28B8638700429771 /* Domain */,
				DC833E4828F52C2F0028DAFA /* Data */,
				DC6E410728B8638700429771 /* Presentation */,
				DCB246EC28CB19C800873CF2 /* Utilities */,
				DC6E40C028B8638700429771 /* Resources */,
			);
			path = TheMovieDBSwift;
			sourceTree = "<group>";
		};
		DC6E409728B75CAE00429771 /* TheMovieDBSwiftTests */ = {
			isa = PBXGroup;
			children = (
				DC6E409828B75CAE00429771 /* TheMovieDBSwiftTests.swift */,
			);
			path = TheMovieDBSwiftTests;
			sourceTree = "<group>";
		};
		DC6E40A128B75CAE00429771 /* TheMovieDBSwiftUITests */ = {
			isa = PBXGroup;
			children = (
				DC6E40A228B75CAE00429771 /* TheMovieDBSwiftUITests.swift */,
				DC6E40A428B75CAE00429771 /* TheMovieDBSwiftUITestsLaunchTests.swift */,
			);
			path = TheMovieDBSwiftUITests;
			sourceTree = "<group>";
		};
		DC6E40C028B8638700429771 /* Resources */ = {
			isa = PBXGroup;
			children = (
				DC6E40C128B8638700429771 /* Localizable.strings */,
				DC6E41B628B8C7BE00429771 /* Launch Screen.storyboard */,
				DC6E40C628B8638700429771 /* Assets.xcassets */,
				DC6E40C928B8638700429771 /* Info.plist */,
			);
			path = Resources;
			sourceTree = "<group>";
		};
		DC6E40CA28B8638700429771 /* Domain */ = {
			isa = PBXGroup;
			children = (
				DC833E5A28F557030028DAFA /* Model */,
				DC833E5728F552070028DAFA /* Translator */,
				DC6E40CB28B8638700429771 /* UseCases */,
				DC6E40D028B8638700429771 /* Entries */,
				DC833E4528F52AC50028DAFA /* ActionResult.swift */,
			);
			path = Domain;
			sourceTree = "<group>";
		};
		DC6E40CB28B8638700429771 /* UseCases */ = {
			isa = PBXGroup;
			children = (
				DC6E41A528B8B50600429771 /* Auth */,
			);
			path = UseCases;
			sourceTree = "<group>";
		};
		DC6E40D028B8638700429771 /* Entries */ = {
			isa = PBXGroup;
			children = (
				DC6E40DA28B8638700429771 /* ConnectionError.swift */,
				DC6E40D128B8638700429771 /* CredentialObject.swift */,
				DC6E41A828B8B6CE00429771 /* CommonError.swift */,
				DCA7DA7C28DD54680013996C /* ReamlError.swift */,
				DCA7DA7A28DD52B00013996C /* NetworkError.swift */,
			);
			path = Entries;
			sourceTree = "<group>";
		};
		DC6E40DD28B8638700429771 /* Application */ = {
			isa = PBXGroup;
			children = (
				DC6E40E428B8638700429771 /* AppDelegate.swift */,
				DC6E408328B75CAD00429771 /* SceneDelegate.swift */,
				DC6E40DF28B8638700429771 /* AppAppearance.swift */,
				DC6E40E028B8638700429771 /* AppConfigurations.swift */,
				DCB16F0328F966E8001686C1 /* AppCoordinator.swift */,
			);
			path = Application;
			sourceTree = "<group>";
		};
		DC6E410728B8638700429771 /* Presentation */ = {
			isa = PBXGroup;
			children = (
				DC54871B28FF8FAA005106B0 /* Dashboard */,
				DCA7DA7328DC0D370013996C /* Base */,
				DC54870228FE538F005106B0 /* DrawerMenu */,
				DC6E41A428B8B2EE00429771 /* Auth */,
			);
			path = Presentation;
			sourceTree = "<group>";
		};
		DC6E412028B8638700429771 /* Login */ = {
			isa = PBXGroup;
			children = (
				DCB16F0128F966CF001686C1 /* LoginCoordinator.swift */,
				DC833E3E28F3D8C40028DAFA /* LoginViewModelType.swift */,
				DC6E412228B8638700429771 /* LoginViewModel.swift */,
				DC6E412328B8638700429771 /* LoginViewController.swift */,
				DC6E419328B8862F00429771 /* LoginViewController.xib */,
			);
			path = Login;
			sourceTree = "<group>";
		};
		DC6E418328B87F3500429771 /* Services */ = {
			isa = PBXGroup;
			children = (
				DC6E418428B87FA000429771 /* ServiceFacade.swift */,
				DC5486FD28FD3F21005106B0 /* Coordinator */,
				DC88488328EFE7A9006698A1 /* Logger */,
				DC28BCF128E55B1E000D4FF0 /* UserPreferencesStorage */,
				DC85BC1028BCB96F00187748 /* PersistantStorage */,
				DC28BCE628E1950F000D4FF0 /* ReponseParser */,
				DCCFEC8D28BC65A900019DBB /* Networking */,
			);
			path = Services;
			sourceTree = "<group>";
		};
		DC6E41A428B8B2EE00429771 /* Auth */ = {
			isa = PBXGroup;
			children = (
				DC6E412028B8638700429771 /* Login */,
			);
			path = Auth;
			sourceTree = "<group>";
		};
		DC6E41A528B8B50600429771 /* Auth */ = {
			isa = PBXGroup;
			children = (
				DC6E41A628B8B51B00429771 /* AuthUseCaseType.swift */,
				DCB246EA28CB17D400873CF2 /* AuthUseCase.swift */,
			);
			path = Auth;
			sourceTree = "<group>";
		};
		DC833E4828F52C2F0028DAFA /* Data */ = {
			isa = PBXGroup;
			children = (
				DC833E4D28F52C970028DAFA /* API */,
				DC833E4928F52C380028DAFA /* Repository */,
			);
			path = Data;
			sourceTree = "<group>";
		};
		DC833E4928F52C380028DAFA /* Repository */ = {
			isa = PBXGroup;
			children = (
				DC28BCEC28E559CC000D4FF0 /* Respository */,
				DCCFEC8828BC5CC800019DBB /* Credential */,
				DC833E4A28F52C4D0028DAFA /* Auth */,
			);
			path = Repository;
			sourceTree = "<group>";
		};
		DC833E4A28F52C4D0028DAFA /* Auth */ = {
			isa = PBXGroup;
			children = (
				DC833E4B28F52C650028DAFA /* AuthRepositotyType.swift */,
				DC833E5528F52EA30028DAFA /* AuthRepository.swift */,
			);
			path = Auth;
			sourceTree = "<group>";
		};
		DC833E4D28F52C970028DAFA /* API */ = {
			isa = PBXGroup;
			children = (
				DC833E4E28F52CA10028DAFA /* Auth */,
			);
			path = API;
			sourceTree = "<group>";
		};
		DC833E4E28F52CA10028DAFA /* Auth */ = {
			isa = PBXGroup;
			children = (
				DC833E4F28F52CC40028DAFA /* AuthRequest.swift */,
				DC833E5328F52D880028DAFA /* AuthResponse.swift */,
			);
			path = Auth;
			sourceTree = "<group>";
		};
		DC833E5728F552070028DAFA /* Translator */ = {
			isa = PBXGroup;
			children = (
				DC833E5828F5521B0028DAFA /* AuthTranslator.swift */,
			);
			path = Translator;
			sourceTree = "<group>";
		};
		DC833E5A28F557030028DAFA /* Model */ = {
			isa = PBXGroup;
			children = (
				DC833E5B28F557170028DAFA /* Credential.swift */,
				DC54872628FF90AE005106B0 /* Movie.swift */,
				DC54870E28FE5425005106B0 /* DrawerMenuScreen.swift */,
			);
			path = Model;
			sourceTree = "<group>";
		};
		DC85BC1028BCB96F00187748 /* PersistantStorage */ = {
			isa = PBXGroup;
			children = (
				DCB246F028CB1BB000873CF2 /* PersistantStorage.swift */,
				DC85BC1B28BCBDAE00187748 /* RealmPersistantStorage.swift */,
			);
			path = PersistantStorage;
			sourceTree = "<group>";
		};
		DC88488328EFE7A9006698A1 /* Logger */ = {
			isa = PBXGroup;
			children = (
				DC88488428EFE7B7006698A1 /* Logger.swift */,
			);
			path = Logger;
			sourceTree = "<group>";
		};
		DCA7DA7328DC0D370013996C /* Base */ = {
			isa = PBXGroup;
			children = (
				DC833E4028F3F5C90028DAFA /* ViewModelType.swift */,
				DCA7DA7428DC0D410013996C /* BaseViewModel.swift */,
				DCA7DA7628DC52B70013996C /* BaseViewController.swift */,
				DC54872828FFF6EB005106B0 /* ViewControllerWithSideMenu.swift */,
			);
			path = Base;
			sourceTree = "<group>";
		};
		DCAE4C3628D06C7100301B2C /* ErrorTracker */ = {
			isa = PBXGroup;
			children = (
				DCAE4C3728D06C8100301B2C /* ErrorTracker.swift */,
			);
			path = ErrorTracker;
			sourceTree = "<group>";
		};
		DCAE4C3928D0777800301B2C /* ActivityIndicator */ = {
			isa = PBXGroup;
			children = (
				DCAE4C3A28D0779300301B2C /* ActivityIndicator.swift */,
			);
			path = ActivityIndicator;
			sourceTree = "<group>";
		};
		DCB246EC28CB19C800873CF2 /* Utilities */ = {
			isa = PBXGroup;
			children = (
				DCAE4C3928D0777800301B2C /* ActivityIndicator */,
				DCAE4C3628D06C7100301B2C /* ErrorTracker */,
				DCB246ED28CB19D300873CF2 /* Extension */,
			);
			path = Utilities;
			sourceTree = "<group>";
		};
		DCB246ED28CB19D300873CF2 /* Extension */ = {
			isa = PBXGroup;
			children = (
				DCB246EE28CB19E800873CF2 /* RxSwift+Ex.swift */,
				DC833E5D28F567580028DAFA /* Optional+Ex.swift */,
				DC833E6428F56CE50028DAFA /* NSObject+Ex.swift */,
				DCD7857C28F65CBE008E36B2 /* UIViewControler+Rx.swift */,
			);
			path = Extension;
			sourceTree = "<group>";
		};
		DCCFEC8828BC5CC800019DBB /* Credential */ = {
			isa = PBXGroup;
			children = (
				DCCFEC8928BC5CED00019DBB /* CredentialRespostitory.swift */,
				DCCFEC9C28BCA55000019DBB /* CredentialLocalDataSource.swift */,
				DCCFEC9A28BCA54200019DBB /* CredentialRemoteDataSource.swift */,
			);
			path = Credential;
			sourceTree = "<group>";
		};
		DCCFEC8D28BC65A900019DBB /* Networking */ = {
			isa = PBXGroup;
			children = (
				DCCFEC8E28BC661600019DBB /* API.swift */,
				DCCFEC9128BC67DB00019DBB /* Networking.swift */,
			);
			path = Networking;
			sourceTree = "<group>";
		};
/* End PBXGroup section */

/* Begin PBXNativeTarget section */
		DC6E407D28B75CAD00429771 /* TheMovieDBSwift */ = {
			isa = PBXNativeTarget;
			buildConfigurationList = DC6E40A828B75CAE00429771 /* Build configuration list for PBXNativeTarget "TheMovieDBSwift" */;
			buildPhases = (
				BDB5D26845CD6C68EBD1FF13 /* [CP] Check Pods Manifest.lock */,
				DC6E407A28B75CAD00429771 /* Sources */,
				DC6E407B28B75CAD00429771 /* Frameworks */,
				DC6E407C28B75CAD00429771 /* Resources */,
				DC6E41AC28B8BE1A00429771 /* Embed Frameworks */,
			);
			buildRules = (
			);
			dependencies = (
			);
			name = TheMovieDBSwift;
			packageProductDependencies = (
				DC6E418728B87FFB00429771 /* Swinject */,
				DC6E41A228B8AD6D00429771 /* SwifterSwift */,
				DC6E41AE28B8BF7C00429771 /* RxCocoa */,
				DC6E41B028B8BF7C00429771 /* RxRelay */,
				DC6E41B228B8BF7C00429771 /* RxSwift */,
				DCCFEC9428BC699900019DBB /* Moya */,
				DCCFEC9628BC699900019DBB /* ReactiveMoya */,
				DCCFEC9828BC699900019DBB /* RxMoya */,
				DC85BC1428BCBAA300187748 /* Realm */,
				DC85BC1628BCBAA300187748 /* RealmSwift */,
				DCA7DA7128DAFA8F0013996C /* NSObject-Rx */,
				DCEFA4ED28E159EF00869D4E /* RxRealm */,
				DC88488128EFE7A3006698A1 /* Willow */,
				DC833E4328F52A990028DAFA /* Action */,
				DC833E6028F569BE0028DAFA /* ObjcExceptionBridging */,
				DC833E6228F569BE0028DAFA /* XCGLogger */,
				DCD7857F28F66066008E36B2 /* ProgressHUD */,
				DC54870C28FE53E4005106B0 /* SideMenu */,
			);
			productName = TheMovieDBSwift;
			productReference = DC6E407E28B75CAD00429771 /* TheMovieDBSwift.app */;
			productType = "com.apple.product-type.application";
		};
		DC6E409328B75CAE00429771 /* TheMovieDBSwiftTests */ = {
			isa = PBXNativeTarget;
			buildConfigurationList = DC6E40AB28B75CAE00429771 /* Build configuration list for PBXNativeTarget "TheMovieDBSwiftTests" */;
			buildPhases = (
				0945BB6E676280BCE9FF1A28 /* [CP] Check Pods Manifest.lock */,
				DC6E409028B75CAE00429771 /* Sources */,
				DC6E409128B75CAE00429771 /* Frameworks */,
				DC6E409228B75CAE00429771 /* Resources */,
			);
			buildRules = (
			);
			dependencies = (
				DC6E409628B75CAE00429771 /* PBXTargetDependency */,
			);
			name = TheMovieDBSwiftTests;
			productName = TheMovieDBSwiftTests;
			productReference = DC6E409428B75CAE00429771 /* TheMovieDBSwiftTests.xctest */;
			productType = "com.apple.product-type.bundle.unit-test";
		};
		DC6E409D28B75CAE00429771 /* TheMovieDBSwiftUITests */ = {
			isa = PBXNativeTarget;
			buildConfigurationList = DC6E40AE28B75CAE00429771 /* Build configuration list for PBXNativeTarget "TheMovieDBSwiftUITests" */;
			buildPhases = (
				579D4B354E31F170EFB10463 /* [CP] Check Pods Manifest.lock */,
				DC6E409A28B75CAE00429771 /* Sources */,
				DC6E409B28B75CAE00429771 /* Frameworks */,
				DC6E409C28B75CAE00429771 /* Resources */,
			);
			buildRules = (
			);
			dependencies = (
				DC6E40A028B75CAE00429771 /* PBXTargetDependency */,
			);
			name = TheMovieDBSwiftUITests;
			productName = TheMovieDBSwiftUITests;
			productReference = DC6E409E28B75CAE00429771 /* TheMovieDBSwiftUITests.xctest */;
			productType = "com.apple.product-type.bundle.ui-testing";
		};
/* End PBXNativeTarget section */

/* Begin PBXProject section */
		DC6E407628B75CAD00429771 /* Project object */ = {
			isa = PBXProject;
			attributes = {
				BuildIndependentTargetsInParallel = 1;
				LastSwiftUpdateCheck = 1340;
				LastUpgradeCheck = 1340;
				TargetAttributes = {
					DC6E407D28B75CAD00429771 = {
						CreatedOnToolsVersion = 13.4.1;
					};
					DC6E409328B75CAE00429771 = {
						CreatedOnToolsVersion = 13.4.1;
						TestTargetID = DC6E407D28B75CAD00429771;
					};
					DC6E409D28B75CAE00429771 = {
						CreatedOnToolsVersion = 13.4.1;
						TestTargetID = DC6E407D28B75CAD00429771;
					};
				};
			};
			buildConfigurationList = DC6E407928B75CAD00429771 /* Build configuration list for PBXProject "TheMovieDBSwift" */;
			compatibilityVersion = "Xcode 13.0";
			developmentRegion = en;
			hasScannedForEncodings = 0;
			knownRegions = (
				en,
				Base,
				es,
			);
			mainGroup = DC6E407528B75CAD00429771;
			packageReferences = (
				DC6E418628B87FFB00429771 /* XCRemoteSwiftPackageReference "Swinject" */,
				DC6E41A128B8AD6D00429771 /* XCRemoteSwiftPackageReference "SwifterSwift" */,
				DC6E41AD28B8BF7C00429771 /* XCRemoteSwiftPackageReference "RxSwift" */,
				DCCFEC9328BC699900019DBB /* XCRemoteSwiftPackageReference "Moya" */,
				DC85BC1328BCBAA300187748 /* XCRemoteSwiftPackageReference "realm-swift" */,
				DCA7DA7028DAFA8E0013996C /* XCRemoteSwiftPackageReference "NSObject-Rx" */,
				DCEFA4EC28E159EF00869D4E /* XCRemoteSwiftPackageReference "RxRealm" */,
				DC88488028EFE7A3006698A1 /* XCRemoteSwiftPackageReference "Willow" */,
				DC833E4228F52A990028DAFA /* XCRemoteSwiftPackageReference "Action" */,
				DC833E5F28F569BE0028DAFA /* XCRemoteSwiftPackageReference "XCGLogger" */,
				DCD7857E28F66066008E36B2 /* XCRemoteSwiftPackageReference "ProgressHUD" */,
				DC54870B28FE53E4005106B0 /* XCRemoteSwiftPackageReference "SideMenu" */,
			);
			productRefGroup = DC6E407F28B75CAD00429771 /* Products */;
			projectDirPath = "";
			projectRoot = "";
			targets = (
				DC6E407D28B75CAD00429771 /* TheMovieDBSwift */,
				DC6E409328B75CAE00429771 /* TheMovieDBSwiftTests */,
				DC6E409D28B75CAE00429771 /* TheMovieDBSwiftUITests */,
			);
		};
/* End PBXProject section */

/* Begin PBXResourcesBuildPhase section */
		DC6E407C28B75CAD00429771 /* Resources */ = {
			isa = PBXResourcesBuildPhase;
			buildActionMask = 2147483647;
			files = (
				DC6E41B728B8C7BE00429771 /* Launch Screen.storyboard in Resources */,
				DC54871A28FEAA48005106B0 /* DrawerMenuCell.xib in Resources */,
				DC6E413D28B8638800429771 /* Localizable.strings in Resources */,
				DC54871F28FF8FC5005106B0 /* DashboardViewController.xib in Resources */,
				DC54871528FEA6EB005106B0 /* DrawerMenuViewController.xib in Resources */,
				DC6E413F28B8638800429771 /* Assets.xcassets in Resources */,
				DC6E419528B8862F00429771 /* LoginViewController.xib in Resources */,
			);
			runOnlyForDeploymentPostprocessing = 0;
		};
		DC6E409228B75CAE00429771 /* Resources */ = {
			isa = PBXResourcesBuildPhase;
			buildActionMask = 2147483647;
			files = (
			);
			runOnlyForDeploymentPostprocessing = 0;
		};
		DC6E409C28B75CAE00429771 /* Resources */ = {
			isa = PBXResourcesBuildPhase;
			buildActionMask = 2147483647;
			files = (
			);
			runOnlyForDeploymentPostprocessing = 0;
		};
/* End PBXResourcesBuildPhase section */

/* Begin PBXShellScriptBuildPhase section */
		0945BB6E676280BCE9FF1A28 /* [CP] Check Pods Manifest.lock */ = {
			isa = PBXShellScriptBuildPhase;
			buildActionMask = 2147483647;
			files = (
			);
			inputFileListPaths = (
			);
			inputPaths = (
				"${PODS_PODFILE_DIR_PATH}/Podfile.lock",
				"${PODS_ROOT}/Manifest.lock",
			);
			name = "[CP] Check Pods Manifest.lock";
			outputFileListPaths = (
			);
			outputPaths = (
				"$(DERIVED_FILE_DIR)/Pods-TheMovieDBSwiftTests-checkManifestLockResult.txt",
			);
			runOnlyForDeploymentPostprocessing = 0;
			shellPath = /bin/sh;
			shellScript = "diff \"${PODS_PODFILE_DIR_PATH}/Podfile.lock\" \"${PODS_ROOT}/Manifest.lock\" > /dev/null\nif [ $? != 0 ] ; then\n    # print error to STDERR\n    echo \"error: The sandbox is not in sync with the Podfile.lock. Run 'pod install' or update your CocoaPods installation.\" >&2\n    exit 1\nfi\n# This output is used by Xcode 'outputs' to avoid re-running this script phase.\necho \"SUCCESS\" > \"${SCRIPT_OUTPUT_FILE_0}\"\n";
			showEnvVarsInLog = 0;
		};
		579D4B354E31F170EFB10463 /* [CP] Check Pods Manifest.lock */ = {
			isa = PBXShellScriptBuildPhase;
			buildActionMask = 2147483647;
			files = (
			);
			inputFileListPaths = (
			);
			inputPaths = (
				"${PODS_PODFILE_DIR_PATH}/Podfile.lock",
				"${PODS_ROOT}/Manifest.lock",
			);
			name = "[CP] Check Pods Manifest.lock";
			outputFileListPaths = (
			);
			outputPaths = (
				"$(DERIVED_FILE_DIR)/Pods-TheMovieDBSwift-TheMovieDBSwiftUITests-checkManifestLockResult.txt",
			);
			runOnlyForDeploymentPostprocessing = 0;
			shellPath = /bin/sh;
			shellScript = "diff \"${PODS_PODFILE_DIR_PATH}/Podfile.lock\" \"${PODS_ROOT}/Manifest.lock\" > /dev/null\nif [ $? != 0 ] ; then\n    # print error to STDERR\n    echo \"error: The sandbox is not in sync with the Podfile.lock. Run 'pod install' or update your CocoaPods installation.\" >&2\n    exit 1\nfi\n# This output is used by Xcode 'outputs' to avoid re-running this script phase.\necho \"SUCCESS\" > \"${SCRIPT_OUTPUT_FILE_0}\"\n";
			showEnvVarsInLog = 0;
		};
		BDB5D26845CD6C68EBD1FF13 /* [CP] Check Pods Manifest.lock */ = {
			isa = PBXShellScriptBuildPhase;
			buildActionMask = 2147483647;
			files = (
			);
			inputFileListPaths = (
			);
			inputPaths = (
				"${PODS_PODFILE_DIR_PATH}/Podfile.lock",
				"${PODS_ROOT}/Manifest.lock",
			);
			name = "[CP] Check Pods Manifest.lock";
			outputFileListPaths = (
			);
			outputPaths = (
				"$(DERIVED_FILE_DIR)/Pods-TheMovieDBSwift-checkManifestLockResult.txt",
			);
			runOnlyForDeploymentPostprocessing = 0;
			shellPath = /bin/sh;
			shellScript = "diff \"${PODS_PODFILE_DIR_PATH}/Podfile.lock\" \"${PODS_ROOT}/Manifest.lock\" > /dev/null\nif [ $? != 0 ] ; then\n    # print error to STDERR\n    echo \"error: The sandbox is not in sync with the Podfile.lock. Run 'pod install' or update your CocoaPods installation.\" >&2\n    exit 1\nfi\n# This output is used by Xcode 'outputs' to avoid re-running this script phase.\necho \"SUCCESS\" > \"${SCRIPT_OUTPUT_FILE_0}\"\n";
			showEnvVarsInLog = 0;
		};
/* End PBXShellScriptBuildPhase section */

/* Begin PBXSourcesBuildPhase section */
		DC6E407A28B75CAD00429771 /* Sources */ = {
			isa = PBXSourcesBuildPhase;
			buildActionMask = 2147483647;
			files = (
				DC6E415228B8638800429771 /* AppDelegate.swift in Sources */,
				DC54872528FF8FFE005106B0 /* DashboardViewModelType.swift in Sources */,
				DC54871E28FF8FC5005106B0 /* DashboardViewController.swift in Sources */,
				DC88488528EFE7B7006698A1 /* Logger.swift in Sources */,
				DC54872928FFF6EB005106B0 /* ViewControllerWithSideMenu.swift in Sources */,
				DC54870128FE45F9005106B0 /* CoordinatorType.swift in Sources */,
				DCB246EB28CB17D400873CF2 /* AuthUseCase.swift in Sources */,
				DCCFEC9B28BCA54200019DBB /* CredentialRemoteDataSource.swift in Sources */,
				DC833E6528F56CE50028DAFA /* NSObject+Ex.swift in Sources */,
				DC54871928FEAA48005106B0 /* DrawerMenuCell.swift in Sources */,
				DC833E5928F5521B0028DAFA /* AuthTranslator.swift in Sources */,
				DC6E417028B8638800429771 /* LoginViewModel.swift in Sources */,
				DC54871128FE9972005106B0 /* DrawerMenuViewModelType.swift in Sources */,
				DCAE4C3B28D0779300301B2C /* ActivityIndicator.swift in Sources */,
				DCCFEC8A28BC5CED00019DBB /* CredentialRespostitory.swift in Sources */,
				DCA7DA7728DC52B70013996C /* BaseViewController.swift in Sources */,
				DC6E41A728B8B51B00429771 /* AuthUseCaseType.swift in Sources */,
				DCCFEC9228BC67DB00019DBB /* Networking.swift in Sources */,
				DCD7857D28F65CBE008E36B2 /* UIViewControler+Rx.swift in Sources */,
				DC833E5E28F567580028DAFA /* Optional+Ex.swift in Sources */,
				DC6E41A928B8B6CE00429771 /* CommonError.swift in Sources */,
				DC833E5428F52D880028DAFA /* AuthResponse.swift in Sources */,
				DC54872428FF8FFE005106B0 /* DashboardViewModel.swift in Sources */,
				DC833E4128F3F5C90028DAFA /* ViewModelType.swift in Sources */,
				DC6E414F28B8638800429771 /* AppConfigurations.swift in Sources */,
				DC833E3F28F3D8C40028DAFA /* LoginViewModelType.swift in Sources */,
				DC85BC1C28BCBDAE00187748 /* RealmPersistantStorage.swift in Sources */,
				DC6E414B28B8638800429771 /* ConnectionError.swift in Sources */,
				DC54870F28FE5425005106B0 /* DrawerMenuScreen.swift in Sources */,
				DCB246EF28CB19E800873CF2 /* RxSwift+Ex.swift in Sources */,
				DC6E414528B8638800429771 /* CredentialObject.swift in Sources */,
				DC833E5C28F557170028DAFA /* Credential.swift in Sources */,
				DC6E408428B75CAD00429771 /* SceneDelegate.swift in Sources */,
				DCA7DA7B28DD52B00013996C /* NetworkError.swift in Sources */,
				DCA7DA7528DC0D410013996C /* BaseViewModel.swift in Sources */,
				DCCFEC9D28BCA55000019DBB /* CredentialLocalDataSource.swift in Sources */,
				DC54871428FEA6EB005106B0 /* DrawerMenuViewController.swift in Sources */,
				DC28BCF028E55A15000D4FF0 /* DataSource.swift in Sources */,
				DC28BCE828E1952C000D4FF0 /* ResponseParser.swift in Sources */,
				DC833E4C28F52C650028DAFA /* AuthRepositotyType.swift in Sources */,
				DC54872128FF8FD0005106B0 /* DashboardCoordinator.swift in Sources */,
				DC6E417128B8638800429771 /* LoginViewController.swift in Sources */,
				DC6E418528B87FA000429771 /* ServiceFacade.swift in Sources */,
				DCAE4C3828D06C8100301B2C /* ErrorTracker.swift in Sources */,
				DCB16F0428F966E8001686C1 /* AppCoordinator.swift in Sources */,
				DC54870828FE538F005106B0 /* DrawerMenuCoordinator.swift in Sources */,
				DC6E414E28B8638800429771 /* AppAppearance.swift in Sources */,
				DC28BCEE28E559DC000D4FF0 /* Respository.swift in Sources */,
				DC833E5628F52EA30028DAFA /* AuthRepository.swift in Sources */,
				DCB16F0028F96670001686C1 /* BaseCoordinator.swift in Sources */,
				DCCFEC8F28BC661600019DBB /* API.swift in Sources */,
				DCB16F0228F966CF001686C1 /* LoginCoordinator.swift in Sources */,
				DC28BCF328E55BA9000D4FF0 /* UserPreferencesStorage.swift in Sources */,
				DC54872728FF90AE005106B0 /* Movie.swift in Sources */,
				DCA7DA7D28DD54680013996C /* ReamlError.swift in Sources */,
				DC833E5028F52CC40028DAFA /* AuthRequest.swift in Sources */,
				DC833E4628F52AC50028DAFA /* ActionResult.swift in Sources */,
				DC54870928FE538F005106B0 /* DrawerMenuViewModel.swift in Sources */,
				DCB246F128CB1BB000873CF2 /* PersistantStorage.swift in Sources */,
			);
			runOnlyForDeploymentPostprocessing = 0;
		};
		DC6E409028B75CAE00429771 /* Sources */ = {
			isa = PBXSourcesBuildPhase;
			buildActionMask = 2147483647;
			files = (
				DC6E409928B75CAE00429771 /* TheMovieDBSwiftTests.swift in Sources */,
			);
			runOnlyForDeploymentPostprocessing = 0;
		};
		DC6E409A28B75CAE00429771 /* Sources */ = {
			isa = PBXSourcesBuildPhase;
			buildActionMask = 2147483647;
			files = (
				DC6E40A328B75CAE00429771 /* TheMovieDBSwiftUITests.swift in Sources */,
				DC6E40A528B75CAE00429771 /* TheMovieDBSwiftUITestsLaunchTests.swift in Sources */,
			);
			runOnlyForDeploymentPostprocessing = 0;
		};
/* End PBXSourcesBuildPhase section */

/* Begin PBXTargetDependency section */
		DC6E409628B75CAE00429771 /* PBXTargetDependency */ = {
			isa = PBXTargetDependency;
			target = DC6E407D28B75CAD00429771 /* TheMovieDBSwift */;
			targetProxy = DC6E409528B75CAE00429771 /* PBXContainerItemProxy */;
		};
		DC6E40A028B75CAE00429771 /* PBXTargetDependency */ = {
			isa = PBXTargetDependency;
			target = DC6E407D28B75CAD00429771 /* TheMovieDBSwift */;
			targetProxy = DC6E409F28B75CAE00429771 /* PBXContainerItemProxy */;
		};
/* End PBXTargetDependency section */

/* Begin PBXVariantGroup section */
		DC6E40C128B8638700429771 /* Localizable.strings */ = {
			isa = PBXVariantGroup;
			children = (
				DC6E40C228B8638700429771 /* en */,
				DC6E40C528B8638700429771 /* es */,
			);
			name = Localizable.strings;
			sourceTree = "<group>";
		};
/* End PBXVariantGroup section */

/* Begin XCBuildConfiguration section */
		DC6E40A628B75CAE00429771 /* Debug */ = {
			isa = XCBuildConfiguration;
			buildSettings = {
				ALWAYS_SEARCH_USER_PATHS = NO;
				CLANG_ANALYZER_LOCALIZABILITY_NONLOCALIZED = YES;
				CLANG_ANALYZER_NONNULL = YES;
				CLANG_ANALYZER_NUMBER_OBJECT_CONVERSION = YES_AGGRESSIVE;
				CLANG_CXX_LANGUAGE_STANDARD = "gnu++17";
				CLANG_ENABLE_MODULES = YES;
				CLANG_ENABLE_OBJC_ARC = YES;
				CLANG_ENABLE_OBJC_WEAK = YES;
				CLANG_WARN_BLOCK_CAPTURE_AUTORELEASING = YES;
				CLANG_WARN_BOOL_CONVERSION = YES;
				CLANG_WARN_COMMA = YES;
				CLANG_WARN_CONSTANT_CONVERSION = YES;
				CLANG_WARN_DEPRECATED_OBJC_IMPLEMENTATIONS = YES;
				CLANG_WARN_DIRECT_OBJC_ISA_USAGE = YES_ERROR;
				CLANG_WARN_DOCUMENTATION_COMMENTS = YES;
				CLANG_WARN_EMPTY_BODY = YES;
				CLANG_WARN_ENUM_CONVERSION = YES;
				CLANG_WARN_INFINITE_RECURSION = YES;
				CLANG_WARN_INT_CONVERSION = YES;
				CLANG_WARN_NON_LITERAL_NULL_CONVERSION = YES;
				CLANG_WARN_OBJC_IMPLICIT_RETAIN_SELF = YES;
				CLANG_WARN_OBJC_LITERAL_CONVERSION = YES;
				CLANG_WARN_OBJC_ROOT_CLASS = YES_ERROR;
				CLANG_WARN_QUOTED_INCLUDE_IN_FRAMEWORK_HEADER = YES;
				CLANG_WARN_RANGE_LOOP_ANALYSIS = YES;
				CLANG_WARN_STRICT_PROTOTYPES = YES;
				CLANG_WARN_SUSPICIOUS_MOVE = YES;
				CLANG_WARN_UNGUARDED_AVAILABILITY = YES_AGGRESSIVE;
				CLANG_WARN_UNREACHABLE_CODE = YES;
				CLANG_WARN__DUPLICATE_METHOD_MATCH = YES;
				COPY_PHASE_STRIP = NO;
				DEBUG_INFORMATION_FORMAT = dwarf;
				ENABLE_STRICT_OBJC_MSGSEND = YES;
				ENABLE_TESTABILITY = YES;
				GCC_C_LANGUAGE_STANDARD = gnu11;
				GCC_DYNAMIC_NO_PIC = NO;
				GCC_NO_COMMON_BLOCKS = YES;
				GCC_OPTIMIZATION_LEVEL = 0;
				GCC_PREPROCESSOR_DEFINITIONS = (
					"DEBUG=1",
					"$(inherited)",
				);
				GCC_WARN_64_TO_32_BIT_CONVERSION = YES;
				GCC_WARN_ABOUT_RETURN_TYPE = YES_ERROR;
				GCC_WARN_UNDECLARED_SELECTOR = YES;
				GCC_WARN_UNINITIALIZED_AUTOS = YES_AGGRESSIVE;
				GCC_WARN_UNUSED_FUNCTION = YES;
				GCC_WARN_UNUSED_VARIABLE = YES;
				IPHONEOS_DEPLOYMENT_TARGET = 15.5;
				MTL_ENABLE_DEBUG_INFO = INCLUDE_SOURCE;
				MTL_FAST_MATH = YES;
				ONLY_ACTIVE_ARCH = YES;
				SDKROOT = iphoneos;
				SWIFT_ACTIVE_COMPILATION_CONDITIONS = DEBUG;
				SWIFT_OPTIMIZATION_LEVEL = "-Onone";
			};
			name = Debug;
		};
		DC6E40A728B75CAE00429771 /* Release */ = {
			isa = XCBuildConfiguration;
			buildSettings = {
				ALWAYS_SEARCH_USER_PATHS = NO;
				CLANG_ANALYZER_LOCALIZABILITY_NONLOCALIZED = YES;
				CLANG_ANALYZER_NONNULL = YES;
				CLANG_ANALYZER_NUMBER_OBJECT_CONVERSION = YES_AGGRESSIVE;
				CLANG_CXX_LANGUAGE_STANDARD = "gnu++17";
				CLANG_ENABLE_MODULES = YES;
				CLANG_ENABLE_OBJC_ARC = YES;
				CLANG_ENABLE_OBJC_WEAK = YES;
				CLANG_WARN_BLOCK_CAPTURE_AUTORELEASING = YES;
				CLANG_WARN_BOOL_CONVERSION = YES;
				CLANG_WARN_COMMA = YES;
				CLANG_WARN_CONSTANT_CONVERSION = YES;
				CLANG_WARN_DEPRECATED_OBJC_IMPLEMENTATIONS = YES;
				CLANG_WARN_DIRECT_OBJC_ISA_USAGE = YES_ERROR;
				CLANG_WARN_DOCUMENTATION_COMMENTS = YES;
				CLANG_WARN_EMPTY_BODY = YES;
				CLANG_WARN_ENUM_CONVERSION = YES;
				CLANG_WARN_INFINITE_RECURSION = YES;
				CLANG_WARN_INT_CONVERSION = YES;
				CLANG_WARN_NON_LITERAL_NULL_CONVERSION = YES;
				CLANG_WARN_OBJC_IMPLICIT_RETAIN_SELF = YES;
				CLANG_WARN_OBJC_LITERAL_CONVERSION = YES;
				CLANG_WARN_OBJC_ROOT_CLASS = YES_ERROR;
				CLANG_WARN_QUOTED_INCLUDE_IN_FRAMEWORK_HEADER = YES;
				CLANG_WARN_RANGE_LOOP_ANALYSIS = YES;
				CLANG_WARN_STRICT_PROTOTYPES = YES;
				CLANG_WARN_SUSPICIOUS_MOVE = YES;
				CLANG_WARN_UNGUARDED_AVAILABILITY = YES_AGGRESSIVE;
				CLANG_WARN_UNREACHABLE_CODE = YES;
				CLANG_WARN__DUPLICATE_METHOD_MATCH = YES;
				COPY_PHASE_STRIP = NO;
				DEBUG_INFORMATION_FORMAT = "dwarf-with-dsym";
				ENABLE_NS_ASSERTIONS = NO;
				ENABLE_STRICT_OBJC_MSGSEND = YES;
				GCC_C_LANGUAGE_STANDARD = gnu11;
				GCC_NO_COMMON_BLOCKS = YES;
				GCC_WARN_64_TO_32_BIT_CONVERSION = YES;
				GCC_WARN_ABOUT_RETURN_TYPE = YES_ERROR;
				GCC_WARN_UNDECLARED_SELECTOR = YES;
				GCC_WARN_UNINITIALIZED_AUTOS = YES_AGGRESSIVE;
				GCC_WARN_UNUSED_FUNCTION = YES;
				GCC_WARN_UNUSED_VARIABLE = YES;
				IPHONEOS_DEPLOYMENT_TARGET = 15.5;
				MTL_ENABLE_DEBUG_INFO = NO;
				MTL_FAST_MATH = YES;
				SDKROOT = iphoneos;
				SWIFT_COMPILATION_MODE = wholemodule;
				SWIFT_OPTIMIZATION_LEVEL = "-O";
				VALIDATE_PRODUCT = YES;
			};
			name = Release;
		};
		DC6E40A928B75CAE00429771 /* Debug */ = {
			isa = XCBuildConfiguration;
			baseConfigurationReference = EA223B7B760B29FA7E81A720 /* Pods-TheMovieDBSwift.debug.xcconfig */;
			buildSettings = {
				API_BASE_URL = "https://api.themoviedb.org";
				API_KEY = 6c4ace606c2f60c95dc9ae547be5e4d6;
				ASSETCATALOG_COMPILER_APPICON_NAME = AppIcon;
				ASSETCATALOG_COMPILER_GLOBAL_ACCENT_COLOR_NAME = AccentColor;
				CODE_SIGN_STYLE = Automatic;
				CURRENT_PROJECT_VERSION = 1;
				DEVELOPMENT_TEAM = Q9JV89N8T3;
				ENABLE_TESTING_SEARCH_PATHS = YES;
				GENERATE_INFOPLIST_FILE = YES;
				IMAGE_BASE_URL = "http://image.tmdb.org";
				INFOPLIST_FILE = TheMovieDBSwift/Resources/Info.plist;
				INFOPLIST_KEY_UIApplicationSupportsIndirectInputEvents = YES;
				INFOPLIST_KEY_UILaunchStoryboardName = "Launch Screen";
				INFOPLIST_KEY_UIMainStoryboardFile = "Launch Screen";
				INFOPLIST_KEY_UIRequiredDeviceCapabilities = armv7;
				INFOPLIST_KEY_UISupportedInterfaceOrientations = "UIInterfaceOrientationPortrait UIInterfaceOrientationLandscapeLeft UIInterfaceOrientationLandscapeRight";
				INFOPLIST_KEY_UISupportedInterfaceOrientations_iPad = "UIInterfaceOrientationPortrait UIInterfaceOrientationPortraitUpsideDown UIInterfaceOrientationLandscapeLeft UIInterfaceOrientationLandscapeRight";
				INFOPLIST_KEY_UISupportedInterfaceOrientations_iPhone = "UIInterfaceOrientationPortrait UIInterfaceOrientationLandscapeLeft UIInterfaceOrientationLandscapeRight";
				LD_RUNPATH_SEARCH_PATHS = (
					"$(inherited)",
					"@executable_path/Frameworks",
				);
				MARKETING_VERSION = 1.0;
				PRODUCT_BUNDLE_IDENTIFIER = HaLinh.TheMovieDBSwift;
				PRODUCT_NAME = "$(TARGET_NAME)";
				SWIFT_EMIT_LOC_STRINGS = YES;
				SWIFT_VERSION = 5.0;
				TARGETED_DEVICE_FAMILY = "1,2";
			};
			name = Debug;
		};
		DC6E40AA28B75CAE00429771 /* Release */ = {
			isa = XCBuildConfiguration;
			baseConfigurationReference = A60EC7B6325425CB1BDE3881 /* Pods-TheMovieDBSwift.release.xcconfig */;
			buildSettings = {
				API_BASE_URL = "https://api.themoviedb.org";
				API_KEY = 6c4ace606c2f60c95dc9ae547be5e4d6;
				ASSETCATALOG_COMPILER_APPICON_NAME = AppIcon;
				ASSETCATALOG_COMPILER_GLOBAL_ACCENT_COLOR_NAME = AccentColor;
				CODE_SIGN_STYLE = Automatic;
				CURRENT_PROJECT_VERSION = 1;
				DEVELOPMENT_TEAM = Q9JV89N8T3;
				ENABLE_TESTING_SEARCH_PATHS = YES;
				GENERATE_INFOPLIST_FILE = YES;
				IMAGE_BASE_URL = "http://image.tmdb.org";
				INFOPLIST_FILE = TheMovieDBSwift/Resources/Info.plist;
				INFOPLIST_KEY_UIApplicationSupportsIndirectInputEvents = YES;
				INFOPLIST_KEY_UILaunchStoryboardName = "Launch Screen";
				INFOPLIST_KEY_UIMainStoryboardFile = "Launch Screen";
				INFOPLIST_KEY_UIRequiredDeviceCapabilities = armv7;
				INFOPLIST_KEY_UISupportedInterfaceOrientations = "UIInterfaceOrientationPortrait UIInterfaceOrientationLandscapeLeft UIInterfaceOrientationLandscapeRight";
				INFOPLIST_KEY_UISupportedInterfaceOrientations_iPad = "UIInterfaceOrientationPortrait UIInterfaceOrientationPortraitUpsideDown UIInterfaceOrientationLandscapeLeft UIInterfaceOrientationLandscapeRight";
				INFOPLIST_KEY_UISupportedInterfaceOrientations_iPhone = "UIInterfaceOrientationPortrait UIInterfaceOrientationLandscapeLeft UIInterfaceOrientationLandscapeRight";
				LD_RUNPATH_SEARCH_PATHS = (
					"$(inherited)",
					"@executable_path/Frameworks",
				);
				MARKETING_VERSION = 1.0;
				PRODUCT_BUNDLE_IDENTIFIER = HaLinh.TheMovieDBSwift;
				PRODUCT_NAME = "$(TARGET_NAME)";
				SWIFT_EMIT_LOC_STRINGS = YES;
				SWIFT_VERSION = 5.0;
				TARGETED_DEVICE_FAMILY = "1,2";
			};
			name = Release;
		};
		DC6E40AC28B75CAE00429771 /* Debug */ = {
			isa = XCBuildConfiguration;
			baseConfigurationReference = E005B624649F319FF18DFC72 /* Pods-TheMovieDBSwiftTests.debug.xcconfig */;
			buildSettings = {
				ALWAYS_EMBED_SWIFT_STANDARD_LIBRARIES = YES;
				BUNDLE_LOADER = "$(TEST_HOST)";
				CODE_SIGN_STYLE = Automatic;
				CURRENT_PROJECT_VERSION = 1;
				DEVELOPMENT_TEAM = Q9JV89N8T3;
				GENERATE_INFOPLIST_FILE = YES;
				IPHONEOS_DEPLOYMENT_TARGET = 15.5;
				MARKETING_VERSION = 1.0;
				PRODUCT_BUNDLE_IDENTIFIER = HaLinh.TheMovieDBSwiftTests;
				PRODUCT_NAME = "$(TARGET_NAME)";
				SWIFT_EMIT_LOC_STRINGS = NO;
				SWIFT_VERSION = 5.0;
				TARGETED_DEVICE_FAMILY = "1,2";
				TEST_HOST = "$(BUILT_PRODUCTS_DIR)/TheMovieDBSwift.app/TheMovieDBSwift";
			};
			name = Debug;
		};
		DC6E40AD28B75CAE00429771 /* Release */ = {
			isa = XCBuildConfiguration;
			baseConfigurationReference = 57C13912713BC8DF4FFAB7C8 /* Pods-TheMovieDBSwiftTests.release.xcconfig */;
			buildSettings = {
				ALWAYS_EMBED_SWIFT_STANDARD_LIBRARIES = YES;
				BUNDLE_LOADER = "$(TEST_HOST)";
				CODE_SIGN_STYLE = Automatic;
				CURRENT_PROJECT_VERSION = 1;
				DEVELOPMENT_TEAM = Q9JV89N8T3;
				GENERATE_INFOPLIST_FILE = YES;
				IPHONEOS_DEPLOYMENT_TARGET = 15.5;
				MARKETING_VERSION = 1.0;
				PRODUCT_BUNDLE_IDENTIFIER = HaLinh.TheMovieDBSwiftTests;
				PRODUCT_NAME = "$(TARGET_NAME)";
				SWIFT_EMIT_LOC_STRINGS = NO;
				SWIFT_VERSION = 5.0;
				TARGETED_DEVICE_FAMILY = "1,2";
				TEST_HOST = "$(BUILT_PRODUCTS_DIR)/TheMovieDBSwift.app/TheMovieDBSwift";
			};
			name = Release;
		};
		DC6E40AF28B75CAE00429771 /* Debug */ = {
			isa = XCBuildConfiguration;
			baseConfigurationReference = 76B8E483D9709460957740A4 /* Pods-TheMovieDBSwift-TheMovieDBSwiftUITests.debug.xcconfig */;
			buildSettings = {
				ALWAYS_EMBED_SWIFT_STANDARD_LIBRARIES = YES;
				CODE_SIGN_STYLE = Automatic;
				CURRENT_PROJECT_VERSION = 1;
				DEVELOPMENT_TEAM = Q9JV89N8T3;
				GENERATE_INFOPLIST_FILE = YES;
				MARKETING_VERSION = 1.0;
				PRODUCT_BUNDLE_IDENTIFIER = HaLinh.TheMovieDBSwiftUITests;
				PRODUCT_NAME = "$(TARGET_NAME)";
				SWIFT_EMIT_LOC_STRINGS = NO;
				SWIFT_VERSION = 5.0;
				TARGETED_DEVICE_FAMILY = "1,2";
				TEST_TARGET_NAME = TheMovieDBSwift;
			};
			name = Debug;
		};
		DC6E40B028B75CAE00429771 /* Release */ = {
			isa = XCBuildConfiguration;
			baseConfigurationReference = D8759C38EFF84C944041C508 /* Pods-TheMovieDBSwift-TheMovieDBSwiftUITests.release.xcconfig */;
			buildSettings = {
				ALWAYS_EMBED_SWIFT_STANDARD_LIBRARIES = YES;
				CODE_SIGN_STYLE = Automatic;
				CURRENT_PROJECT_VERSION = 1;
				DEVELOPMENT_TEAM = Q9JV89N8T3;
				GENERATE_INFOPLIST_FILE = YES;
				MARKETING_VERSION = 1.0;
				PRODUCT_BUNDLE_IDENTIFIER = HaLinh.TheMovieDBSwiftUITests;
				PRODUCT_NAME = "$(TARGET_NAME)";
				SWIFT_EMIT_LOC_STRINGS = NO;
				SWIFT_VERSION = 5.0;
				TARGETED_DEVICE_FAMILY = "1,2";
				TEST_TARGET_NAME = TheMovieDBSwift;
			};
			name = Release;
		};
/* End XCBuildConfiguration section */

/* Begin XCConfigurationList section */
		DC6E407928B75CAD00429771 /* Build configuration list for PBXProject "TheMovieDBSwift" */ = {
			isa = XCConfigurationList;
			buildConfigurations = (
				DC6E40A628B75CAE00429771 /* Debug */,
				DC6E40A728B75CAE00429771 /* Release */,
			);
			defaultConfigurationIsVisible = 0;
			defaultConfigurationName = Release;
		};
		DC6E40A828B75CAE00429771 /* Build configuration list for PBXNativeTarget "TheMovieDBSwift" */ = {
			isa = XCConfigurationList;
			buildConfigurations = (
				DC6E40A928B75CAE00429771 /* Debug */,
				DC6E40AA28B75CAE00429771 /* Release */,
			);
			defaultConfigurationIsVisible = 0;
			defaultConfigurationName = Release;
		};
		DC6E40AB28B75CAE00429771 /* Build configuration list for PBXNativeTarget "TheMovieDBSwiftTests" */ = {
			isa = XCConfigurationList;
			buildConfigurations = (
				DC6E40AC28B75CAE00429771 /* Debug */,
				DC6E40AD28B75CAE00429771 /* Release */,
			);
			defaultConfigurationIsVisible = 0;
			defaultConfigurationName = Release;
		};
		DC6E40AE28B75CAE00429771 /* Build configuration list for PBXNativeTarget "TheMovieDBSwiftUITests" */ = {
			isa = XCConfigurationList;
			buildConfigurations = (
				DC6E40AF28B75CAE00429771 /* Debug */,
				DC6E40B028B75CAE00429771 /* Release */,
			);
			defaultConfigurationIsVisible = 0;
			defaultConfigurationName = Release;
		};
/* End XCConfigurationList section */

/* Begin XCRemoteSwiftPackageReference section */
		DC54870B28FE53E4005106B0 /* XCRemoteSwiftPackageReference "SideMenu" */ = {
			isa = XCRemoteSwiftPackageReference;
			repositoryURL = "https://github.com/jonkykong/SideMenu.git";
			requirement = {
				kind = upToNextMajorVersion;
				minimumVersion = 6.0.0;
			};
		};
		DC6E418628B87FFB00429771 /* XCRemoteSwiftPackageReference "Swinject" */ = {
			isa = XCRemoteSwiftPackageReference;
			repositoryURL = "https://github.com/Swinject/Swinject.git";
			requirement = {
				kind = exactVersion;
				version = 2.8.2;
			};
		};
		DC6E41A128B8AD6D00429771 /* XCRemoteSwiftPackageReference "SwifterSwift" */ = {
			isa = XCRemoteSwiftPackageReference;
			repositoryURL = "https://github.com/SwifterSwift/SwifterSwift.git";
			requirement = {
				kind = exactVersion;
				version = 5.3.0;
			};
		};
		DC6E41AD28B8BF7C00429771 /* XCRemoteSwiftPackageReference "RxSwift" */ = {
			isa = XCRemoteSwiftPackageReference;
			repositoryURL = "https://github.com/ReactiveX/RxSwift.git";
			requirement = {
				kind = exactVersion;
				version = 6.5.0;
			};
		};
		DC833E4228F52A990028DAFA /* XCRemoteSwiftPackageReference "Action" */ = {
			isa = XCRemoteSwiftPackageReference;
			repositoryURL = "https://github.com/RxSwiftCommunity/Action";
			requirement = {
				kind = upToNextMajorVersion;
				minimumVersion = 5.0.0;
			};
		};
		DC833E5F28F569BE0028DAFA /* XCRemoteSwiftPackageReference "XCGLogger" */ = {
			isa = XCRemoteSwiftPackageReference;
			repositoryURL = "https://github.com/DaveWoodCom/XCGLogger";
			requirement = {
				kind = upToNextMajorVersion;
				minimumVersion = 7.0.0;
			};
		};
		DC85BC1328BCBAA300187748 /* XCRemoteSwiftPackageReference "realm-swift" */ = {
			isa = XCRemoteSwiftPackageReference;
			repositoryURL = "https://github.com/realm/realm-swift.git";
			requirement = {
				branch = master;
				kind = branch;
			};
		};
		DC88488028EFE7A3006698A1 /* XCRemoteSwiftPackageReference "Willow" */ = {
			isa = XCRemoteSwiftPackageReference;
			repositoryURL = "https://github.com/Nike-Inc/Willow.git";
			requirement = {
				kind = upToNextMajorVersion;
				minimumVersion = 6.0.0;
			};
		};
		DCA7DA7028DAFA8E0013996C /* XCRemoteSwiftPackageReference "NSObject-Rx" */ = {
			isa = XCRemoteSwiftPackageReference;
			repositoryURL = "https://github.com/RxSwiftCommunity/NSObject-Rx";
			requirement = {
				kind = upToNextMajorVersion;
				minimumVersion = 5.0.0;
			};
		};
		DCCFEC9328BC699900019DBB /* XCRemoteSwiftPackageReference "Moya" */ = {
			isa = XCRemoteSwiftPackageReference;
			repositoryURL = "https://github.com/Moya/Moya.git";
			requirement = {
				kind = exactVersion;
				version = 15.0.0;
			};
		};
		DCD7857E28F66066008E36B2 /* XCRemoteSwiftPackageReference "ProgressHUD" */ = {
			isa = XCRemoteSwiftPackageReference;
			repositoryURL = "https://github.com/relatedcode/ProgressHUD";
			requirement = {
				kind = upToNextMajorVersion;
				minimumVersion = 13.0.0;
			};
		};
		DCEFA4EC28E159EF00869D4E /* XCRemoteSwiftPackageReference "RxRealm" */ = {
			isa = XCRemoteSwiftPackageReference;
			repositoryURL = "https://github.com/RxSwiftCommunity/RxRealm.git";
			requirement = {
				branch = main;
				kind = branch;
			};
		};
/* End XCRemoteSwiftPackageReference section */

/* Begin XCSwiftPackageProductDependency section */
		DC54870C28FE53E4005106B0 /* SideMenu */ = {
			isa = XCSwiftPackageProductDependency;
			package = DC54870B28FE53E4005106B0 /* XCRemoteSwiftPackageReference "SideMenu" */;
			productName = SideMenu;
		};
		DC6E418728B87FFB00429771 /* Swinject */ = {
			isa = XCSwiftPackageProductDependency;
			package = DC6E418628B87FFB00429771 /* XCRemoteSwiftPackageReference "Swinject" */;
			productName = Swinject;
		};
		DC6E41A228B8AD6D00429771 /* SwifterSwift */ = {
			isa = XCSwiftPackageProductDependency;
			package = DC6E41A128B8AD6D00429771 /* XCRemoteSwiftPackageReference "SwifterSwift" */;
			productName = SwifterSwift;
		};
		DC6E41AE28B8BF7C00429771 /* RxCocoa */ = {
			isa = XCSwiftPackageProductDependency;
			package = DC6E41AD28B8BF7C00429771 /* XCRemoteSwiftPackageReference "RxSwift" */;
			productName = RxCocoa;
		};
		DC6E41B028B8BF7C00429771 /* RxRelay */ = {
			isa = XCSwiftPackageProductDependency;
			package = DC6E41AD28B8BF7C00429771 /* XCRemoteSwiftPackageReference "RxSwift" */;
			productName = RxRelay;
		};
		DC6E41B228B8BF7C00429771 /* RxSwift */ = {
			isa = XCSwiftPackageProductDependency;
			package = DC6E41AD28B8BF7C00429771 /* XCRemoteSwiftPackageReference "RxSwift" */;
			productName = RxSwift;
		};
		DC833E4328F52A990028DAFA /* Action */ = {
			isa = XCSwiftPackageProductDependency;
			package = DC833E4228F52A990028DAFA /* XCRemoteSwiftPackageReference "Action" */;
			productName = Action;
		};
		DC833E6028F569BE0028DAFA /* ObjcExceptionBridging */ = {
			isa = XCSwiftPackageProductDependency;
			package = DC833E5F28F569BE0028DAFA /* XCRemoteSwiftPackageReference "XCGLogger" */;
			productName = ObjcExceptionBridging;
		};
		DC833E6228F569BE0028DAFA /* XCGLogger */ = {
			isa = XCSwiftPackageProductDependency;
			package = DC833E5F28F569BE0028DAFA /* XCRemoteSwiftPackageReference "XCGLogger" */;
			productName = XCGLogger;
		};
		DC85BC1428BCBAA300187748 /* Realm */ = {
			isa = XCSwiftPackageProductDependency;
			package = DC85BC1328BCBAA300187748 /* XCRemoteSwiftPackageReference "realm-swift" */;
			productName = Realm;
		};
		DC85BC1628BCBAA300187748 /* RealmSwift */ = {
			isa = XCSwiftPackageProductDependency;
			package = DC85BC1328BCBAA300187748 /* XCRemoteSwiftPackageReference "realm-swift" */;
			productName = RealmSwift;
		};
		DC88488128EFE7A3006698A1 /* Willow */ = {
			isa = XCSwiftPackageProductDependency;
			package = DC88488028EFE7A3006698A1 /* XCRemoteSwiftPackageReference "Willow" */;
			productName = Willow;
		};
		DCA7DA7128DAFA8F0013996C /* NSObject-Rx */ = {
			isa = XCSwiftPackageProductDependency;
			package = DCA7DA7028DAFA8E0013996C /* XCRemoteSwiftPackageReference "NSObject-Rx" */;
			productName = "NSObject-Rx";
		};
		DCCFEC9428BC699900019DBB /* Moya */ = {
			isa = XCSwiftPackageProductDependency;
			package = DCCFEC9328BC699900019DBB /* XCRemoteSwiftPackageReference "Moya" */;
			productName = Moya;
		};
		DCCFEC9628BC699900019DBB /* ReactiveMoya */ = {
			isa = XCSwiftPackageProductDependency;
			package = DCCFEC9328BC699900019DBB /* XCRemoteSwiftPackageReference "Moya" */;
			productName = ReactiveMoya;
		};
		DCCFEC9828BC699900019DBB /* RxMoya */ = {
			isa = XCSwiftPackageProductDependency;
			package = DCCFEC9328BC699900019DBB /* XCRemoteSwiftPackageReference "Moya" */;
			productName = RxMoya;
		};
		DCD7857F28F66066008E36B2 /* ProgressHUD */ = {
			isa = XCSwiftPackageProductDependency;
			package = DCD7857E28F66066008E36B2 /* XCRemoteSwiftPackageReference "ProgressHUD" */;
			productName = ProgressHUD;
		};
		DCEFA4ED28E159EF00869D4E /* RxRealm */ = {
			isa = XCSwiftPackageProductDependency;
			package = DCEFA4EC28E159EF00869D4E /* XCRemoteSwiftPackageReference "RxRealm" */;
			productName = RxRealm;
		};
/* End XCSwiftPackageProductDependency section */
	};
	rootObject = DC6E407628B75CAD00429771 /* Project object */;
}
