// !$*UTF8*$!
{
	archiveVersion = 1;
	classes = {
	};
	objectVersion = 55;
	objects = {

/* Begin PBXBuildFile section */
		DC18B461290A309B00CA9C6B /* R.generated.swift in Sources */ = {isa = PBXBuildFile; fileRef = DC18B460290A309B00CA9C6B /* R.generated.swift */; };
		DC18B4BD290BB15B00CA9C6B /* Colors.xcassets in Resources */ = {isa = PBXBuildFile; fileRef = DC18B4BC290BB15B00CA9C6B /* Colors.xcassets */; };
		DC18B4C7290BC98600CA9C6B /* .swiftlint.yml in Resources */ = {isa = PBXBuildFile; fileRef = DC18B4C6290BC98600CA9C6B /* .swiftlint.yml */; };
		DC18B4C9290BDB6100CA9C6B /* HasDisposedBag.swift in Sources */ = {isa = PBXBuildFile; fileRef = DC18B4C8290BDB6100CA9C6B /* HasDisposedBag.swift */; };
		DC18B4D0290E6FAC00CA9C6B /* MovieCell.swift in Sources */ = {isa = PBXBuildFile; fileRef = DC18B4CE290E6FAC00CA9C6B /* MovieCell.swift */; };
		DC18B4D1290E6FAC00CA9C6B /* MovieCell.xib in Resources */ = {isa = PBXBuildFile; fileRef = DC18B4CF290E6FAC00CA9C6B /* MovieCell.xib */; };
		DC18B4D4290E6FFF00CA9C6B /* CircleView.swift in Sources */ = {isa = PBXBuildFile; fileRef = DC18B4D3290E6FFF00CA9C6B /* CircleView.swift */; };
		DC18B4D6290E700B00CA9C6B /* CircleView.xib in Resources */ = {isa = PBXBuildFile; fileRef = DC18B4D5290E700B00CA9C6B /* CircleView.xib */; };
		DC18B4D8290E77F000CA9C6B /* UITableView+Ex.swift in Sources */ = {isa = PBXBuildFile; fileRef = DC18B4D7290E77F000CA9C6B /* UITableView+Ex.swift */; };
		DC18B4DA290E781300CA9C6B /* UICollectionView+Ex.swift in Sources */ = {isa = PBXBuildFile; fileRef = DC18B4D9290E781300CA9C6B /* UICollectionView+Ex.swift */; };
		DC18B4DC290E798800CA9C6B /* MovieDataSource.swift in Sources */ = {isa = PBXBuildFile; fileRef = DC18B4DB290E798800CA9C6B /* MovieDataSource.swift */; };
		DC18B4E1290F6D9300CA9C6B /* ImageLoader.swift in Sources */ = {isa = PBXBuildFile; fileRef = DC18B4E0290F6D9300CA9C6B /* ImageLoader.swift */; };
		DC18B4E3290F7C7700CA9C6B /* UICollectionViewCell+Ex.swift in Sources */ = {isa = PBXBuildFile; fileRef = DC18B4E2290F7C7700CA9C6B /* UICollectionViewCell+Ex.swift */; };
		DC28BCE828E1952C000D4FF0 /* ResponseParser.swift in Sources */ = {isa = PBXBuildFile; fileRef = DC28BCE728E1952C000D4FF0 /* ResponseParser.swift */; };
		DC28BCEE28E559DC000D4FF0 /* Respository.swift in Sources */ = {isa = PBXBuildFile; fileRef = DC28BCED28E559DC000D4FF0 /* Respository.swift */; };
		DC28BCF028E55A15000D4FF0 /* DataSource.swift in Sources */ = {isa = PBXBuildFile; fileRef = DC28BCEF28E55A15000D4FF0 /* DataSource.swift */; };
		DC28BCF328E55BA9000D4FF0 /* UserPreferencesStorage.swift in Sources */ = {isa = PBXBuildFile; fileRef = DC28BCF228E55BA9000D4FF0 /* UserPreferencesStorage.swift */; };
		DC54870128FE45F9005106B0 /* CoordinatorType.swift in Sources */ = {isa = PBXBuildFile; fileRef = DC54870028FE45F9005106B0 /* CoordinatorType.swift */; };
		DC54870828FE538F005106B0 /* DrawerMenuCoordinator.swift in Sources */ = {isa = PBXBuildFile; fileRef = DC54870428FE538F005106B0 /* DrawerMenuCoordinator.swift */; };
		DC54870928FE538F005106B0 /* NavigationViewModel.swift in Sources */ = {isa = PBXBuildFile; fileRef = DC54870528FE538F005106B0 /* NavigationViewModel.swift */; };
		DC54870F28FE5425005106B0 /* DrawerMenuScreen.swift in Sources */ = {isa = PBXBuildFile; fileRef = DC54870E28FE5425005106B0 /* DrawerMenuScreen.swift */; };
		DC54871128FE9972005106B0 /* NavigationViewModelType.swift in Sources */ = {isa = PBXBuildFile; fileRef = DC54871028FE9972005106B0 /* NavigationViewModelType.swift */; };
		DC54871428FEA6EB005106B0 /* DrawerMenuViewController.swift in Sources */ = {isa = PBXBuildFile; fileRef = DC54871228FEA6EB005106B0 /* DrawerMenuViewController.swift */; };
		DC54871528FEA6EB005106B0 /* DrawerMenuViewController.xib in Resources */ = {isa = PBXBuildFile; fileRef = DC54871328FEA6EB005106B0 /* DrawerMenuViewController.xib */; };
		DC54871928FEAA48005106B0 /* DrawerMenuCell.swift in Sources */ = {isa = PBXBuildFile; fileRef = DC54871728FEAA48005106B0 /* DrawerMenuCell.swift */; };
		DC54871A28FEAA48005106B0 /* DrawerMenuCell.xib in Resources */ = {isa = PBXBuildFile; fileRef = DC54871828FEAA48005106B0 /* DrawerMenuCell.xib */; };
		DC54871E28FF8FC5005106B0 /* DashboardViewController.swift in Sources */ = {isa = PBXBuildFile; fileRef = DC54871C28FF8FC5005106B0 /* DashboardViewController.swift */; };
		DC54871F28FF8FC5005106B0 /* DashboardViewController.xib in Resources */ = {isa = PBXBuildFile; fileRef = DC54871D28FF8FC5005106B0 /* DashboardViewController.xib */; };
		DC54872128FF8FD0005106B0 /* DashboardCoordinator.swift in Sources */ = {isa = PBXBuildFile; fileRef = DC54872028FF8FCF005106B0 /* DashboardCoordinator.swift */; };
		DC54872428FF8FFE005106B0 /* DashboardViewModel.swift in Sources */ = {isa = PBXBuildFile; fileRef = DC54872328FF8FFE005106B0 /* DashboardViewModel.swift */; };
		DC54872528FF8FFE005106B0 /* DashboardViewModelType.swift in Sources */ = {isa = PBXBuildFile; fileRef = DC54872228FF8FFE005106B0 /* DashboardViewModelType.swift */; };
		DC54872728FF90AE005106B0 /* Movie.swift in Sources */ = {isa = PBXBuildFile; fileRef = DC54872628FF90AE005106B0 /* Movie.swift */; };
		DC54872928FFF6EB005106B0 /* RickViewController.swift in Sources */ = {isa = PBXBuildFile; fileRef = DC54872828FFF6EB005106B0 /* RickViewController.swift */; };
		DC54872C2900E2F6005106B0 /* MovieListViewModelType.swift in Sources */ = {isa = PBXBuildFile; fileRef = DC54872B2900E2F5005106B0 /* MovieListViewModelType.swift */; };
		DC54872E2900E450005106B0 /* MovieListViewModel.swift in Sources */ = {isa = PBXBuildFile; fileRef = DC54872D2900E450005106B0 /* MovieListViewModel.swift */; };
		DC5487312900E644005106B0 /* MovieRepository.swift in Sources */ = {isa = PBXBuildFile; fileRef = DC5487302900E644005106B0 /* MovieRepository.swift */; };
		DC5487332900E660005106B0 /* MovieRepositoryType.swift in Sources */ = {isa = PBXBuildFile; fileRef = DC5487322900E660005106B0 /* MovieRepositoryType.swift */; };
		DC5487362900E6DA005106B0 /* MovieRequest.swift in Sources */ = {isa = PBXBuildFile; fileRef = DC5487352900E6DA005106B0 /* MovieRequest.swift */; };
		DC5487382900E6E5005106B0 /* MovieResponse.swift in Sources */ = {isa = PBXBuildFile; fileRef = DC5487372900E6E5005106B0 /* MovieResponse.swift */; };
		DC54873A2900F9A0005106B0 /* MovieTranslator.swift in Sources */ = {isa = PBXBuildFile; fileRef = DC5487392900F9A0005106B0 /* MovieTranslator.swift */; };
		DC54873D2900FD91005106B0 /* MovieUseCaseType.swift in Sources */ = {isa = PBXBuildFile; fileRef = DC54873C2900FD91005106B0 /* MovieUseCaseType.swift */; };
		DC54873F2900FD9C005106B0 /* MovieUseCase.swift in Sources */ = {isa = PBXBuildFile; fileRef = DC54873E2900FD9C005106B0 /* MovieUseCase.swift */; };
		DC5487412901053D005106B0 /* Page.swift in Sources */ = {isa = PBXBuildFile; fileRef = DC5487402901053D005106B0 /* Page.swift */; };
		DC548744290107B4005106B0 /* MovieListViewController.swift in Sources */ = {isa = PBXBuildFile; fileRef = DC548742290107B4005106B0 /* MovieListViewController.swift */; };
		DC548745290107B4005106B0 /* MovieListViewController.xib in Resources */ = {isa = PBXBuildFile; fileRef = DC548743290107B4005106B0 /* MovieListViewController.xib */; };
		DC5487482901084A005106B0 /* MovieTableCell.swift in Sources */ = {isa = PBXBuildFile; fileRef = DC5487462901084A005106B0 /* MovieTableCell.swift */; };
		DC5487492901084A005106B0 /* MovieTableCell.xib in Resources */ = {isa = PBXBuildFile; fileRef = DC5487472901084A005106B0 /* MovieTableCell.xib */; };
		DC54874C2901269D005106B0 /* MovieListCoordinator.swift in Sources */ = {isa = PBXBuildFile; fileRef = DC54874B2901269D005106B0 /* MovieListCoordinator.swift */; };
		DC54874E290139FC005106B0 /* ApiLogPlugin.swift in Sources */ = {isa = PBXBuildFile; fileRef = DC54874D290139FC005106B0 /* ApiLogPlugin.swift */; };
		DC6E408428B75CAD00429771 /* SceneDelegate.swift in Sources */ = {isa = PBXBuildFile; fileRef = DC6E408328B75CAD00429771 /* SceneDelegate.swift */; };
		DC6E413D28B8638800429771 /* Localizable.strings in Resources */ = {isa = PBXBuildFile; fileRef = DC6E40C128B8638700429771 /* Localizable.strings */; };
		DC6E413F28B8638800429771 /* Assets.xcassets in Resources */ = {isa = PBXBuildFile; fileRef = DC6E40C628B8638700429771 /* Assets.xcassets */; };
		DC6E414528B8638800429771 /* CredentialObject.swift in Sources */ = {isa = PBXBuildFile; fileRef = DC6E40D128B8638700429771 /* CredentialObject.swift */; };
		DC6E414F28B8638800429771 /* AppConfigurations.swift in Sources */ = {isa = PBXBuildFile; fileRef = DC6E40E028B8638700429771 /* AppConfigurations.swift */; };
		DC6E415228B8638800429771 /* AppDelegate.swift in Sources */ = {isa = PBXBuildFile; fileRef = DC6E40E428B8638700429771 /* AppDelegate.swift */; };
		DC6E417028B8638800429771 /* LoginViewModel.swift in Sources */ = {isa = PBXBuildFile; fileRef = DC6E412228B8638700429771 /* LoginViewModel.swift */; };
		DC6E417128B8638800429771 /* LoginViewController.swift in Sources */ = {isa = PBXBuildFile; fileRef = DC6E412328B8638700429771 /* LoginViewController.swift */; };
		DC6E418528B87FA000429771 /* ServiceFacade.swift in Sources */ = {isa = PBXBuildFile; fileRef = DC6E418428B87FA000429771 /* ServiceFacade.swift */; };
		DC6E419528B8862F00429771 /* LoginViewController.xib in Resources */ = {isa = PBXBuildFile; fileRef = DC6E419328B8862F00429771 /* LoginViewController.xib */; };
		DC6E41A728B8B51B00429771 /* AuthUseCaseType.swift in Sources */ = {isa = PBXBuildFile; fileRef = DC6E41A628B8B51B00429771 /* AuthUseCaseType.swift */; };
		DC6E41A928B8B6CE00429771 /* CommonError.swift in Sources */ = {isa = PBXBuildFile; fileRef = DC6E41A828B8B6CE00429771 /* CommonError.swift */; };
		DC6E41AA28B8BE1A00429771 /* Pods_TheMovieDBSwift.framework in Frameworks */ = {isa = PBXBuildFile; fileRef = 16138EC1972AD3B841A7C3AB /* Pods_TheMovieDBSwift.framework */; };
		DC6E41AB28B8BE1A00429771 /* Pods_TheMovieDBSwift.framework in Embed Frameworks */ = {isa = PBXBuildFile; fileRef = 16138EC1972AD3B841A7C3AB /* Pods_TheMovieDBSwift.framework */; settings = {ATTRIBUTES = (CodeSignOnCopy, RemoveHeadersOnCopy, ); }; };
		DC6E41B728B8C7BE00429771 /* Launch Screen.storyboard in Resources */ = {isa = PBXBuildFile; fileRef = DC6E41B628B8C7BE00429771 /* Launch Screen.storyboard */; };
		DC833E3F28F3D8C40028DAFA /* LoginViewModelType.swift in Sources */ = {isa = PBXBuildFile; fileRef = DC833E3E28F3D8C40028DAFA /* LoginViewModelType.swift */; };
		DC833E4128F3F5C90028DAFA /* ViewModelType.swift in Sources */ = {isa = PBXBuildFile; fileRef = DC833E4028F3F5C90028DAFA /* ViewModelType.swift */; };
		DC833E4628F52AC50028DAFA /* ActionResult.swift in Sources */ = {isa = PBXBuildFile; fileRef = DC833E4528F52AC50028DAFA /* ActionResult.swift */; };
		DC833E4C28F52C650028DAFA /* AuthRepositotyType.swift in Sources */ = {isa = PBXBuildFile; fileRef = DC833E4B28F52C650028DAFA /* AuthRepositotyType.swift */; };
		DC833E5028F52CC40028DAFA /* AuthRequest.swift in Sources */ = {isa = PBXBuildFile; fileRef = DC833E4F28F52CC40028DAFA /* AuthRequest.swift */; };
		DC833E5428F52D880028DAFA /* AuthResponse.swift in Sources */ = {isa = PBXBuildFile; fileRef = DC833E5328F52D880028DAFA /* AuthResponse.swift */; };
		DC833E5628F52EA30028DAFA /* AuthRepository.swift in Sources */ = {isa = PBXBuildFile; fileRef = DC833E5528F52EA30028DAFA /* AuthRepository.swift */; };
		DC833E5928F5521B0028DAFA /* AuthTranslator.swift in Sources */ = {isa = PBXBuildFile; fileRef = DC833E5828F5521B0028DAFA /* AuthTranslator.swift */; };
		DC833E5C28F557170028DAFA /* Credential.swift in Sources */ = {isa = PBXBuildFile; fileRef = DC833E5B28F557170028DAFA /* Credential.swift */; };
		DC833E5E28F567580028DAFA /* Optional+Ex.swift in Sources */ = {isa = PBXBuildFile; fileRef = DC833E5D28F567580028DAFA /* Optional+Ex.swift */; };
		DC833E6528F56CE50028DAFA /* NSObject+Ex.swift in Sources */ = {isa = PBXBuildFile; fileRef = DC833E6428F56CE50028DAFA /* NSObject+Ex.swift */; };
		DC85BC1C28BCBDAE00187748 /* RealmPersistantStorage.swift in Sources */ = {isa = PBXBuildFile; fileRef = DC85BC1B28BCBDAE00187748 /* RealmPersistantStorage.swift */; };
		DC88488528EFE7B7006698A1 /* Logger.swift in Sources */ = {isa = PBXBuildFile; fileRef = DC88488428EFE7B7006698A1 /* Logger.swift */; };
		DCA086FD2907D5310091BF79 /* NavigationItemFactory.swift in Sources */ = {isa = PBXBuildFile; fileRef = DCA086FC2907D5310091BF79 /* NavigationItemFactory.swift */; };
		DCA7DA7528DC0D410013996C /* BaseViewModel.swift in Sources */ = {isa = PBXBuildFile; fileRef = DCA7DA7428DC0D410013996C /* BaseViewModel.swift */; };
		DCA7DA7728DC52B70013996C /* BaseViewController.swift in Sources */ = {isa = PBXBuildFile; fileRef = DCA7DA7628DC52B70013996C /* BaseViewController.swift */; };
		DCA7DA7B28DD52B00013996C /* NetworkError.swift in Sources */ = {isa = PBXBuildFile; fileRef = DCA7DA7A28DD52B00013996C /* NetworkError.swift */; };
		DCA7DA7D28DD54680013996C /* ReamlError.swift in Sources */ = {isa = PBXBuildFile; fileRef = DCA7DA7C28DD54680013996C /* ReamlError.swift */; };
		DCAE4C3828D06C8100301B2C /* ErrorTracker.swift in Sources */ = {isa = PBXBuildFile; fileRef = DCAE4C3728D06C8100301B2C /* ErrorTracker.swift */; };
		DCAE4C3B28D0779300301B2C /* ActivityIndicator.swift in Sources */ = {isa = PBXBuildFile; fileRef = DCAE4C3A28D0779300301B2C /* ActivityIndicator.swift */; };
		DCB16F0028F96670001686C1 /* BaseCoordinator.swift in Sources */ = {isa = PBXBuildFile; fileRef = DCB16EFF28F96670001686C1 /* BaseCoordinator.swift */; };
		DCB16F0228F966CF001686C1 /* LoginCoordinator.swift in Sources */ = {isa = PBXBuildFile; fileRef = DCB16F0128F966CF001686C1 /* LoginCoordinator.swift */; };
		DCB16F0428F966E8001686C1 /* AppCoordinator.swift in Sources */ = {isa = PBXBuildFile; fileRef = DCB16F0328F966E8001686C1 /* AppCoordinator.swift */; };
		DCB246EB28CB17D400873CF2 /* AuthUseCase.swift in Sources */ = {isa = PBXBuildFile; fileRef = DCB246EA28CB17D400873CF2 /* AuthUseCase.swift */; };
		DCB246EF28CB19E800873CF2 /* RxSwift+Ex.swift in Sources */ = {isa = PBXBuildFile; fileRef = DCB246EE28CB19E800873CF2 /* RxSwift+Ex.swift */; };
		DCB246F128CB1BB000873CF2 /* PersistantStorage.swift in Sources */ = {isa = PBXBuildFile; fileRef = DCB246F028CB1BB000873CF2 /* PersistantStorage.swift */; };
		DCCFEC8A28BC5CED00019DBB /* CredentialRespostitory.swift in Sources */ = {isa = PBXBuildFile; fileRef = DCCFEC8928BC5CED00019DBB /* CredentialRespostitory.swift */; };
		DCCFEC8F28BC661600019DBB /* API.swift in Sources */ = {isa = PBXBuildFile; fileRef = DCCFEC8E28BC661600019DBB /* API.swift */; };
		DCCFEC9228BC67DB00019DBB /* Networking.swift in Sources */ = {isa = PBXBuildFile; fileRef = DCCFEC9128BC67DB00019DBB /* Networking.swift */; };
		DCCFEC9B28BCA54200019DBB /* CredentialRemoteDataSource.swift in Sources */ = {isa = PBXBuildFile; fileRef = DCCFEC9A28BCA54200019DBB /* CredentialRemoteDataSource.swift */; };
		DCCFEC9D28BCA55000019DBB /* CredentialLocalDataSource.swift in Sources */ = {isa = PBXBuildFile; fileRef = DCCFEC9C28BCA55000019DBB /* CredentialLocalDataSource.swift */; };
		DCD7857D28F65CBE008E36B2 /* UIViewControler+Rx.swift in Sources */ = {isa = PBXBuildFile; fileRef = DCD7857C28F65CBE008E36B2 /* UIViewControler+Rx.swift */; };
/* End PBXBuildFile section */

/* Begin PBXCopyFilesBuildPhase section */
		DC6E41AC28B8BE1A00429771 /* Embed Frameworks */ = {
			isa = PBXCopyFilesBuildPhase;
			buildActionMask = 2147483647;
			dstPath = "";
			dstSubfolderSpec = 10;
			files = (
				DC6E41AB28B8BE1A00429771 /* Pods_TheMovieDBSwift.framework in Embed Frameworks */,
			);
			name = "Embed Frameworks";
			runOnlyForDeploymentPostprocessing = 0;
		};
/* End PBXCopyFilesBuildPhase section */

/* Begin PBXFileReference section */
		16138EC1972AD3B841A7C3AB /* Pods_TheMovieDBSwift.framework */ = {isa = PBXFileReference; explicitFileType = wrapper.framework; includeInIndex = 0; path = Pods_TheMovieDBSwift.framework; sourceTree = BUILT_PRODUCTS_DIR; };
		37AC03D307B246C0DFB8C26B /* Pods_TheMovieDBSwift_TheMovieDBSwiftUITests.framework */ = {isa = PBXFileReference; explicitFileType = wrapper.framework; includeInIndex = 0; path = Pods_TheMovieDBSwift_TheMovieDBSwiftUITests.framework; sourceTree = BUILT_PRODUCTS_DIR; };
		57C13912713BC8DF4FFAB7C8 /* Pods-TheMovieDBSwiftTests.release.xcconfig */ = {isa = PBXFileReference; includeInIndex = 1; lastKnownFileType = text.xcconfig; name = "Pods-TheMovieDBSwiftTests.release.xcconfig"; path = "Target Support Files/Pods-TheMovieDBSwiftTests/Pods-TheMovieDBSwiftTests.release.xcconfig"; sourceTree = "<group>"; };
		76B8E483D9709460957740A4 /* Pods-TheMovieDBSwift-TheMovieDBSwiftUITests.debug.xcconfig */ = {isa = PBXFileReference; includeInIndex = 1; lastKnownFileType = text.xcconfig; name = "Pods-TheMovieDBSwift-TheMovieDBSwiftUITests.debug.xcconfig"; path = "Target Support Files/Pods-TheMovieDBSwift-TheMovieDBSwiftUITests/Pods-TheMovieDBSwift-TheMovieDBSwiftUITests.debug.xcconfig"; sourceTree = "<group>"; };
		A60EC7B6325425CB1BDE3881 /* Pods-TheMovieDBSwift.release.xcconfig */ = {isa = PBXFileReference; includeInIndex = 1; lastKnownFileType = text.xcconfig; name = "Pods-TheMovieDBSwift.release.xcconfig"; path = "Target Support Files/Pods-TheMovieDBSwift/Pods-TheMovieDBSwift.release.xcconfig"; sourceTree = "<group>"; };
		AE20518767891ADF84D2FEDB /* Pods_TheMovieDBSwiftTests.framework */ = {isa = PBXFileReference; explicitFileType = wrapper.framework; includeInIndex = 0; path = Pods_TheMovieDBSwiftTests.framework; sourceTree = BUILT_PRODUCTS_DIR; };
		D8759C38EFF84C944041C508 /* Pods-TheMovieDBSwift-TheMovieDBSwiftUITests.release.xcconfig */ = {isa = PBXFileReference; includeInIndex = 1; lastKnownFileType = text.xcconfig; name = "Pods-TheMovieDBSwift-TheMovieDBSwiftUITests.release.xcconfig"; path = "Target Support Files/Pods-TheMovieDBSwift-TheMovieDBSwiftUITests/Pods-TheMovieDBSwift-TheMovieDBSwiftUITests.release.xcconfig"; sourceTree = "<group>"; };
		DC18B460290A309B00CA9C6B /* R.generated.swift */ = {isa = PBXFileReference; fileEncoding = 4; lastKnownFileType = sourcecode.swift; path = R.generated.swift; sourceTree = "<group>"; };
		DC18B4BC290BB15B00CA9C6B /* Colors.xcassets */ = {isa = PBXFileReference; lastKnownFileType = folder.assetcatalog; path = Colors.xcassets; sourceTree = "<group>"; };
		DC18B4BE290BBBF200CA9C6B /* ja */ = {isa = PBXFileReference; lastKnownFileType = text.plist.strings; name = ja; path = ja.lproj/Localizable.strings; sourceTree = "<group>"; };
		DC18B4C6290BC98600CA9C6B /* .swiftlint.yml */ = {isa = PBXFileReference; fileEncoding = 4; lastKnownFileType = text.yaml; path = .swiftlint.yml; sourceTree = "<group>"; };
		DC18B4C8290BDB6100CA9C6B /* HasDisposedBag.swift */ = {isa = PBXFileReference; lastKnownFileType = sourcecode.swift; path = HasDisposedBag.swift; sourceTree = "<group>"; };
		DC18B4CE290E6FAC00CA9C6B /* MovieCell.swift */ = {isa = PBXFileReference; lastKnownFileType = sourcecode.swift; path = MovieCell.swift; sourceTree = "<group>"; };
		DC18B4CF290E6FAC00CA9C6B /* MovieCell.xib */ = {isa = PBXFileReference; lastKnownFileType = file.xib; path = MovieCell.xib; sourceTree = "<group>"; };
		DC18B4D3290E6FFF00CA9C6B /* CircleView.swift */ = {isa = PBXFileReference; lastKnownFileType = sourcecode.swift; path = CircleView.swift; sourceTree = "<group>"; };
		DC18B4D5290E700B00CA9C6B /* CircleView.xib */ = {isa = PBXFileReference; lastKnownFileType = file.xib; path = CircleView.xib; sourceTree = "<group>"; };
		DC18B4D7290E77F000CA9C6B /* UITableView+Ex.swift */ = {isa = PBXFileReference; lastKnownFileType = sourcecode.swift; path = "UITableView+Ex.swift"; sourceTree = "<group>"; };
		DC18B4D9290E781300CA9C6B /* UICollectionView+Ex.swift */ = {isa = PBXFileReference; lastKnownFileType = sourcecode.swift; path = "UICollectionView+Ex.swift"; sourceTree = "<group>"; };
		DC18B4DB290E798800CA9C6B /* MovieDataSource.swift */ = {isa = PBXFileReference; lastKnownFileType = sourcecode.swift; path = MovieDataSource.swift; sourceTree = "<group>"; };
		DC18B4E0290F6D9300CA9C6B /* ImageLoader.swift */ = {isa = PBXFileReference; lastKnownFileType = sourcecode.swift; path = ImageLoader.swift; sourceTree = "<group>"; };
		DC18B4E2290F7C7700CA9C6B /* UICollectionViewCell+Ex.swift */ = {isa = PBXFileReference; lastKnownFileType = sourcecode.swift; path = "UICollectionViewCell+Ex.swift"; sourceTree = "<group>"; };
		DC28BCE328E15AF2000D4FF0 /* RxSwiftExt.framework */ = {isa = PBXFileReference; explicitFileType = wrapper.framework; path = RxSwiftExt.framework; sourceTree = BUILT_PRODUCTS_DIR; };
		DC28BCE728E1952C000D4FF0 /* ResponseParser.swift */ = {isa = PBXFileReference; lastKnownFileType = sourcecode.swift; path = ResponseParser.swift; sourceTree = "<group>"; };
		DC28BCED28E559DC000D4FF0 /* Respository.swift */ = {isa = PBXFileReference; lastKnownFileType = sourcecode.swift; path = Respository.swift; sourceTree = "<group>"; };
		DC28BCEF28E55A15000D4FF0 /* DataSource.swift */ = {isa = PBXFileReference; lastKnownFileType = sourcecode.swift; path = DataSource.swift; sourceTree = "<group>"; };
		DC28BCF228E55BA9000D4FF0 /* UserPreferencesStorage.swift */ = {isa = PBXFileReference; lastKnownFileType = sourcecode.swift; path = UserPreferencesStorage.swift; sourceTree = "<group>"; };
		DC54870028FE45F9005106B0 /* CoordinatorType.swift */ = {isa = PBXFileReference; lastKnownFileType = sourcecode.swift; path = CoordinatorType.swift; sourceTree = "<group>"; };
		DC54870428FE538F005106B0 /* DrawerMenuCoordinator.swift */ = {isa = PBXFileReference; fileEncoding = 4; lastKnownFileType = sourcecode.swift; path = DrawerMenuCoordinator.swift; sourceTree = "<group>"; };
		DC54870528FE538F005106B0 /* NavigationViewModel.swift */ = {isa = PBXFileReference; fileEncoding = 4; lastKnownFileType = sourcecode.swift; path = NavigationViewModel.swift; sourceTree = "<group>"; };
		DC54870E28FE5425005106B0 /* DrawerMenuScreen.swift */ = {isa = PBXFileReference; lastKnownFileType = sourcecode.swift; path = DrawerMenuScreen.swift; sourceTree = "<group>"; };
		DC54871028FE9972005106B0 /* NavigationViewModelType.swift */ = {isa = PBXFileReference; lastKnownFileType = sourcecode.swift; path = NavigationViewModelType.swift; sourceTree = "<group>"; };
		DC54871228FEA6EB005106B0 /* DrawerMenuViewController.swift */ = {isa = PBXFileReference; lastKnownFileType = sourcecode.swift; path = DrawerMenuViewController.swift; sourceTree = "<group>"; };
		DC54871328FEA6EB005106B0 /* DrawerMenuViewController.xib */ = {isa = PBXFileReference; lastKnownFileType = file.xib; path = DrawerMenuViewController.xib; sourceTree = "<group>"; };
		DC54871728FEAA48005106B0 /* DrawerMenuCell.swift */ = {isa = PBXFileReference; lastKnownFileType = sourcecode.swift; path = DrawerMenuCell.swift; sourceTree = "<group>"; };
		DC54871828FEAA48005106B0 /* DrawerMenuCell.xib */ = {isa = PBXFileReference; lastKnownFileType = file.xib; path = DrawerMenuCell.xib; sourceTree = "<group>"; };
		DC54871C28FF8FC5005106B0 /* DashboardViewController.swift */ = {isa = PBXFileReference; lastKnownFileType = sourcecode.swift; path = DashboardViewController.swift; sourceTree = "<group>"; };
		DC54871D28FF8FC5005106B0 /* DashboardViewController.xib */ = {isa = PBXFileReference; lastKnownFileType = file.xib; path = DashboardViewController.xib; sourceTree = "<group>"; };
		DC54872028FF8FCF005106B0 /* DashboardCoordinator.swift */ = {isa = PBXFileReference; lastKnownFileType = sourcecode.swift; path = DashboardCoordinator.swift; sourceTree = "<group>"; };
		DC54872228FF8FFE005106B0 /* DashboardViewModelType.swift */ = {isa = PBXFileReference; lastKnownFileType = sourcecode.swift; path = DashboardViewModelType.swift; sourceTree = "<group>"; };
		DC54872328FF8FFE005106B0 /* DashboardViewModel.swift */ = {isa = PBXFileReference; lastKnownFileType = sourcecode.swift; path = DashboardViewModel.swift; sourceTree = "<group>"; };
		DC54872628FF90AE005106B0 /* Movie.swift */ = {isa = PBXFileReference; lastKnownFileType = sourcecode.swift; path = Movie.swift; sourceTree = "<group>"; };
		DC54872828FFF6EB005106B0 /* RickViewController.swift */ = {isa = PBXFileReference; lastKnownFileType = sourcecode.swift; path = RickViewController.swift; sourceTree = "<group>"; };
		DC54872B2900E2F5005106B0 /* MovieListViewModelType.swift */ = {isa = PBXFileReference; lastKnownFileType = sourcecode.swift; path = MovieListViewModelType.swift; sourceTree = "<group>"; };
		DC54872D2900E450005106B0 /* MovieListViewModel.swift */ = {isa = PBXFileReference; lastKnownFileType = sourcecode.swift; path = MovieListViewModel.swift; sourceTree = "<group>"; };
		DC5487302900E644005106B0 /* MovieRepository.swift */ = {isa = PBXFileReference; lastKnownFileType = sourcecode.swift; path = MovieRepository.swift; sourceTree = "<group>"; };
		DC5487322900E660005106B0 /* MovieRepositoryType.swift */ = {isa = PBXFileReference; lastKnownFileType = sourcecode.swift; path = MovieRepositoryType.swift; sourceTree = "<group>"; };
		DC5487352900E6DA005106B0 /* MovieRequest.swift */ = {isa = PBXFileReference; lastKnownFileType = sourcecode.swift; path = MovieRequest.swift; sourceTree = "<group>"; };
		DC5487372900E6E5005106B0 /* MovieResponse.swift */ = {isa = PBXFileReference; lastKnownFileType = sourcecode.swift; path = MovieResponse.swift; sourceTree = "<group>"; };
		DC5487392900F9A0005106B0 /* MovieTranslator.swift */ = {isa = PBXFileReference; lastKnownFileType = sourcecode.swift; path = MovieTranslator.swift; sourceTree = "<group>"; };
		DC54873C2900FD91005106B0 /* MovieUseCaseType.swift */ = {isa = PBXFileReference; lastKnownFileType = sourcecode.swift; path = MovieUseCaseType.swift; sourceTree = "<group>"; };
		DC54873E2900FD9C005106B0 /* MovieUseCase.swift */ = {isa = PBXFileReference; lastKnownFileType = sourcecode.swift; path = MovieUseCase.swift; sourceTree = "<group>"; };
		DC5487402901053D005106B0 /* Page.swift */ = {isa = PBXFileReference; lastKnownFileType = sourcecode.swift; path = Page.swift; sourceTree = "<group>"; };
		DC548742290107B4005106B0 /* MovieListViewController.swift */ = {isa = PBXFileReference; lastKnownFileType = sourcecode.swift; path = MovieListViewController.swift; sourceTree = "<group>"; };
		DC548743290107B4005106B0 /* MovieListViewController.xib */ = {isa = PBXFileReference; lastKnownFileType = file.xib; path = MovieListViewController.xib; sourceTree = "<group>"; };
		DC5487462901084A005106B0 /* MovieTableCell.swift */ = {isa = PBXFileReference; lastKnownFileType = sourcecode.swift; path = MovieTableCell.swift; sourceTree = "<group>"; };
		DC5487472901084A005106B0 /* MovieTableCell.xib */ = {isa = PBXFileReference; lastKnownFileType = file.xib; path = MovieTableCell.xib; sourceTree = "<group>"; };
		DC54874B2901269D005106B0 /* MovieListCoordinator.swift */ = {isa = PBXFileReference; lastKnownFileType = sourcecode.swift; path = MovieListCoordinator.swift; sourceTree = "<group>"; };
		DC54874D290139FC005106B0 /* ApiLogPlugin.swift */ = {isa = PBXFileReference; lastKnownFileType = sourcecode.swift; path = ApiLogPlugin.swift; sourceTree = "<group>"; };
		DC6E407E28B75CAD00429771 /* TheMovieDBSwift.app */ = {isa = PBXFileReference; explicitFileType = wrapper.application; includeInIndex = 0; path = TheMovieDBSwift.app; sourceTree = BUILT_PRODUCTS_DIR; };
		DC6E408328B75CAD00429771 /* SceneDelegate.swift */ = {isa = PBXFileReference; lastKnownFileType = sourcecode.swift; path = SceneDelegate.swift; sourceTree = "<group>"; };
		DC6E40C228B8638700429771 /* en */ = {isa = PBXFileReference; lastKnownFileType = text.plist.strings; name = en; path = en.lproj/Localizable.strings; sourceTree = "<group>"; };
		DC6E40C628B8638700429771 /* Assets.xcassets */ = {isa = PBXFileReference; lastKnownFileType = folder.assetcatalog; path = Assets.xcassets; sourceTree = "<group>"; };
		DC6E40C928B8638700429771 /* Info.plist */ = {isa = PBXFileReference; fileEncoding = 4; lastKnownFileType = text.plist.xml; path = Info.plist; sourceTree = "<group>"; };
		DC6E40D128B8638700429771 /* CredentialObject.swift */ = {isa = PBXFileReference; fileEncoding = 4; lastKnownFileType = sourcecode.swift; path = CredentialObject.swift; sourceTree = "<group>"; };
		DC6E40E028B8638700429771 /* AppConfigurations.swift */ = {isa = PBXFileReference; fileEncoding = 4; lastKnownFileType = sourcecode.swift; path = AppConfigurations.swift; sourceTree = "<group>"; };
		DC6E40E428B8638700429771 /* AppDelegate.swift */ = {isa = PBXFileReference; fileEncoding = 4; lastKnownFileType = sourcecode.swift; path = AppDelegate.swift; sourceTree = "<group>"; };
		DC6E412228B8638700429771 /* LoginViewModel.swift */ = {isa = PBXFileReference; fileEncoding = 4; lastKnownFileType = sourcecode.swift; path = LoginViewModel.swift; sourceTree = "<group>"; };
		DC6E412328B8638700429771 /* LoginViewController.swift */ = {isa = PBXFileReference; fileEncoding = 4; lastKnownFileType = sourcecode.swift; path = LoginViewController.swift; sourceTree = "<group>"; };
		DC6E418428B87FA000429771 /* ServiceFacade.swift */ = {isa = PBXFileReference; lastKnownFileType = sourcecode.swift; path = ServiceFacade.swift; sourceTree = "<group>"; };
		DC6E419328B8862F00429771 /* LoginViewController.xib */ = {isa = PBXFileReference; lastKnownFileType = file.xib; path = LoginViewController.xib; sourceTree = "<group>"; };
		DC6E41A628B8B51B00429771 /* AuthUseCaseType.swift */ = {isa = PBXFileReference; lastKnownFileType = sourcecode.swift; path = AuthUseCaseType.swift; sourceTree = "<group>"; };
		DC6E41A828B8B6CE00429771 /* CommonError.swift */ = {isa = PBXFileReference; lastKnownFileType = sourcecode.swift; path = CommonError.swift; sourceTree = "<group>"; };
		DC6E41B628B8C7BE00429771 /* Launch Screen.storyboard */ = {isa = PBXFileReference; lastKnownFileType = file.storyboard; path = "Launch Screen.storyboard"; sourceTree = "<group>"; };
		DC833E3E28F3D8C40028DAFA /* LoginViewModelType.swift */ = {isa = PBXFileReference; lastKnownFileType = sourcecode.swift; path = LoginViewModelType.swift; sourceTree = "<group>"; };
		DC833E4028F3F5C90028DAFA /* ViewModelType.swift */ = {isa = PBXFileReference; lastKnownFileType = sourcecode.swift; path = ViewModelType.swift; sourceTree = "<group>"; };
		DC833E4528F52AC50028DAFA /* ActionResult.swift */ = {isa = PBXFileReference; lastKnownFileType = sourcecode.swift; path = ActionResult.swift; sourceTree = "<group>"; };
		DC833E4B28F52C650028DAFA /* AuthRepositotyType.swift */ = {isa = PBXFileReference; lastKnownFileType = sourcecode.swift; path = AuthRepositotyType.swift; sourceTree = "<group>"; };
		DC833E4F28F52CC40028DAFA /* AuthRequest.swift */ = {isa = PBXFileReference; lastKnownFileType = sourcecode.swift; path = AuthRequest.swift; sourceTree = "<group>"; };
		DC833E5328F52D880028DAFA /* AuthResponse.swift */ = {isa = PBXFileReference; lastKnownFileType = sourcecode.swift; path = AuthResponse.swift; sourceTree = "<group>"; };
		DC833E5528F52EA30028DAFA /* AuthRepository.swift */ = {isa = PBXFileReference; lastKnownFileType = sourcecode.swift; path = AuthRepository.swift; sourceTree = "<group>"; };
		DC833E5828F5521B0028DAFA /* AuthTranslator.swift */ = {isa = PBXFileReference; lastKnownFileType = sourcecode.swift; path = AuthTranslator.swift; sourceTree = "<group>"; };
		DC833E5B28F557170028DAFA /* Credential.swift */ = {isa = PBXFileReference; lastKnownFileType = sourcecode.swift; path = Credential.swift; sourceTree = "<group>"; };
		DC833E5D28F567580028DAFA /* Optional+Ex.swift */ = {isa = PBXFileReference; lastKnownFileType = sourcecode.swift; path = "Optional+Ex.swift"; sourceTree = "<group>"; };
		DC833E6428F56CE50028DAFA /* NSObject+Ex.swift */ = {isa = PBXFileReference; lastKnownFileType = sourcecode.swift; path = "NSObject+Ex.swift"; sourceTree = "<group>"; };
		DC85BC1B28BCBDAE00187748 /* RealmPersistantStorage.swift */ = {isa = PBXFileReference; lastKnownFileType = sourcecode.swift; path = RealmPersistantStorage.swift; sourceTree = "<group>"; };
		DC88488428EFE7B7006698A1 /* Logger.swift */ = {isa = PBXFileReference; lastKnownFileType = sourcecode.swift; path = Logger.swift; sourceTree = "<group>"; };
		DCA086FC2907D5310091BF79 /* NavigationItemFactory.swift */ = {isa = PBXFileReference; lastKnownFileType = sourcecode.swift; path = NavigationItemFactory.swift; sourceTree = "<group>"; };
		DCA7DA7428DC0D410013996C /* BaseViewModel.swift */ = {isa = PBXFileReference; lastKnownFileType = sourcecode.swift; path = BaseViewModel.swift; sourceTree = "<group>"; };
		DCA7DA7628DC52B70013996C /* BaseViewController.swift */ = {isa = PBXFileReference; lastKnownFileType = sourcecode.swift; path = BaseViewController.swift; sourceTree = "<group>"; };
		DCA7DA7A28DD52B00013996C /* NetworkError.swift */ = {isa = PBXFileReference; lastKnownFileType = sourcecode.swift; path = NetworkError.swift; sourceTree = "<group>"; };
		DCA7DA7C28DD54680013996C /* ReamlError.swift */ = {isa = PBXFileReference; lastKnownFileType = sourcecode.swift; path = ReamlError.swift; sourceTree = "<group>"; };
		DCAE4C3728D06C8100301B2C /* ErrorTracker.swift */ = {isa = PBXFileReference; lastKnownFileType = sourcecode.swift; path = ErrorTracker.swift; sourceTree = "<group>"; };
		DCAE4C3A28D0779300301B2C /* ActivityIndicator.swift */ = {isa = PBXFileReference; lastKnownFileType = sourcecode.swift; path = ActivityIndicator.swift; sourceTree = "<group>"; };
		DCB16EFF28F96670001686C1 /* BaseCoordinator.swift */ = {isa = PBXFileReference; lastKnownFileType = sourcecode.swift; path = BaseCoordinator.swift; sourceTree = "<group>"; };
		DCB16F0128F966CF001686C1 /* LoginCoordinator.swift */ = {isa = PBXFileReference; lastKnownFileType = sourcecode.swift; path = LoginCoordinator.swift; sourceTree = "<group>"; };
		DCB16F0328F966E8001686C1 /* AppCoordinator.swift */ = {isa = PBXFileReference; lastKnownFileType = sourcecode.swift; path = AppCoordinator.swift; sourceTree = "<group>"; };
		DCB246EA28CB17D400873CF2 /* AuthUseCase.swift */ = {isa = PBXFileReference; lastKnownFileType = sourcecode.swift; path = AuthUseCase.swift; sourceTree = "<group>"; };
		DCB246EE28CB19E800873CF2 /* RxSwift+Ex.swift */ = {isa = PBXFileReference; lastKnownFileType = sourcecode.swift; path = "RxSwift+Ex.swift"; sourceTree = "<group>"; };
		DCB246F028CB1BB000873CF2 /* PersistantStorage.swift */ = {isa = PBXFileReference; lastKnownFileType = sourcecode.swift; path = PersistantStorage.swift; sourceTree = "<group>"; };
		DCCFEC8928BC5CED00019DBB /* CredentialRespostitory.swift */ = {isa = PBXFileReference; lastKnownFileType = sourcecode.swift; path = CredentialRespostitory.swift; sourceTree = "<group>"; };
		DCCFEC8E28BC661600019DBB /* API.swift */ = {isa = PBXFileReference; lastKnownFileType = sourcecode.swift; path = API.swift; sourceTree = "<group>"; };
		DCCFEC9128BC67DB00019DBB /* Networking.swift */ = {isa = PBXFileReference; lastKnownFileType = sourcecode.swift; path = Networking.swift; sourceTree = "<group>"; };
		DCCFEC9A28BCA54200019DBB /* CredentialRemoteDataSource.swift */ = {isa = PBXFileReference; lastKnownFileType = sourcecode.swift; path = CredentialRemoteDataSource.swift; sourceTree = "<group>"; };
		DCCFEC9C28BCA55000019DBB /* CredentialLocalDataSource.swift */ = {isa = PBXFileReference; lastKnownFileType = sourcecode.swift; path = CredentialLocalDataSource.swift; sourceTree = "<group>"; };
		DCD7857C28F65CBE008E36B2 /* UIViewControler+Rx.swift */ = {isa = PBXFileReference; lastKnownFileType = sourcecode.swift; path = "UIViewControler+Rx.swift"; sourceTree = "<group>"; };
		E005B624649F319FF18DFC72 /* Pods-TheMovieDBSwiftTests.debug.xcconfig */ = {isa = PBXFileReference; includeInIndex = 1; lastKnownFileType = text.xcconfig; name = "Pods-TheMovieDBSwiftTests.debug.xcconfig"; path = "Target Support Files/Pods-TheMovieDBSwiftTests/Pods-TheMovieDBSwiftTests.debug.xcconfig"; sourceTree = "<group>"; };
		EA223B7B760B29FA7E81A720 /* Pods-TheMovieDBSwift.debug.xcconfig */ = {isa = PBXFileReference; includeInIndex = 1; lastKnownFileType = text.xcconfig; name = "Pods-TheMovieDBSwift.debug.xcconfig"; path = "Target Support Files/Pods-TheMovieDBSwift/Pods-TheMovieDBSwift.debug.xcconfig"; sourceTree = "<group>"; };
/* End PBXFileReference section */

/* Begin PBXFrameworksBuildPhase section */
		DC6E407B28B75CAD00429771 /* Frameworks */ = {
			isa = PBXFrameworksBuildPhase;
			buildActionMask = 2147483647;
			files = (
				DC6E41AA28B8BE1A00429771 /* Pods_TheMovieDBSwift.framework in Frameworks */,
			);
			runOnlyForDeploymentPostprocessing = 0;
		};
/* End PBXFrameworksBuildPhase section */

/* Begin PBXGroup section */
		1F177A669DA3317DE4D40527 /* Pods */ = {
			isa = PBXGroup;
			children = (
				EA223B7B760B29FA7E81A720 /* Pods-TheMovieDBSwift.debug.xcconfig */,
				A60EC7B6325425CB1BDE3881 /* Pods-TheMovieDBSwift.release.xcconfig */,
				76B8E483D9709460957740A4 /* Pods-TheMovieDBSwift-TheMovieDBSwiftUITests.debug.xcconfig */,
				D8759C38EFF84C944041C508 /* Pods-TheMovieDBSwift-TheMovieDBSwiftUITests.release.xcconfig */,
				E005B624649F319FF18DFC72 /* Pods-TheMovieDBSwiftTests.debug.xcconfig */,
				57C13912713BC8DF4FFAB7C8 /* Pods-TheMovieDBSwiftTests.release.xcconfig */,
			);
			path = Pods;
			sourceTree = "<group>";
		};
		415183FCEE5DD2AF4F48FD69 /* Frameworks */ = {
			isa = PBXGroup;
			children = (
				DC28BCE328E15AF2000D4FF0 /* RxSwiftExt.framework */,
				16138EC1972AD3B841A7C3AB /* Pods_TheMovieDBSwift.framework */,
				37AC03D307B246C0DFB8C26B /* Pods_TheMovieDBSwift_TheMovieDBSwiftUITests.framework */,
				AE20518767891ADF84D2FEDB /* Pods_TheMovieDBSwiftTests.framework */,
			);
			name = Frameworks;
			sourceTree = "<group>";
		};
		DC18B4CB290E2EB400CA9C6B /* shared */ = {
			isa = PBXGroup;
			children = (
				DC18B4D2290E6FD600CA9C6B /* CirleView */,
				DC18B4CD290E6F5800CA9C6B /* MovieCell */,
				DC54874A29010854005106B0 /* MovieTableCell */,
				DC18B4CC290E2EBD00CA9C6B /* PhalaxanHeader */,
			);
			path = shared;
			sourceTree = "<group>";
		};
		DC18B4CC290E2EBD00CA9C6B /* PhalaxanHeader */ = {
			isa = PBXGroup;
			children = (
			);
			path = PhalaxanHeader;
			sourceTree = "<group>";
		};
		DC18B4CD290E6F5800CA9C6B /* MovieCell */ = {
			isa = PBXGroup;
			children = (
				DC18B4CE290E6FAC00CA9C6B /* MovieCell.swift */,
				DC18B4CF290E6FAC00CA9C6B /* MovieCell.xib */,
				DC18B4DB290E798800CA9C6B /* MovieDataSource.swift */,
			);
			path = MovieCell;
			sourceTree = "<group>";
		};
		DC18B4D2290E6FD600CA9C6B /* CirleView */ = {
			isa = PBXGroup;
			children = (
				DC18B4D3290E6FFF00CA9C6B /* CircleView.swift */,
				DC18B4D5290E700B00CA9C6B /* CircleView.xib */,
			);
			path = CirleView;
			sourceTree = "<group>";
		};
		DC18B4DF290F6D8400CA9C6B /* ImageLoader */ = {
			isa = PBXGroup;
			children = (
				DC18B4E0290F6D9300CA9C6B /* ImageLoader.swift */,
			);
			path = ImageLoader;
			sourceTree = "<group>";
		};
		DC28BCE628E1950F000D4FF0 /* ReponseParser */ = {
			isa = PBXGroup;
			children = (
				DC28BCE728E1952C000D4FF0 /* ResponseParser.swift */,
			);
			path = ReponseParser;
			sourceTree = "<group>";
		};
		DC28BCEC28E559CC000D4FF0 /* Respository */ = {
			isa = PBXGroup;
			children = (
				DC28BCED28E559DC000D4FF0 /* Respository.swift */,
				DC28BCEF28E55A15000D4FF0 /* DataSource.swift */,
			);
			path = Respository;
			sourceTree = "<group>";
		};
		DC28BCF128E55B1E000D4FF0 /* UserPreferencesStorage */ = {
			isa = PBXGroup;
			children = (
				DC28BCF228E55BA9000D4FF0 /* UserPreferencesStorage.swift */,
			);
			path = UserPreferencesStorage;
			sourceTree = "<group>";
		};
		DC5486FD28FD3F21005106B0 /* Coordinator */ = {
			isa = PBXGroup;
			children = (
				DC54870028FE45F9005106B0 /* CoordinatorType.swift */,
				DCB16EFF28F96670001686C1 /* BaseCoordinator.swift */,
			);
			path = Coordinator;
			sourceTree = "<group>";
		};
		DC54870228FE538F005106B0 /* DrawerMenu */ = {
			isa = PBXGroup;
			children = (
				DC54871628FEAA21005106B0 /* DrawerMenuCell */,
				DC54870428FE538F005106B0 /* DrawerMenuCoordinator.swift */,
				DC54871328FEA6EB005106B0 /* DrawerMenuViewController.xib */,
				DC54871228FEA6EB005106B0 /* DrawerMenuViewController.swift */,
				DC54871028FE9972005106B0 /* NavigationViewModelType.swift */,
				DC54870528FE538F005106B0 /* NavigationViewModel.swift */,
			);
			name = DrawerMenu;
			path = TheMovieDBSwift/Presentation/DrawerMenu;
			sourceTree = SOURCE_ROOT;
		};
		DC54871628FEAA21005106B0 /* DrawerMenuCell */ = {
			isa = PBXGroup;
			children = (
				DC54871728FEAA48005106B0 /* DrawerMenuCell.swift */,
				DC54871828FEAA48005106B0 /* DrawerMenuCell.xib */,
			);
			path = DrawerMenuCell;
			sourceTree = "<group>";
		};
		DC54871B28FF8FAA005106B0 /* Dashboard */ = {
			isa = PBXGroup;
			children = (
				DC54872028FF8FCF005106B0 /* DashboardCoordinator.swift */,
				DC54872228FF8FFE005106B0 /* DashboardViewModelType.swift */,
				DC54872328FF8FFE005106B0 /* DashboardViewModel.swift */,
				DC54871C28FF8FC5005106B0 /* DashboardViewController.swift */,
				DC54871D28FF8FC5005106B0 /* DashboardViewController.xib */,
			);
			path = Dashboard;
			sourceTree = "<group>";
		};
		DC54872A2900E296005106B0 /* Movies */ = {
			isa = PBXGroup;
			children = (
				DC54872B2900E2F5005106B0 /* MovieListViewModelType.swift */,
				DC54874B2901269D005106B0 /* MovieListCoordinator.swift */,
				DC548743290107B4005106B0 /* MovieListViewController.xib */,
				DC548742290107B4005106B0 /* MovieListViewController.swift */,
				DC54872D2900E450005106B0 /* MovieListViewModel.swift */,
			);
			path = Movies;
			sourceTree = "<group>";
		};
		DC54872F2900E62A005106B0 /* Movie */ = {
			isa = PBXGroup;
			children = (
				DC5487322900E660005106B0 /* MovieRepositoryType.swift */,
				DC5487302900E644005106B0 /* MovieRepository.swift */,
			);
			path = Movie;
			sourceTree = "<group>";
		};
		DC5487342900E6C5005106B0 /* Movie */ = {
			isa = PBXGroup;
			children = (
				DC5487352900E6DA005106B0 /* MovieRequest.swift */,
				DC5487372900E6E5005106B0 /* MovieResponse.swift */,
			);
			path = Movie;
			sourceTree = "<group>";
		};
		DC54873B2900FD7A005106B0 /* Movie */ = {
			isa = PBXGroup;
			children = (
				DC54873C2900FD91005106B0 /* MovieUseCaseType.swift */,
				DC54873E2900FD9C005106B0 /* MovieUseCase.swift */,
			);
			path = Movie;
			sourceTree = "<group>";
		};
		DC54874A29010854005106B0 /* MovieTableCell */ = {
			isa = PBXGroup;
			children = (
				DC5487462901084A005106B0 /* MovieTableCell.swift */,
				DC5487472901084A005106B0 /* MovieTableCell.xib */,
			);
			path = MovieTableCell;
			sourceTree = "<group>";
		};
		DC6E407528B75CAD00429771 = {
			isa = PBXGroup;
			children = (
				DC18B4C6290BC98600CA9C6B /* .swiftlint.yml */,
				DC18B460290A309B00CA9C6B /* R.generated.swift */,
				DC6E408028B75CAD00429771 /* TheMovieDBSwift */,
				DC6E409728B75CAE00429771 /* TheMovieDBSwiftTests */,
				DC6E40A128B75CAE00429771 /* TheMovieDBSwiftUITests */,
				DC6E407F28B75CAD00429771 /* Products */,
				1F177A669DA3317DE4D40527 /* Pods */,
				415183FCEE5DD2AF4F48FD69 /* Frameworks */,
			);
			sourceTree = "<group>";
		};
		DC6E407F28B75CAD00429771 /* Products */ = {
			isa = PBXGroup;
			children = (
				DC6E407E28B75CAD00429771 /* TheMovieDBSwift.app */,
			);
			name = Products;
			sourceTree = "<group>";
		};
		DC6E408028B75CAD00429771 /* TheMovieDBSwift */ = {
			isa = PBXGroup;
			children = (
				DC6E40DD28B8638700429771 /* Application */,
				DC6E418328B87F3500429771 /* Services */,
				DC6E40CA28B8638700429771 /* Domain */,
				DC833E4828F52C2F0028DAFA /* Data */,
				DC6E410728B8638700429771 /* Presentation */,
				DCB246EC28CB19C800873CF2 /* Utilities */,
				DC6E40C028B8638700429771 /* Resources */,
			);
			path = TheMovieDBSwift;
			sourceTree = "<group>";
		};
		DC6E409728B75CAE00429771 /* TheMovieDBSwiftTests */ = {
			isa = PBXGroup;
			children = (
			);
			path = TheMovieDBSwiftTests;
			sourceTree = "<group>";
		};
		DC6E40A128B75CAE00429771 /* TheMovieDBSwiftUITests */ = {
			isa = PBXGroup;
			children = (
			);
			path = TheMovieDBSwiftUITests;
			sourceTree = "<group>";
		};
		DC6E40C028B8638700429771 /* Resources */ = {
			isa = PBXGroup;
			children = (
				DC6E40C128B8638700429771 /* Localizable.strings */,
				DC6E41B628B8C7BE00429771 /* Launch Screen.storyboard */,
				DC6E40C628B8638700429771 /* Assets.xcassets */,
				DC18B4BC290BB15B00CA9C6B /* Colors.xcassets */,
				DC6E40C928B8638700429771 /* Info.plist */,
			);
			path = Resources;
			sourceTree = "<group>";
		};
		DC6E40CA28B8638700429771 /* Domain */ = {
			isa = PBXGroup;
			children = (
				DC833E5A28F557030028DAFA /* Model */,
				DC833E5728F552070028DAFA /* Translator */,
				DC6E40CB28B8638700429771 /* UseCases */,
				DC833E4528F52AC50028DAFA /* ActionResult.swift */,
			);
			path = Domain;
			sourceTree = "<group>";
		};
		DC6E40CB28B8638700429771 /* UseCases */ = {
			isa = PBXGroup;
			children = (
				DC54873B2900FD7A005106B0 /* Movie */,
				DC6E41A528B8B50600429771 /* Auth */,
			);
			path = UseCases;
			sourceTree = "<group>";
		};
		DC6E40DD28B8638700429771 /* Application */ = {
			isa = PBXGroup;
			children = (
				DC6E40E428B8638700429771 /* AppDelegate.swift */,
				DC6E408328B75CAD00429771 /* SceneDelegate.swift */,
				DC6E40E028B8638700429771 /* AppConfigurations.swift */,
				DCB16F0328F966E8001686C1 /* AppCoordinator.swift */,
			);
			path = Application;
			sourceTree = "<group>";
		};
		DC6E410728B8638700429771 /* Presentation */ = {
			isa = PBXGroup;
			children = (
				DC18B4CB290E2EB400CA9C6B /* shared */,
				DCA7DA7328DC0D370013996C /* Base */,
				DC54870228FE538F005106B0 /* DrawerMenu */,
				DC6E41A428B8B2EE00429771 /* Auth */,
				DC54871B28FF8FAA005106B0 /* Dashboard */,
				DC54872A2900E296005106B0 /* Movies */,
			);
			path = Presentation;
			sourceTree = "<group>";
		};
		DC6E412028B8638700429771 /* Login */ = {
			isa = PBXGroup;
			children = (
				DCB16F0128F966CF001686C1 /* LoginCoordinator.swift */,
				DC833E3E28F3D8C40028DAFA /* LoginViewModelType.swift */,
				DC6E412328B8638700429771 /* LoginViewController.swift */,
				DC6E419328B8862F00429771 /* LoginViewController.xib */,
				DC6E412228B8638700429771 /* LoginViewModel.swift */,
			);
			path = Login;
			sourceTree = "<group>";
		};
		DC6E418328B87F3500429771 /* Services */ = {
			isa = PBXGroup;
			children = (
				DC18B4DF290F6D8400CA9C6B /* ImageLoader */,
				DC6E418428B87FA000429771 /* ServiceFacade.swift */,
				DCA086FB2907D51D0091BF79 /* Factories */,
				DC5486FD28FD3F21005106B0 /* Coordinator */,
				DC88488328EFE7A9006698A1 /* Logger */,
				DC28BCF128E55B1E000D4FF0 /* UserPreferencesStorage */,
				DC85BC1028BCB96F00187748 /* PersistantStorage */,
				DC28BCE628E1950F000D4FF0 /* ReponseParser */,
				DCCFEC8D28BC65A900019DBB /* Networking */,
			);
			path = Services;
			sourceTree = "<group>";
		};
		DC6E41A428B8B2EE00429771 /* Auth */ = {
			isa = PBXGroup;
			children = (
				DC6E412028B8638700429771 /* Login */,
			);
			path = Auth;
			sourceTree = "<group>";
		};
		DC6E41A528B8B50600429771 /* Auth */ = {
			isa = PBXGroup;
			children = (
				DC6E41A628B8B51B00429771 /* AuthUseCaseType.swift */,
				DCB246EA28CB17D400873CF2 /* AuthUseCase.swift */,
			);
			path = Auth;
			sourceTree = "<group>";
		};
		DC833E4828F52C2F0028DAFA /* Data */ = {
			isa = PBXGroup;
			children = (
				DC833E4D28F52C970028DAFA /* API */,
				DC833E4928F52C380028DAFA /* Repository */,
			);
			path = Data;
			sourceTree = "<group>";
		};
		DC833E4928F52C380028DAFA /* Repository */ = {
			isa = PBXGroup;
			children = (
				DC28BCEC28E559CC000D4FF0 /* Respository */,
				DCCFEC8828BC5CC800019DBB /* Credential */,
				DC833E4A28F52C4D0028DAFA /* Auth */,
				DC54872F2900E62A005106B0 /* Movie */,
			);
			path = Repository;
			sourceTree = "<group>";
		};
		DC833E4A28F52C4D0028DAFA /* Auth */ = {
			isa = PBXGroup;
			children = (
				DC833E4B28F52C650028DAFA /* AuthRepositotyType.swift */,
				DC833E5528F52EA30028DAFA /* AuthRepository.swift */,
			);
			path = Auth;
			sourceTree = "<group>";
		};
		DC833E4D28F52C970028DAFA /* API */ = {
			isa = PBXGroup;
			children = (
				DC5487342900E6C5005106B0 /* Movie */,
				DC833E4E28F52CA10028DAFA /* Auth */,
			);
			path = API;
			sourceTree = "<group>";
		};
		DC833E4E28F52CA10028DAFA /* Auth */ = {
			isa = PBXGroup;
			children = (
				DC833E4F28F52CC40028DAFA /* AuthRequest.swift */,
				DC833E5328F52D880028DAFA /* AuthResponse.swift */,
			);
			path = Auth;
			sourceTree = "<group>";
		};
		DC833E5728F552070028DAFA /* Translator */ = {
			isa = PBXGroup;
			children = (
				DC833E5828F5521B0028DAFA /* AuthTranslator.swift */,
				DC5487392900F9A0005106B0 /* MovieTranslator.swift */,
			);
			path = Translator;
			sourceTree = "<group>";
		};
		DC833E5A28F557030028DAFA /* Model */ = {
			isa = PBXGroup;
			children = (
				DC54870E28FE5425005106B0 /* DrawerMenuScreen.swift */,
				DC5487402901053D005106B0 /* Page.swift */,
				DC6E41A828B8B6CE00429771 /* CommonError.swift */,
				DC833E5B28F557170028DAFA /* Credential.swift */,
				DC6E40D128B8638700429771 /* CredentialObject.swift */,
				DC54872628FF90AE005106B0 /* Movie.swift */,
				DCA7DA7C28DD54680013996C /* ReamlError.swift */,
				DCA7DA7A28DD52B00013996C /* NetworkError.swift */,
			);
			path = Model;
			sourceTree = "<group>";
		};
		DC85BC1028BCB96F00187748 /* PersistantStorage */ = {
			isa = PBXGroup;
			children = (
				DCB246F028CB1BB000873CF2 /* PersistantStorage.swift */,
				DC85BC1B28BCBDAE00187748 /* RealmPersistantStorage.swift */,
			);
			path = PersistantStorage;
			sourceTree = "<group>";
		};
		DC88488328EFE7A9006698A1 /* Logger */ = {
			isa = PBXGroup;
			children = (
				DC88488428EFE7B7006698A1 /* Logger.swift */,
			);
			path = Logger;
			sourceTree = "<group>";
		};
		DCA086FB2907D51D0091BF79 /* Factories */ = {
			isa = PBXGroup;
			children = (
				DCA086FC2907D5310091BF79 /* NavigationItemFactory.swift */,
			);
			path = Factories;
			sourceTree = "<group>";
		};
		DCA7DA7328DC0D370013996C /* Base */ = {
			isa = PBXGroup;
			children = (
				DC833E4028F3F5C90028DAFA /* ViewModelType.swift */,
				DCA7DA7428DC0D410013996C /* BaseViewModel.swift */,
				DCA7DA7628DC52B70013996C /* BaseViewController.swift */,
				DC54872828FFF6EB005106B0 /* RickViewController.swift */,
			);
			path = Base;
			sourceTree = "<group>";
		};
		DCAE4C3628D06C7100301B2C /* ErrorTracker */ = {
			isa = PBXGroup;
			children = (
				DCAE4C3728D06C8100301B2C /* ErrorTracker.swift */,
			);
			path = ErrorTracker;
			sourceTree = "<group>";
		};
		DCAE4C3928D0777800301B2C /* ActivityIndicator */ = {
			isa = PBXGroup;
			children = (
				DCAE4C3A28D0779300301B2C /* ActivityIndicator.swift */,
			);
			path = ActivityIndicator;
			sourceTree = "<group>";
		};
		DCB246EC28CB19C800873CF2 /* Utilities */ = {
			isa = PBXGroup;
			children = (
				DCAE4C3928D0777800301B2C /* ActivityIndicator */,
				DCAE4C3628D06C7100301B2C /* ErrorTracker */,
				DCB246ED28CB19D300873CF2 /* Extension */,
			);
			path = Utilities;
			sourceTree = "<group>";
		};
		DCB246ED28CB19D300873CF2 /* Extension */ = {
			isa = PBXGroup;
			children = (
				DCB246EE28CB19E800873CF2 /* RxSwift+Ex.swift */,
				DC18B4D7290E77F000CA9C6B /* UITableView+Ex.swift */,
				DC18B4D9290E781300CA9C6B /* UICollectionView+Ex.swift */,
				DC18B4C8290BDB6100CA9C6B /* HasDisposedBag.swift */,
				DC833E5D28F567580028DAFA /* Optional+Ex.swift */,
				DC833E6428F56CE50028DAFA /* NSObject+Ex.swift */,
				DCD7857C28F65CBE008E36B2 /* UIViewControler+Rx.swift */,
				DC18B4E2290F7C7700CA9C6B /* UICollectionViewCell+Ex.swift */,
			);
			path = Extension;
			sourceTree = "<group>";
		};
		DCCFEC8828BC5CC800019DBB /* Credential */ = {
			isa = PBXGroup;
			children = (
				DCCFEC8928BC5CED00019DBB /* CredentialRespostitory.swift */,
				DCCFEC9C28BCA55000019DBB /* CredentialLocalDataSource.swift */,
				DCCFEC9A28BCA54200019DBB /* CredentialRemoteDataSource.swift */,
			);
			path = Credential;
			sourceTree = "<group>";
		};
		DCCFEC8D28BC65A900019DBB /* Networking */ = {
			isa = PBXGroup;
			children = (
				DCCFEC8E28BC661600019DBB /* API.swift */,
				DC54874D290139FC005106B0 /* ApiLogPlugin.swift */,
				DCCFEC9128BC67DB00019DBB /* Networking.swift */,
			);
			path = Networking;
			sourceTree = "<group>";
		};
/* End PBXGroup section */

/* Begin PBXNativeTarget section */
		DC6E407D28B75CAD00429771 /* TheMovieDBSwift */ = {
			isa = PBXNativeTarget;
			buildConfigurationList = DC6E40A828B75CAE00429771 /* Build configuration list for PBXNativeTarget "TheMovieDBSwift" */;
			buildPhases = (
				BDB5D26845CD6C68EBD1FF13 /* [CP] Check Pods Manifest.lock */,
				DC18B45F290A2F5E00CA9C6B /* ShellScript */,
				DC6E407A28B75CAD00429771 /* Sources */,
				DC6E407B28B75CAD00429771 /* Frameworks */,
				DC6E407C28B75CAD00429771 /* Resources */,
				DC6E41AC28B8BE1A00429771 /* Embed Frameworks */,
				8C5A8C6B274C15ED48F3DEE3 /* [CP] Embed Pods Frameworks */,
				DC18B4C5290BC7D600CA9C6B /* ShellScript */,
			);
			buildRules = (
			);
			dependencies = (
			);
			name = TheMovieDBSwift;
			packageProductDependencies = (
			);
			productName = TheMovieDBSwift;
			productReference = DC6E407E28B75CAD00429771 /* TheMovieDBSwift.app */;
			productType = "com.apple.product-type.application";
		};
/* End PBXNativeTarget section */

/* Begin PBXProject section */
		DC6E407628B75CAD00429771 /* Project object */ = {
			isa = PBXProject;
			attributes = {
				BuildIndependentTargetsInParallel = 1;
				LastSwiftUpdateCheck = 1340;
				LastUpgradeCheck = 1340;
				TargetAttributes = {
					DC6E407D28B75CAD00429771 = {
						CreatedOnToolsVersion = 13.4.1;
					};
				};
			};
			buildConfigurationList = DC6E407928B75CAD00429771 /* Build configuration list for PBXProject "TheMovieDBSwift" */;
			compatibilityVersion = "Xcode 13.0";
			developmentRegion = en;
			hasScannedForEncodings = 0;
			knownRegions = (
				en,
				Base,
				ja,
			);
			mainGroup = DC6E407528B75CAD00429771;
			packageReferences = (
			);
			productRefGroup = DC6E407F28B75CAD00429771 /* Products */;
			projectDirPath = "";
			projectRoot = "";
			targets = (
				DC6E407D28B75CAD00429771 /* TheMovieDBSwift */,
			);
		};
/* End PBXProject section */

/* Begin PBXResourcesBuildPhase section */
		DC6E407C28B75CAD00429771 /* Resources */ = {
			isa = PBXResourcesBuildPhase;
			buildActionMask = 2147483647;
			files = (
				DC6E41B728B8C7BE00429771 /* Launch Screen.storyboard in Resources */,
				DC54871A28FEAA48005106B0 /* DrawerMenuCell.xib in Resources */,
				DC6E413D28B8638800429771 /* Localizable.strings in Resources */,
				DC54871F28FF8FC5005106B0 /* DashboardViewController.xib in Resources */,
				DC54871528FEA6EB005106B0 /* DrawerMenuViewController.xib in Resources */,
				DC18B4D6290E700B00CA9C6B /* CircleView.xib in Resources */,
				DC6E413F28B8638800429771 /* Assets.xcassets in Resources */,
				DC18B4D1290E6FAC00CA9C6B /* MovieCell.xib in Resources */,
				DC5487492901084A005106B0 /* MovieTableCell.xib in Resources */,
				DC18B4BD290BB15B00CA9C6B /* Colors.xcassets in Resources */,
				DC6E419528B8862F00429771 /* LoginViewController.xib in Resources */,
				DC548745290107B4005106B0 /* MovieListViewController.xib in Resources */,
				DC18B4C7290BC98600CA9C6B /* .swiftlint.yml in Resources */,
			);
			runOnlyForDeploymentPostprocessing = 0;
		};
/* End PBXResourcesBuildPhase section */

/* Begin PBXShellScriptBuildPhase section */
		8C5A8C6B274C15ED48F3DEE3 /* [CP] Embed Pods Frameworks */ = {
			isa = PBXShellScriptBuildPhase;
			buildActionMask = 2147483647;
			files = (
			);
			inputFileListPaths = (
				"${PODS_ROOT}/Target Support Files/Pods-TheMovieDBSwift/Pods-TheMovieDBSwift-frameworks-${CONFIGURATION}-input-files.xcfilelist",
			);
			name = "[CP] Embed Pods Frameworks";
			outputFileListPaths = (
				"${PODS_ROOT}/Target Support Files/Pods-TheMovieDBSwift/Pods-TheMovieDBSwift-frameworks-${CONFIGURATION}-output-files.xcfilelist",
			);
			runOnlyForDeploymentPostprocessing = 0;
			shellPath = /bin/sh;
			shellScript = "\"${PODS_ROOT}/Target Support Files/Pods-TheMovieDBSwift/Pods-TheMovieDBSwift-frameworks.sh\"\n";
			showEnvVarsInLog = 0;
		};
		BDB5D26845CD6C68EBD1FF13 /* [CP] Check Pods Manifest.lock */ = {
			isa = PBXShellScriptBuildPhase;
			buildActionMask = 2147483647;
			files = (
			);
			inputFileListPaths = (
			);
			inputPaths = (
				"${PODS_PODFILE_DIR_PATH}/Podfile.lock",
				"${PODS_ROOT}/Manifest.lock",
			);
			name = "[CP] Check Pods Manifest.lock";
			outputFileListPaths = (
			);
			outputPaths = (
				"$(DERIVED_FILE_DIR)/Pods-TheMovieDBSwift-checkManifestLockResult.txt",
			);
			runOnlyForDeploymentPostprocessing = 0;
			shellPath = /bin/sh;
			shellScript = "diff \"${PODS_PODFILE_DIR_PATH}/Podfile.lock\" \"${PODS_ROOT}/Manifest.lock\" > /dev/null\nif [ $? != 0 ] ; then\n    # print error to STDERR\n    echo \"error: The sandbox is not in sync with the Podfile.lock. Run 'pod install' or update your CocoaPods installation.\" >&2\n    exit 1\nfi\n# This output is used by Xcode 'outputs' to avoid re-running this script phase.\necho \"SUCCESS\" > \"${SCRIPT_OUTPUT_FILE_0}\"\n";
			showEnvVarsInLog = 0;
		};
		DC18B45F290A2F5E00CA9C6B /* ShellScript */ = {
			isa = PBXShellScriptBuildPhase;
			alwaysOutOfDate = 1;
			buildActionMask = 2147483647;
			files = (
			);
			inputFileListPaths = (
			);
			inputPaths = (
			);
			outputFileListPaths = (
			);
			outputPaths = (
				$SRCROOT/R.generated.swift,
			);
			runOnlyForDeploymentPostprocessing = 0;
			shellPath = /bin/sh;
			shellScript = "\"$PODS_ROOT/R.swift/rswift\" generate \"$SRCROOT/R.generated.swift\"\n";
		};
		DC18B4C5290BC7D600CA9C6B /* ShellScript */ = {
			isa = PBXShellScriptBuildPhase;
			buildActionMask = 2147483647;
			files = (
			);
			inputFileListPaths = (
			);
			inputPaths = (
			);
			outputFileListPaths = (
			);
			outputPaths = (
			);
			runOnlyForDeploymentPostprocessing = 0;
			shellPath = /bin/sh;
			shellScript = "# Type a script or drag a script file from your workspace to insert its path.\n${PODS_ROOT}/SwiftLint/swiftlint\n";
		};
/* End PBXShellScriptBuildPhase section */

/* Begin PBXSourcesBuildPhase section */
		DC6E407A28B75CAD00429771 /* Sources */ = {
			isa = PBXSourcesBuildPhase;
			buildActionMask = 2147483647;
			files = (
				DC6E415228B8638800429771 /* AppDelegate.swift in Sources */,
				DC54872528FF8FFE005106B0 /* DashboardViewModelType.swift in Sources */,
				DC54871E28FF8FC5005106B0 /* DashboardViewController.swift in Sources */,
				DC88488528EFE7B7006698A1 /* Logger.swift in Sources */,
				DC18B4C9290BDB6100CA9C6B /* HasDisposedBag.swift in Sources */,
				DC54872928FFF6EB005106B0 /* RickViewController.swift in Sources */,
				DC54870128FE45F9005106B0 /* CoordinatorType.swift in Sources */,
				DCB246EB28CB17D400873CF2 /* AuthUseCase.swift in Sources */,
				DC54874E290139FC005106B0 /* ApiLogPlugin.swift in Sources */,
				DCCFEC9B28BCA54200019DBB /* CredentialRemoteDataSource.swift in Sources */,
				DC833E6528F56CE50028DAFA /* NSObject+Ex.swift in Sources */,
				DC54871928FEAA48005106B0 /* DrawerMenuCell.swift in Sources */,
				DC833E5928F5521B0028DAFA /* AuthTranslator.swift in Sources */,
				DC548744290107B4005106B0 /* MovieListViewController.swift in Sources */,
				DC6E417028B8638800429771 /* LoginViewModel.swift in Sources */,
				DC54873D2900FD91005106B0 /* MovieUseCaseType.swift in Sources */,
				DC54873A2900F9A0005106B0 /* MovieTranslator.swift in Sources */,
				DC54873F2900FD9C005106B0 /* MovieUseCase.swift in Sources */,
				DC54871128FE9972005106B0 /* NavigationViewModelType.swift in Sources */,
				DCAE4C3B28D0779300301B2C /* ActivityIndicator.swift in Sources */,
				DCCFEC8A28BC5CED00019DBB /* CredentialRespostitory.swift in Sources */,
				DCA7DA7728DC52B70013996C /* BaseViewController.swift in Sources */,
				DC18B4E1290F6D9300CA9C6B /* ImageLoader.swift in Sources */,
				DC6E41A728B8B51B00429771 /* AuthUseCaseType.swift in Sources */,
				DC18B4D0290E6FAC00CA9C6B /* MovieCell.swift in Sources */,
				DCCFEC9228BC67DB00019DBB /* Networking.swift in Sources */,
				DCD7857D28F65CBE008E36B2 /* UIViewControler+Rx.swift in Sources */,
				DC833E5E28F567580028DAFA /* Optional+Ex.swift in Sources */,
				DC6E41A928B8B6CE00429771 /* CommonError.swift in Sources */,
				DC54872C2900E2F6005106B0 /* MovieListViewModelType.swift in Sources */,
				DC5487362900E6DA005106B0 /* MovieRequest.swift in Sources */,
				DC833E5428F52D880028DAFA /* AuthResponse.swift in Sources */,
				DC18B4E3290F7C7700CA9C6B /* UICollectionViewCell+Ex.swift in Sources */,
				DC54872428FF8FFE005106B0 /* DashboardViewModel.swift in Sources */,
				DC18B4DC290E798800CA9C6B /* MovieDataSource.swift in Sources */,
				DC833E4128F3F5C90028DAFA /* ViewModelType.swift in Sources */,
				DC5487382900E6E5005106B0 /* MovieResponse.swift in Sources */,
				DC6E414F28B8638800429771 /* AppConfigurations.swift in Sources */,
				DC833E3F28F3D8C40028DAFA /* LoginViewModelType.swift in Sources */,
				DC85BC1C28BCBDAE00187748 /* RealmPersistantStorage.swift in Sources */,
				DC54870F28FE5425005106B0 /* DrawerMenuScreen.swift in Sources */,
				DC54872E2900E450005106B0 /* MovieListViewModel.swift in Sources */,
				DCB246EF28CB19E800873CF2 /* RxSwift+Ex.swift in Sources */,
				DC18B4D8290E77F000CA9C6B /* UITableView+Ex.swift in Sources */,
				DC18B4D4290E6FFF00CA9C6B /* CircleView.swift in Sources */,
				DC6E414528B8638800429771 /* CredentialObject.swift in Sources */,
				DC833E5C28F557170028DAFA /* Credential.swift in Sources */,
				DC6E408428B75CAD00429771 /* SceneDelegate.swift in Sources */,
				DCA7DA7B28DD52B00013996C /* NetworkError.swift in Sources */,
				DCA7DA7528DC0D410013996C /* BaseViewModel.swift in Sources */,
				DCCFEC9D28BCA55000019DBB /* CredentialLocalDataSource.swift in Sources */,
				DC18B461290A309B00CA9C6B /* R.generated.swift in Sources */,
				DC54871428FEA6EB005106B0 /* DrawerMenuViewController.swift in Sources */,
				DC28BCF028E55A15000D4FF0 /* DataSource.swift in Sources */,
				DC5487312900E644005106B0 /* MovieRepository.swift in Sources */,
				DC28BCE828E1952C000D4FF0 /* ResponseParser.swift in Sources */,
				DC833E4C28F52C650028DAFA /* AuthRepositotyType.swift in Sources */,
				DC54872128FF8FD0005106B0 /* DashboardCoordinator.swift in Sources */,
				DC6E417128B8638800429771 /* LoginViewController.swift in Sources */,
				DC18B4DA290E781300CA9C6B /* UICollectionView+Ex.swift in Sources */,
				DC6E418528B87FA000429771 /* ServiceFacade.swift in Sources */,
				DCAE4C3828D06C8100301B2C /* ErrorTracker.swift in Sources */,
				DC54874C2901269D005106B0 /* MovieListCoordinator.swift in Sources */,
				DC5487332900E660005106B0 /* MovieRepositoryType.swift in Sources */,
				DC5487482901084A005106B0 /* MovieTableCell.swift in Sources */,
				DCA086FD2907D5310091BF79 /* NavigationItemFactory.swift in Sources */,
				DCB16F0428F966E8001686C1 /* AppCoordinator.swift in Sources */,
				DC54870828FE538F005106B0 /* DrawerMenuCoordinator.swift in Sources */,
				DC28BCEE28E559DC000D4FF0 /* Respository.swift in Sources */,
				DC833E5628F52EA30028DAFA /* AuthRepository.swift in Sources */,
				DCB16F0028F96670001686C1 /* BaseCoordinator.swift in Sources */,
				DCCFEC8F28BC661600019DBB /* API.swift in Sources */,
				DCB16F0228F966CF001686C1 /* LoginCoordinator.swift in Sources */,
				DC28BCF328E55BA9000D4FF0 /* UserPreferencesStorage.swift in Sources */,
				DC54872728FF90AE005106B0 /* Movie.swift in Sources */,
				DCA7DA7D28DD54680013996C /* ReamlError.swift in Sources */,
				DC833E5028F52CC40028DAFA /* AuthRequest.swift in Sources */,
				DC5487412901053D005106B0 /* Page.swift in Sources */,
				DC833E4628F52AC50028DAFA /* ActionResult.swift in Sources */,
				DC54870928FE538F005106B0 /* NavigationViewModel.swift in Sources */,
				DCB246F128CB1BB000873CF2 /* PersistantStorage.swift in Sources */,
			);
			runOnlyForDeploymentPostprocessing = 0;
		};
/* End PBXSourcesBuildPhase section */

/* Begin PBXVariantGroup section */
		DC6E40C128B8638700429771 /* Localizable.strings */ = {
			isa = PBXVariantGroup;
			children = (
				DC6E40C228B8638700429771 /* en */,
				DC18B4BE290BBBF200CA9C6B /* ja */,
			);
			name = Localizable.strings;
			sourceTree = "<group>";
		};
/* End PBXVariantGroup section */

/* Begin XCBuildConfiguration section */
		DC6E40A628B75CAE00429771 /* Debug */ = {
			isa = XCBuildConfiguration;
			buildSettings = {
				ALWAYS_SEARCH_USER_PATHS = NO;
				CLANG_ANALYZER_LOCALIZABILITY_NONLOCALIZED = YES;
				CLANG_ANALYZER_NONNULL = YES;
				CLANG_ANALYZER_NUMBER_OBJECT_CONVERSION = YES_AGGRESSIVE;
				CLANG_CXX_LANGUAGE_STANDARD = "gnu++17";
				CLANG_ENABLE_MODULES = YES;
				CLANG_ENABLE_OBJC_ARC = YES;
				CLANG_ENABLE_OBJC_WEAK = YES;
				CLANG_WARN_BLOCK_CAPTURE_AUTORELEASING = YES;
				CLANG_WARN_BOOL_CONVERSION = YES;
				CLANG_WARN_COMMA = YES;
				CLANG_WARN_CONSTANT_CONVERSION = YES;
				CLANG_WARN_DEPRECATED_OBJC_IMPLEMENTATIONS = YES;
				CLANG_WARN_DIRECT_OBJC_ISA_USAGE = YES_ERROR;
				CLANG_WARN_DOCUMENTATION_COMMENTS = YES;
				CLANG_WARN_EMPTY_BODY = YES;
				CLANG_WARN_ENUM_CONVERSION = YES;
				CLANG_WARN_INFINITE_RECURSION = YES;
				CLANG_WARN_INT_CONVERSION = YES;
				CLANG_WARN_NON_LITERAL_NULL_CONVERSION = YES;
				CLANG_WARN_OBJC_IMPLICIT_RETAIN_SELF = YES;
				CLANG_WARN_OBJC_LITERAL_CONVERSION = YES;
				CLANG_WARN_OBJC_ROOT_CLASS = YES_ERROR;
				CLANG_WARN_QUOTED_INCLUDE_IN_FRAMEWORK_HEADER = YES;
				CLANG_WARN_RANGE_LOOP_ANALYSIS = YES;
				CLANG_WARN_STRICT_PROTOTYPES = YES;
				CLANG_WARN_SUSPICIOUS_MOVE = YES;
				CLANG_WARN_UNGUARDED_AVAILABILITY = YES_AGGRESSIVE;
				CLANG_WARN_UNREACHABLE_CODE = YES;
				CLANG_WARN__DUPLICATE_METHOD_MATCH = YES;
				COPY_PHASE_STRIP = NO;
				DEBUG_INFORMATION_FORMAT = dwarf;
				ENABLE_STRICT_OBJC_MSGSEND = YES;
				ENABLE_TESTABILITY = YES;
				GCC_C_LANGUAGE_STANDARD = gnu11;
				GCC_DYNAMIC_NO_PIC = NO;
				GCC_NO_COMMON_BLOCKS = YES;
				GCC_OPTIMIZATION_LEVEL = 0;
				GCC_PREPROCESSOR_DEFINITIONS = (
					"DEBUG=1",
					"$(inherited)",
				);
				GCC_WARN_64_TO_32_BIT_CONVERSION = YES;
				GCC_WARN_ABOUT_RETURN_TYPE = YES_ERROR;
				GCC_WARN_UNDECLARED_SELECTOR = YES;
				GCC_WARN_UNINITIALIZED_AUTOS = YES_AGGRESSIVE;
				GCC_WARN_UNUSED_FUNCTION = YES;
				GCC_WARN_UNUSED_VARIABLE = YES;
				IPHONEOS_DEPLOYMENT_TARGET = 13.0;
				MTL_ENABLE_DEBUG_INFO = INCLUDE_SOURCE;
				MTL_FAST_MATH = YES;
				ONLY_ACTIVE_ARCH = YES;
				SDKROOT = iphoneos;
				SWIFT_ACTIVE_COMPILATION_CONDITIONS = DEBUG;
				SWIFT_OPTIMIZATION_LEVEL = "-Onone";
			};
			name = Debug;
		};
		DC6E40A728B75CAE00429771 /* Release */ = {
			isa = XCBuildConfiguration;
			buildSettings = {
				ALWAYS_SEARCH_USER_PATHS = NO;
				CLANG_ANALYZER_LOCALIZABILITY_NONLOCALIZED = YES;
				CLANG_ANALYZER_NONNULL = YES;
				CLANG_ANALYZER_NUMBER_OBJECT_CONVERSION = YES_AGGRESSIVE;
				CLANG_CXX_LANGUAGE_STANDARD = "gnu++17";
				CLANG_ENABLE_MODULES = YES;
				CLANG_ENABLE_OBJC_ARC = YES;
				CLANG_ENABLE_OBJC_WEAK = YES;
				CLANG_WARN_BLOCK_CAPTURE_AUTORELEASING = YES;
				CLANG_WARN_BOOL_CONVERSION = YES;
				CLANG_WARN_COMMA = YES;
				CLANG_WARN_CONSTANT_CONVERSION = YES;
				CLANG_WARN_DEPRECATED_OBJC_IMPLEMENTATIONS = YES;
				CLANG_WARN_DIRECT_OBJC_ISA_USAGE = YES_ERROR;
				CLANG_WARN_DOCUMENTATION_COMMENTS = YES;
				CLANG_WARN_EMPTY_BODY = YES;
				CLANG_WARN_ENUM_CONVERSION = YES;
				CLANG_WARN_INFINITE_RECURSION = YES;
				CLANG_WARN_INT_CONVERSION = YES;
				CLANG_WARN_NON_LITERAL_NULL_CONVERSION = YES;
				CLANG_WARN_OBJC_IMPLICIT_RETAIN_SELF = YES;
				CLANG_WARN_OBJC_LITERAL_CONVERSION = YES;
				CLANG_WARN_OBJC_ROOT_CLASS = YES_ERROR;
				CLANG_WARN_QUOTED_INCLUDE_IN_FRAMEWORK_HEADER = YES;
				CLANG_WARN_RANGE_LOOP_ANALYSIS = YES;
				CLANG_WARN_STRICT_PROTOTYPES = YES;
				CLANG_WARN_SUSPICIOUS_MOVE = YES;
				CLANG_WARN_UNGUARDED_AVAILABILITY = YES_AGGRESSIVE;
				CLANG_WARN_UNREACHABLE_CODE = YES;
				CLANG_WARN__DUPLICATE_METHOD_MATCH = YES;
				COPY_PHASE_STRIP = NO;
				DEBUG_INFORMATION_FORMAT = "dwarf-with-dsym";
				ENABLE_NS_ASSERTIONS = NO;
				ENABLE_STRICT_OBJC_MSGSEND = YES;
				GCC_C_LANGUAGE_STANDARD = gnu11;
				GCC_NO_COMMON_BLOCKS = YES;
				GCC_WARN_64_TO_32_BIT_CONVERSION = YES;
				GCC_WARN_ABOUT_RETURN_TYPE = YES_ERROR;
				GCC_WARN_UNDECLARED_SELECTOR = YES;
				GCC_WARN_UNINITIALIZED_AUTOS = YES_AGGRESSIVE;
				GCC_WARN_UNUSED_FUNCTION = YES;
				GCC_WARN_UNUSED_VARIABLE = YES;
				IPHONEOS_DEPLOYMENT_TARGET = 13.0;
				MTL_ENABLE_DEBUG_INFO = NO;
				MTL_FAST_MATH = YES;
				SDKROOT = iphoneos;
				SWIFT_COMPILATION_MODE = wholemodule;
				SWIFT_OPTIMIZATION_LEVEL = "-O";
				VALIDATE_PRODUCT = YES;
			};
			name = Release;
		};
		DC6E40A928B75CAE00429771 /* Debug */ = {
			isa = XCBuildConfiguration;
			baseConfigurationReference = EA223B7B760B29FA7E81A720 /* Pods-TheMovieDBSwift.debug.xcconfig */;
			buildSettings = {
				API_BASE_URL = "https://api.themoviedb.org";
				API_KEY = 6c4ace606c2f60c95dc9ae547be5e4d6;
				ASSETCATALOG_COMPILER_APPICON_NAME = AppIcon;
				ASSETCATALOG_COMPILER_GLOBAL_ACCENT_COLOR_NAME = AccentColor;
				CODE_SIGN_STYLE = Automatic;
				CURRENT_PROJECT_VERSION = 1;
				DEVELOPMENT_TEAM = Q9JV89N8T3;
				ENABLE_TESTING_SEARCH_PATHS = YES;
				GENERATE_INFOPLIST_FILE = YES;
				IMAGE_BASE_URL = "http://image.tmdb.org";
				INFOPLIST_FILE = TheMovieDBSwift/Resources/Info.plist;
				INFOPLIST_KEY_CFBundleDisplayName = TMDB;
				INFOPLIST_KEY_UIApplicationSupportsIndirectInputEvents = YES;
				INFOPLIST_KEY_UILaunchStoryboardName = "Launch Screen";
				INFOPLIST_KEY_UIMainStoryboardFile = "Launch Screen";
				INFOPLIST_KEY_UIRequiredDeviceCapabilities = armv7;
				INFOPLIST_KEY_UISupportedInterfaceOrientations = "UIInterfaceOrientationPortrait UIInterfaceOrientationLandscapeLeft UIInterfaceOrientationLandscapeRight";
				INFOPLIST_KEY_UISupportedInterfaceOrientations_iPad = "UIInterfaceOrientationPortrait UIInterfaceOrientationPortraitUpsideDown UIInterfaceOrientationLandscapeLeft UIInterfaceOrientationLandscapeRight";
				INFOPLIST_KEY_UISupportedInterfaceOrientations_iPhone = "UIInterfaceOrientationPortrait UIInterfaceOrientationLandscapeLeft UIInterfaceOrientationLandscapeRight";
				LD_RUNPATH_SEARCH_PATHS = (
					"$(inherited)",
					"@executable_path/Frameworks",
				);
				MARKETING_VERSION = 1.0;
				PRODUCT_BUNDLE_IDENTIFIER = HaLinh.TheMovieDBSwift;
				PRODUCT_NAME = "$(TARGET_NAME)";
				SWIFT_EMIT_LOC_STRINGS = YES;
				SWIFT_SUPPRESS_WARNINGS = NO;
				SWIFT_TREAT_WARNINGS_AS_ERRORS = NO;
				SWIFT_VERSION = 5.0;
				TARGETED_DEVICE_FAMILY = "1,2";
			};
			name = Debug;
		};
		DC6E40AA28B75CAE00429771 /* Release */ = {
			isa = XCBuildConfiguration;
			baseConfigurationReference = A60EC7B6325425CB1BDE3881 /* Pods-TheMovieDBSwift.release.xcconfig */;
			buildSettings = {
				API_BASE_URL = "https://api.themoviedb.org";
				API_KEY = 6c4ace606c2f60c95dc9ae547be5e4d6;
				ASSETCATALOG_COMPILER_APPICON_NAME = AppIcon;
				ASSETCATALOG_COMPILER_GLOBAL_ACCENT_COLOR_NAME = AccentColor;
				CODE_SIGN_STYLE = Automatic;
				CURRENT_PROJECT_VERSION = 1;
				DEVELOPMENT_TEAM = Q9JV89N8T3;
				ENABLE_TESTING_SEARCH_PATHS = YES;
				GENERATE_INFOPLIST_FILE = YES;
				IMAGE_BASE_URL = "http://image.tmdb.org";
				INFOPLIST_FILE = TheMovieDBSwift/Resources/Info.plist;
				INFOPLIST_KEY_CFBundleDisplayName = TMDB;
				INFOPLIST_KEY_UIApplicationSupportsIndirectInputEvents = YES;
				INFOPLIST_KEY_UILaunchStoryboardName = "Launch Screen";
				INFOPLIST_KEY_UIMainStoryboardFile = "Launch Screen";
				INFOPLIST_KEY_UIRequiredDeviceCapabilities = armv7;
				INFOPLIST_KEY_UISupportedInterfaceOrientations = "UIInterfaceOrientationPortrait UIInterfaceOrientationLandscapeLeft UIInterfaceOrientationLandscapeRight";
				INFOPLIST_KEY_UISupportedInterfaceOrientations_iPad = "UIInterfaceOrientationPortrait UIInterfaceOrientationPortraitUpsideDown UIInterfaceOrientationLandscapeLeft UIInterfaceOrientationLandscapeRight";
				INFOPLIST_KEY_UISupportedInterfaceOrientations_iPhone = "UIInterfaceOrientationPortrait UIInterfaceOrientationLandscapeLeft UIInterfaceOrientationLandscapeRight";
				LD_RUNPATH_SEARCH_PATHS = (
					"$(inherited)",
					"@executable_path/Frameworks",
				);
				MARKETING_VERSION = 1.0;
				PRODUCT_BUNDLE_IDENTIFIER = HaLinh.TheMovieDBSwift;
				PRODUCT_NAME = "$(TARGET_NAME)";
				SWIFT_EMIT_LOC_STRINGS = YES;
				SWIFT_SUPPRESS_WARNINGS = NO;
				SWIFT_TREAT_WARNINGS_AS_ERRORS = NO;
				SWIFT_VERSION = 5.0;
				TARGETED_DEVICE_FAMILY = "1,2";
			};
			name = Release;
		};
/* End XCBuildConfiguration section */

/* Begin XCConfigurationList section */
		DC6E407928B75CAD00429771 /* Build configuration list for PBXProject "TheMovieDBSwift" */ = {
			isa = XCConfigurationList;
			buildConfigurations = (
				DC6E40A628B75CAE00429771 /* Debug */,
				DC6E40A728B75CAE00429771 /* Release */,
			);
			defaultConfigurationIsVisible = 0;
			defaultConfigurationName = Release;
		};
		DC6E40A828B75CAE00429771 /* Build configuration list for PBXNativeTarget "TheMovieDBSwift" */ = {
			isa = XCConfigurationList;
			buildConfigurations = (
				DC6E40A928B75CAE00429771 /* Debug */,
				DC6E40AA28B75CAE00429771 /* Release */,
			);
			defaultConfigurationIsVisible = 0;
			defaultConfigurationName = Release;
		};
/* End XCConfigurationList section */
	};
	rootObject = DC6E407628B75CAD00429771 /* Project object */;
}
