{
  "pins" : [
    {
      "identity" : "alamofire",
      "kind" : "remoteSourceControl",
      "location" : "https://github.com/Alamofire/Alamofire.git",
      "state" : {
        "revision" : "8dd85aee02e39dd280c75eef88ffdb86eed4b07b",
        "version" : "5.6.2"
      }
    },
    {
      "identity" : "moya",
      "kind" : "remoteSourceControl",
      "location" : "https://github.com/Moya/Moya.git",
      "state" : {
        "revision" : "9b906860e3c3c09032879465c471e6375829593f",
        "version" : "15.0.0"
      }
    },
    {
      "identity" : "nsobject-rx",
      "kind" : "remoteSourceControl",
      "location" : "https://github.com/RxSwiftCommunity/NSObject-Rx",
      "state" : {
        "revision" : "6134a640808db7390d3dfcb32ef5f0a12b7a644d",
        "version" : "5.2.2"
      }
    },
    {
      "identity" : "reactiveswift",
      "kind" : "remoteSourceControl",
      "location" : "https://github.com/ReactiveCocoa/ReactiveSwift.git",
      "state" : {
        "revision" : "c43bae3dac73fdd3cb906bd5a1914686ca71ed3c",
        "version" : "6.7.0"
      }
    },
    {
      "identity" : "realm-core",
      "kind" : "remoteSourceControl",
      "location" : "https://github.com/realm/realm-core",
      "state" : {
        "revision" : "6f6a0f415bd33cf2ced4467e36a47f7c84f0a1d7",
        "version" : "12.5.1"
      }
    },
    {
      "identity" : "realm-swift",
      "kind" : "remoteSourceControl",
      "location" : "https://github.com/realm/realm-swift.git",
      "state" : {
        "branch" : "master",
        "revision" : "fa1c61607f9d59f849359e6f0e8ece575b569ba3"
      }
    },
    {
      "identity" : "rxrealm",
      "kind" : "remoteSourceControl",
      "location" : "https://github.com/RxSwiftCommunity/RxRealm.git",
      "state" : {
        "branch" : "main",
        "revision" : "5431fe18e341c41b9eeb56cf68e709ba8e54d4c9"
      }
    },
    {
      "identity" : "rxswift",
      "kind" : "remoteSourceControl",
      "location" : "https://github.com/ReactiveX/RxSwift.git",
      "state" : {
        "revision" : "b4307ba0b6425c0ba4178e138799946c3da594f8",
        "version" : "6.5.0"
      }
    },
    {
      "identity" : "swifterswift",
      "kind" : "remoteSourceControl",
      "location" : "https://github.com/SwifterSwift/SwifterSwift.git",
      "state" : {
        "revision" : "933f27d8e7fa0bf8200a5d6235e0de383b801126",
        "version" : "5.3.0"
      }
    },
    {
      "identity" : "swinject",
      "kind" : "remoteSourceControl",
      "location" : "https://github.com/Swinject/Swinject.git",
      "state" : {
        "revision" : "11e65d83ba100459a41837119a8af32f182339f1",
        "version" : "2.8.2"
      }
    },
    {
      "identity" : "willow",
      "kind" : "remoteSourceControl",
      "location" : "https://github.com/Nike-Inc/Willow.git",
      "state" : {
        "revision" : "816ff0129ca61cae3d00ca82dadce7f759d29ce9",
        "version" : "6.0.0"
      }
    }
  ],
  "version" : 2
}
